
Microsoft Visual Studio Solution File, Format Version 12.00
# Visual Studio Version 16
VisualStudioVersion = 16.0.33130.400
MinimumVisualStudioVersion = 10.0.40219.1
Project("{8BC9CEB8-8B4A-11D0-8D11-00A0C91BC942}") = "Console", "Console\Console.vcxproj", "{27C2C410-8770-4D35-941C-6EA738388F43}"
EndProject
Project("{8BC9CEB8-8B4A-11D0-8D11-00A0C91BC942}") = "CrashHandling", "CrashHandling\CrashHandling.vcxproj", "{F3EEF5CD-574F-4123-8265-46418D48DBD9}"
EndProject
Project("{8BC9CEB8-8B4A-11D0-8D11-00A0C91BC942}") = "Helpers", "Helpers\Helpers.vcxproj", "{99EB66FC-797A-45FB-8932-DC1DFBEFDA9E}"
EndProject
Global
	GlobalSection(SolutionConfigurationPlatforms) = preSolution
		Debug|Any CPU = Debug|Any CPU
		Debug|ARM = Debug|ARM
		Debug|ARM64 = Debug|ARM64
		Debug|x64 = Debug|x64
		Debug|x86 = Debug|x86
		Release|Any CPU = Release|Any CPU
		Release|ARM = Release|ARM
		Release|ARM64 = Release|ARM64
		Release|x64 = Release|x64
		Release|x86 = Release|x86
	EndGlobalSection
	GlobalSection(ProjectConfigurationPlatforms) = postSolution
		{27C2C410-8770-4D35-941C-6EA738388F43}.Debug|Any CPU.ActiveCfg = Debug|Win32
		{27C2C410-8770-4D35-941C-6EA738388F43}.Debug|ARM.ActiveCfg = Debug|Win32
		{27C2C410-8770-4D35-941C-6EA738388F43}.Debug|ARM64.ActiveCfg = Debug|Win32
		{27C2C410-8770-4D35-941C-6EA738388F43}.Debug|x64.ActiveCfg = Debug|x64
		{27C2C410-8770-4D35-941C-6EA738388F43}.Debug|x64.Build.0 = Debug|x64
		{27C2C410-8770-4D35-941C-6EA738388F43}.Debug|x86.ActiveCfg = Debug|Win32
		{27C2C410-8770-4D35-941C-6EA738388F43}.Debug|x86.Build.0 = Debug|Win32
		{27C2C410-8770-4D35-941C-6EA738388F43}.Release|Any CPU.ActiveCfg = Release|Win32
		{27C2C410-8770-4D35-941C-6EA738388F43}.Release|ARM.ActiveCfg = Release|Win32
		{27C2C410-8770-4D35-941C-6EA738388F43}.Release|ARM64.ActiveCfg = Release|Win32
		{27C2C410-8770-4D35-941C-6EA738388F43}.Release|x64.ActiveCfg = Release|x64
		{27C2C410-8770-4D35-941C-6EA738388F43}.Release|x64.Build.0 = Release|x64
		{27C2C410-8770-4D35-941C-6EA738388F43}.Release|x86.ActiveCfg = Release|Win32
		{27C2C410-8770-4D35-941C-6EA738388F43}.Release|x86.Build.0 = Release|Win32
		{F3EEF5CD-574F-4123-8265-46418D48DBD9}.Debug|Any CPU.ActiveCfg = Debug|Win32
		{F3EEF5CD-574F-4123-8265-46418D48DBD9}.Debug|ARM.ActiveCfg = Debug|Win32
		{F3EEF5CD-574F-4123-8265-46418D48DBD9}.Debug|ARM64.ActiveCfg = Debug|Win32
		{F3EEF5CD-574F-4123-8265-46418D48DBD9}.Debug|x64.ActiveCfg = Debug|x64
		{F3EEF5CD-574F-4123-8265-46418D48DBD9}.Debug|x64.Build.0 = Debug|x64
		{F3EEF5CD-574F-4123-8265-46418D48DBD9}.Debug|x86.ActiveCfg = Debug|Win32
		{F3EEF5CD-574F-4123-8265-46418D48DBD9}.Debug|x86.Build.0 = Debug|Win32
		{F3EEF5CD-574F-4123-8265-46418D48DBD9}.Release|Any CPU.ActiveCfg = Release|Win32
		{F3EEF5CD-574F-4123-8265-46418D48DBD9}.Release|ARM.ActiveCfg = Release|Win32
		{F3EEF5CD-574F-4123-8265-46418D48DBD9}.Release|ARM64.ActiveCfg = Release|Win32
		{F3EEF5CD-574F-4123-8265-46418D48DBD9}.Release|x64.ActiveCfg = Release|x64
		{F3EEF5CD-574F-4123-8265-46418D48DBD9}.Release|x64.Build.0 = Release|x64
		{F3EEF5CD-574F-4123-8265-46418D48DBD9}.Release|x86.ActiveCfg = Release|Win32
		{F3EEF5CD-574F-4123-8265-46418D48DBD9}.Release|x86.Build.0 = Release|Win32
		{99EB66FC-797A-45FB-8932-DC1DFBEFDA9E}.Debug|Any CPU.ActiveCfg = Debug|Win32
		{99EB66FC-797A-45FB-8932-DC1DFBEFDA9E}.Debug|ARM.ActiveCfg = Debug|Win32
		{99EB66FC-797A-45FB-8932-DC1DFBEFDA9E}.Debug|ARM64.ActiveCfg = Debug|Win32
		{99EB66FC-797A-45FB-8932-DC1DFBEFDA9E}.Debug|x64.ActiveCfg = Debug|x64
		{99EB66FC-797A-45FB-8932-DC1DFBEFDA9E}.Debug|x64.Build.0 = Debug|x64
		{99EB66FC-797A-45FB-8932-DC1DFBEFDA9E}.Debug|x86.ActiveCfg = Debug|Win32
		{99EB66FC-797A-45FB-8932-DC1DFBEFDA9E}.Debug|x86.Build.0 = Debug|Win32
		{99EB66FC-797A-45FB-8932-DC1DFBEFDA9E}.Release|Any CPU.ActiveCfg = Release|Win32
		{99EB66FC-797A-45FB-8932-DC1DFBEFDA9E}.Release|ARM.ActiveCfg = Release|Win32
		{99EB66FC-797A-45FB-8932-DC1DFBEFDA9E}.Release|ARM64.ActiveCfg = Release|Win32
		{99EB66FC-797A-45FB-8932-DC1DFBEFDA9E}.Release|x64.ActiveCfg = Release|x64
		{99EB66FC-797A-45FB-8932-DC1DFBEFDA9E}.Release|x64.Build.0 = Release|x64
		{99EB66FC-797A-45FB-8932-DC1DFBEFDA9E}.Release|x86.ActiveCfg = Release|Win32
		{99EB66FC-797A-45FB-8932-DC1DFBEFDA9E}.Release|x86.Build.0 = Release|Win32
	EndGlobalSection
	GlobalSection(SolutionProperties) = preSolution
		HideSolutionNode = FALSE
	EndGlobalSection
	GlobalSection(ExtensibilityGlobals) = postSolution
		SolutionGuid = {075C7FB3-3B0A-437F-85D3-E13D0C7A66A3}
	EndGlobalSection
EndGlobal
