
Microsoft Visual Studio Solution File, Format Version 12.00
# Visual Studio Version 16
VisualStudioVersion = 16.0.33130.400
MinimumVisualStudioVersion = 10.0.40219.1
Project("{8BC9CEB8-8B4A-11D0-8D11-00A0C91BC942}") = "Console", "Console\Console.vcxproj", "{27C2C410-8770-4D35-941C-6EA738388F43}"
EndProject
Project("{2150E333-8FDC-42A3-9474-1A3956D46DE8}") = "TEST", "TEST", "{7F38C569-AE8E-465E-9558-BA1847A18BA0}"
EndProject
Project("{8BC9CEB8-8B4A-11D0-8D11-00A0C91BC942}") = "Temp.Static", "TEST\Temp.Static\Temp.Static.vcxproj", "{C99C2242-D38A-4E7A-925E-BDB32CF888A4}"
EndProject
Project("{8BC9CEB8-8B4A-11D0-8D11-00A0C91BC942}") = "Temp.App", "TEST\Temp.App\Temp.App.vcxproj", "{ABC6A868-347E-450D-B464-65841F44E2A4}"
EndProject
Project("{8BC9CEB8-8B4A-11D0-8D11-00A0C91BC942}") = "Temp.Dynamic", "TEST\Temp.Dynamic\Temp.Dynamic.vcxproj", "{32EA6B6C-57E5-4CD9-878B-0571653E5339}"
EndProject
Project("{2150E333-8FDC-42A3-9474-1A3956D46DE8}") = "CrossPlatform", "CrossPlatform", "{49C1B776-1447-4FF0-99EB-031F3395C698}"
EndProject
Project("{2150E333-8FDC-42A3-9474-1A3956D46DE8}") = "Container_HelloWorld", "Container_HelloWorld", "{A2732E43-CF2D-46E2-B03D-88B8A6B53B4F}"
	ProjectSection(SolutionItems) = preProject
		CrossPlatform\Container_HelloWorld\CMakeLists.txt = CrossPlatform\Container_HelloWorld\CMakeLists.txt
		CrossPlatform\Container_HelloWorld\Dockerfile = CrossPlatform\Container_HelloWorld\Dockerfile
	EndProjectSection
EndProject
Project("{8BC9CEB8-8B4A-11D0-8D11-00A0C91BC942}") = "HelloWorld", "CrossPlatform\Container_HelloWorld\HelloWorld\HelloWorld.vcxproj", "{A14125DE-7D16-4B56-A098-F01990ECB96A}"
EndProject
Project("{2150E333-8FDC-42A3-9474-1A3956D46DE8}") = "Linux", "Linux", "{F3E8FB9A-EA49-4F58-AE6B-16D0B6BBB33A}"
	ProjectSection(SolutionItems) = preProject
		CrossPlatform\Linux\CMakeLists.txt = CrossPlatform\Linux\CMakeLists.txt
	EndProjectSection
EndProject
Project("{8BC9CEB8-8B4A-11D0-8D11-00A0C91BC942}") = "Linux_Test.App", "CrossPlatform\Linux\Linux_Test.App\Linux_Test.App.vcxproj", "{159DFD5F-8BE2-49B2-A5A9-41D27FF54810}"
EndProject
Project("{8BC9CEB8-8B4A-11D0-8D11-00A0C91BC942}") = "Linux_Test.Static", "CrossPlatform\Linux\Linux_Test.Static\Linux_Test.Static.vcxproj", "{6E1A4BF5-546F-4A58-B718-A6A6F2E58395}"
EndProject
Project("{8BC9CEB8-8B4A-11D0-8D11-00A0C91BC942}") = "Linux_Test.Dynamic", "CrossPlatform\Linux\Linux_Test.Dynamic\Linux_Test.Dynamic.vcxproj", "{AF6EAF69-B1AF-4760-B593-1ECFE821B083}"
EndProject
Project("{2150E333-8FDC-42A3-9474-1A3956D46DE8}") = "Container_STUNServer", "Container_STUNServer", "{C6F6FE1A-D6D6-4D11-9A44-841B7752709F}"
EndProject
Project("{8BC9CEB8-8B4A-11D0-8D11-00A0C91BC942}") = "STUNServer", "CrossPlatform\Container_STUNServer\STUNServer\STUNServer.vcxproj", "{D6F993FD-70A6-45DF-98AD-1181978D0453}"
EndProject
Project("{2150E333-8FDC-42A3-9474-1A3956D46DE8}") = "CMake", "CMake", "{C0F6504D-7084-4971-BF68-0112DA8F1E42}"
EndProject
Project("{2150E333-8FDC-42A3-9474-1A3956D46DE8}") = "Container_HttpServer", "Container_HttpServer", "{496B828A-9E5F-4BE7-827D-19D181DE681B}"
	ProjectSection(SolutionItems) = preProject
		CrossPlatform\Container_HttpServer\CMakeLists.txt = CrossPlatform\Container_HttpServer\CMakeLists.txt
		CrossPlatform\Container_HttpServer\Dockerfile = CrossPlatform\Container_HttpServer\Dockerfile
	EndProjectSection
EndProject
Project("{2150E333-8FDC-42A3-9474-1A3956D46DE8}") = "Test", "Test", "{0B7EDE15-29F4-4A06-8673-9F1142D05F5B}"
	ProjectSection(SolutionItems) = preProject
		CrossPlatform\CMake\Test\CMakeLists.txt = CrossPlatform\CMake\Test\CMakeLists.txt
		CrossPlatform\CMake\Test\TestMain.cpp = CrossPlatform\CMake\Test\TestMain.cpp
	EndProjectSection
EndProject
Project("{2150E333-8FDC-42A3-9474-1A3956D46DE8}") = "src", "src", "{B0A9B0A9-9B16-42F3-B319-46A9B8312136}"
	ProjectSection(SolutionItems) = preProject
		CrossPlatform\Container_HttpServer\src\http_message.cc = CrossPlatform\Container_HttpServer\src\http_message.cc
		CrossPlatform\Container_HttpServer\src\http_message.h = CrossPlatform\Container_HttpServer\src\http_message.h
		CrossPlatform\Container_HttpServer\src\http_server.cc = CrossPlatform\Container_HttpServer\src\http_server.cc
		CrossPlatform\Container_HttpServer\src\http_server.h = CrossPlatform\Container_HttpServer\src\http_server.h
		CrossPlatform\Container_HttpServer\src\main.cc = CrossPlatform\Container_HttpServer\src\main.cc
		CrossPlatform\Container_HttpServer\src\uri.h = CrossPlatform\Container_HttpServer\src\uri.h
	EndProjectSection
EndProject
Project("{2150E333-8FDC-42A3-9474-1A3956D46DE8}") = "Docker", "Docker", "{216B4E5F-3B97-44B7-9CE9-6A694DF264CA}"
EndProject
Project("{2150E333-8FDC-42A3-9474-1A3956D46DE8}") = "HelloWorld", "HelloWorld", "{66DCBD32-C71E-4D19-BE8B-A2A3B05A1953}"
	ProjectSection(SolutionItems) = preProject
		CrossPlatform\Docker\HelloWorld\Dockerfile = CrossPlatform\Docker\HelloWorld\Dockerfile
	EndProjectSection
EndProject
Project("{2150E333-8FDC-42A3-9474-1A3956D46DE8}") = "StunServerMini", "StunServerMini", "{2558B5C5-A0C0-4571-914F-311B4BE92322}"
EndProject
Project("{8BC9CEB8-8B4A-11D0-8D11-00A0C91BC942}") = "StunServerMini", "CrossPlatform\StunServerMini\StunServerMini\StunServerMini.vcxproj", "{A0E357D8-BEE3-4FDB-93D7-D8D4C08CA5A0}"
EndProject
Project("{2150E333-8FDC-42A3-9474-1A3956D46DE8}") = "UtilityHelpersLib", "UtilityHelpersLib", "{C83B5A1E-54A5-468E-AC9F-E703ADC62113}"
EndProject
Project("{2150E333-8FDC-42A3-9474-1A3956D46DE8}") = "3rdParty", "3rdParty", "{7036E1AB-59ED-4A90-A85D-BCB747EED25D}"
EndProject
Project("{2150E333-8FDC-42A3-9474-1A3956D46DE8}") = "Helpers", "Helpers", "{3EE95BCE-9008-402E-8AAA-17A4F04C0759}"
EndProject
Project("{2150E333-8FDC-42A3-9474-1A3956D46DE8}") = "3rdParty_Packages_Includes", "3rdParty_Packages_Includes", "{73CF8D90-4AEA-4D9B-86DE-024FBD5CC92F}"
EndProject
Project("{8BC9CEB8-8B4A-11D0-8D11-00A0C91BC942}") = "3rdParty.Packages", "UtilityHelpersLib\3rdParty\3rdParty_Packages_Includes\3rdParty.Packages\3rdParty.Packages.vcxproj", "{BD4FF601-0E36-4E0C-91B4-56FA4626A54D}"
EndProject
Project("{8BC9CEB8-8B4A-11D0-8D11-00A0C91BC942}") = "3rdParty.Includes", "UtilityHelpersLib\3rdParty\3rdParty_Packages_Includes\3rdParty.Includes\3rdParty.Includes.vcxitems", "{63BB29A8-E9C3-4070-9E45-900FA2F2DA8A}"
EndProject
Project("{8BC9CEB8-8B4A-11D0-8D11-00A0C91BC942}") = "Boost.Includes", "UtilityHelpersLib\3rdParty\3rdParty_Packages_Includes\Boost.Includes\Boost.Includes.vcxitems", "{8E6397BF-29AE-4D5A-A7E7-87F332256BDA}"
EndProject
Project("{2150E333-8FDC-42A3-9474-1A3956D46DE8}") = "Spdlog", "Spdlog", "{E7C447A1-8AC2-4139-B9DB-8CCA5FED235B}"
EndProject
Project("{2150E333-8FDC-42A3-9474-1A3956D46DE8}") = "JsonParser", "JsonParser", "{1BF93C28-8833-435A-9620-6E327ABB1CF4}"
EndProject
Project("{2150E333-8FDC-42A3-9474-1A3956D46DE8}") = "MagicEnum", "MagicEnum", "{691FD83C-48D9-40CE-A61C-D41EC5694B1A}"
EndProject
Project("{8BC9CEB8-8B4A-11D0-8D11-00A0C91BC942}") = "JsonParser.Shared", "UtilityHelpersLib\3rdParty\JsonParser\JsonParser.Shared\JsonParser.Shared.vcxitems", "{05DACBA7-9F59-4442-A519-D32AA0373C0A}"
EndProject
Project("{8BC9CEB8-8B4A-11D0-8D11-00A0C91BC942}") = "JsonParser.Static", "UtilityHelpersLib\3rdParty\JsonParser\JsonParser.Static\JsonParser.Static.vcxproj", "{4DC532AD-A19B-4EC5-9923-990DF8F4A9AB}"
EndProject
Project("{8BC9CEB8-8B4A-11D0-8D11-00A0C91BC942}") = "MagicEnum.Shared", "UtilityHelpersLib\3rdParty\MagicEnum\MagicEnum.Shared\MagicEnum.Shared.vcxitems", "{9119A10A-D27C-4EAF-8EE9-1A3097D8C6F6}"
EndProject
Project("{8BC9CEB8-8B4A-11D0-8D11-00A0C91BC942}") = "Spdlog.Shared", "UtilityHelpersLib\3rdParty\spdlog\Spdlog.Shared\Spdlog.Shared.vcxitems", "{34A69FFA-7FAE-4DE7-BAC0-30B5730831E9}"
EndProject
Project("{8BC9CEB8-8B4A-11D0-8D11-00A0C91BC942}") = "Spdlog.Static", "UtilityHelpersLib\3rdParty\spdlog\Spdlog.Static\Spdlog.Static.vcxproj", "{4AB35171-9952-4A89-9589-8A63E8BE47E9}"
EndProject
Project("{8BC9CEB8-8B4A-11D0-8D11-00A0C91BC942}") = "ComAPI.Shared", "UtilityHelpersLib\Helpers\ComAPI.Shared\ComAPI.Shared.vcxitems", "{9AE2E2F4-5B16-4D19-9D1F-799A9E18CA69}"
EndProject
Project("{8BC9CEB8-8B4A-11D0-8D11-00A0C91BC942}") = "ComAPI", "UtilityHelpersLib\Helpers\ComAPI\ComAPI.vcxproj", "{D2F14F8E-303B-4AE6-A98B-B789CD19981D}"
EndProject
Project("{8BC9CEB8-8B4A-11D0-8D11-00A0C91BC942}") = "Helpers.Shared", "UtilityHelpersLib\Helpers\Helpers.Shared\Helpers.Shared.vcxitems", "{A3451486-AB38-4360-B752-94680B491792}"
EndProject
Project("{8BC9CEB8-8B4A-11D0-8D11-00A0C91BC942}") = "Helpers.Includes", "UtilityHelpersLib\Helpers\Helpers.Includes\Helpers.Includes.vcxitems", "{301BF8C8-F7CA-429F-8B12-DED615A64508}"
EndProject
Project("{8BC9CEB8-8B4A-11D0-8D11-00A0C91BC942}") = "Helpers.Raw", "UtilityHelpersLib\Helpers\Helpers.Raw\Helpers.Raw.vcxproj", "{298AB331-24AA-4F41-916E-2206023F8085}"
EndProject
Project("{8BC9CEB8-8B4A-11D0-8D11-00A0C91BC942}") = "Helpers", "UtilityHelpersLib\Helpers\Helpers\Helpers.vcxproj", "{A6A390C3-171D-47B9-B50C-39764BA0BD68}"
EndProject
Project("{8BC9CEB8-8B4A-11D0-8D11-00A0C91BC942}") = "Helpers.UWP", "UtilityHelpersLib\Helpers\Helpers.UWP\Helpers.UWP.vcxproj", "{1F26DD5B-02C2-4192-AC91-06BED3D214F3}"
EndProject
Global
	GlobalSection(SharedMSBuildProjectFiles) = preSolution
		UtilityHelpersLib\3rdParty\JsonParser\JsonParser.Shared\JsonParser.Shared.vcxitems*{05dacba7-9f59-4442-a519-d32aa0373c0a}*SharedItemsImports = 9
		UtilityHelpersLib\3rdParty\MagicEnum\MagicEnum.Shared\MagicEnum.Shared.vcxitems*{1f26dd5b-02c2-4192-ac91-06bed3d214f3}*SharedItemsImports = 4
		UtilityHelpersLib\3rdParty\spdlog\Spdlog.Shared\Spdlog.Shared.vcxitems*{1f26dd5b-02c2-4192-ac91-06bed3d214f3}*SharedItemsImports = 4
		UtilityHelpersLib\Helpers\ComAPI.Shared\ComAPI.Shared.vcxitems*{1f26dd5b-02c2-4192-ac91-06bed3d214f3}*SharedItemsImports = 4
		UtilityHelpersLib\Helpers\Helpers.Shared\Helpers.Shared.vcxitems*{1f26dd5b-02c2-4192-ac91-06bed3d214f3}*SharedItemsImports = 4
		UtilityHelpersLib\3rdParty\3rdParty_Packages_Includes\3rdParty.Includes\3rdParty.Includes.vcxitems*{27c2c410-8770-4d35-941c-6ea738388f43}*SharedItemsImports = 4
		UtilityHelpersLib\3rdParty\3rdParty_Packages_Includes\Boost.Includes\Boost.Includes.vcxitems*{27c2c410-8770-4d35-941c-6ea738388f43}*SharedItemsImports = 4
		UtilityHelpersLib\3rdParty\3rdParty_Packages_Includes\Boost.Includes\Boost.Includes.vcxitems*{298ab331-24aa-4f41-916e-2206023f8085}*SharedItemsImports = 4
		UtilityHelpersLib\3rdParty\MagicEnum\MagicEnum.Shared\MagicEnum.Shared.vcxitems*{298ab331-24aa-4f41-916e-2206023f8085}*SharedItemsImports = 4
		UtilityHelpersLib\Helpers\Helpers.Shared\Helpers.Shared.vcxitems*{298ab331-24aa-4f41-916e-2206023f8085}*SharedItemsImports = 4
		UtilityHelpersLib\Helpers\Helpers.Includes\Helpers.Includes.vcxitems*{301bf8c8-f7ca-429f-8b12-ded615a64508}*SharedItemsImports = 9
		UtilityHelpersLib\3rdParty\spdlog\Spdlog.Shared\Spdlog.Shared.vcxitems*{34a69ffa-7fae-4de7-bac0-30b5730831e9}*SharedItemsImports = 9
		UtilityHelpersLib\3rdParty\spdlog\Spdlog.Shared\Spdlog.Shared.vcxitems*{4ab35171-9952-4a89-9589-8a63e8be47e9}*SharedItemsImports = 4
		UtilityHelpersLib\Helpers\Helpers.Includes\Helpers.Includes.vcxitems*{4ab35171-9952-4a89-9589-8a63e8be47e9}*SharedItemsImports = 4
		UtilityHelpersLib\3rdParty\JsonParser\JsonParser.Shared\JsonParser.Shared.vcxitems*{4dc532ad-a19b-4ec5-9923-990df8f4a9ab}*SharedItemsImports = 4
		UtilityHelpersLib\3rdParty\3rdParty_Packages_Includes\3rdParty.Includes\3rdParty.Includes.vcxitems*{63bb29a8-e9c3-4070-9e45-900fa2f2da8a}*SharedItemsImports = 9
		UtilityHelpersLib\3rdParty\3rdParty_Packages_Includes\Boost.Includes\Boost.Includes.vcxitems*{8e6397bf-29ae-4d5a-a7e7-87f332256bda}*SharedItemsImports = 9
		UtilityHelpersLib\3rdParty\MagicEnum\MagicEnum.Shared\MagicEnum.Shared.vcxitems*{9119a10a-d27c-4eaf-8ee9-1a3097d8c6f6}*SharedItemsImports = 9
		UtilityHelpersLib\Helpers\ComAPI.Shared\ComAPI.Shared.vcxitems*{9ae2e2f4-5b16-4d19-9d1f-799a9e18ca69}*SharedItemsImports = 9
		UtilityHelpersLib\3rdParty\3rdParty_Packages_Includes\3rdParty.Includes\3rdParty.Includes.vcxitems*{a0e357d8-bee3-4fdb-93d7-d8d4c08ca5a0}*SharedItemsImports = 4
		UtilityHelpersLib\3rdParty\3rdParty_Packages_Includes\Boost.Includes\Boost.Includes.vcxitems*{a0e357d8-bee3-4fdb-93d7-d8d4c08ca5a0}*SharedItemsImports = 4
		UtilityHelpersLib\Helpers\Helpers.Shared\Helpers.Shared.vcxitems*{a3451486-ab38-4360-b752-94680b491792}*SharedItemsImports = 9
		UtilityHelpersLib\3rdParty\3rdParty_Packages_Includes\Boost.Includes\Boost.Includes.vcxitems*{a6a390c3-171d-47b9-b50c-39764ba0bd68}*SharedItemsImports = 4
		UtilityHelpersLib\3rdParty\MagicEnum\MagicEnum.Shared\MagicEnum.Shared.vcxitems*{a6a390c3-171d-47b9-b50c-39764ba0bd68}*SharedItemsImports = 4
		UtilityHelpersLib\Helpers\Helpers.Shared\Helpers.Shared.vcxitems*{a6a390c3-171d-47b9-b50c-39764ba0bd68}*SharedItemsImports = 4
		UtilityHelpersLib\Helpers\ComAPI.Shared\ComAPI.Shared.vcxitems*{d2f14f8e-303b-4ae6-a98b-b789cd19981d}*SharedItemsImports = 4
	EndGlobalSection
	GlobalSection(SolutionConfigurationPlatforms) = preSolution
		Debug|Any CPU = Debug|Any CPU
		Debug|ARM = Debug|ARM
		Debug|ARM64 = Debug|ARM64
		Debug|x64 = Debug|x64
		Debug|x86 = Debug|x86
		Release|Any CPU = Release|Any CPU
		Release|ARM = Release|ARM
		Release|ARM64 = Release|ARM64
		Release|x64 = Release|x64
		Release|x86 = Release|x86
	EndGlobalSection
	GlobalSection(ProjectConfigurationPlatforms) = postSolution
		{27C2C410-8770-4D35-941C-6EA738388F43}.Debug|Any CPU.ActiveCfg = Debug|Win32
		{27C2C410-8770-4D35-941C-6EA738388F43}.Debug|ARM.ActiveCfg = Debug|Win32
		{27C2C410-8770-4D35-941C-6EA738388F43}.Debug|ARM64.ActiveCfg = Debug|Win32
		{27C2C410-8770-4D35-941C-6EA738388F43}.Debug|x64.ActiveCfg = Debug|x64
		{27C2C410-8770-4D35-941C-6EA738388F43}.Debug|x64.Build.0 = Debug|x64
		{27C2C410-8770-4D35-941C-6EA738388F43}.Debug|x86.ActiveCfg = Debug|Win32
		{27C2C410-8770-4D35-941C-6EA738388F43}.Debug|x86.Build.0 = Debug|Win32
		{27C2C410-8770-4D35-941C-6EA738388F43}.Release|Any CPU.ActiveCfg = Release|Win32
		{27C2C410-8770-4D35-941C-6EA738388F43}.Release|ARM.ActiveCfg = Release|Win32
		{27C2C410-8770-4D35-941C-6EA738388F43}.Release|ARM64.ActiveCfg = Release|Win32
		{27C2C410-8770-4D35-941C-6EA738388F43}.Release|x64.ActiveCfg = Release|x64
		{27C2C410-8770-4D35-941C-6EA738388F43}.Release|x64.Build.0 = Release|x64
		{27C2C410-8770-4D35-941C-6EA738388F43}.Release|x86.ActiveCfg = Release|Win32
		{27C2C410-8770-4D35-941C-6EA738388F43}.Release|x86.Build.0 = Release|Win32
		{C99C2242-D38A-4E7A-925E-BDB32CF888A4}.Debug|Any CPU.ActiveCfg = Debug|Win32
		{C99C2242-D38A-4E7A-925E-BDB32CF888A4}.Debug|ARM.ActiveCfg = Debug|Win32
		{C99C2242-D38A-4E7A-925E-BDB32CF888A4}.Debug|ARM64.ActiveCfg = Debug|Win32
		{C99C2242-D38A-4E7A-925E-BDB32CF888A4}.Debug|x64.ActiveCfg = Debug|x64
		{C99C2242-D38A-4E7A-925E-BDB32CF888A4}.Debug|x64.Build.0 = Debug|x64
		{C99C2242-D38A-4E7A-925E-BDB32CF888A4}.Debug|x86.ActiveCfg = Debug|Win32
		{C99C2242-D38A-4E7A-925E-BDB32CF888A4}.Debug|x86.Build.0 = Debug|Win32
		{C99C2242-D38A-4E7A-925E-BDB32CF888A4}.Release|Any CPU.ActiveCfg = Release|Win32
		{C99C2242-D38A-4E7A-925E-BDB32CF888A4}.Release|ARM.ActiveCfg = Release|Win32
		{C99C2242-D38A-4E7A-925E-BDB32CF888A4}.Release|ARM64.ActiveCfg = Release|Win32
		{C99C2242-D38A-4E7A-925E-BDB32CF888A4}.Release|x64.ActiveCfg = Release|x64
		{C99C2242-D38A-4E7A-925E-BDB32CF888A4}.Release|x64.Build.0 = Release|x64
		{C99C2242-D38A-4E7A-925E-BDB32CF888A4}.Release|x86.ActiveCfg = Release|Win32
		{C99C2242-D38A-4E7A-925E-BDB32CF888A4}.Release|x86.Build.0 = Release|Win32
		{ABC6A868-347E-450D-B464-65841F44E2A4}.Debug|Any CPU.ActiveCfg = Debug|Win32
		{ABC6A868-347E-450D-B464-65841F44E2A4}.Debug|ARM.ActiveCfg = Debug|Win32
		{ABC6A868-347E-450D-B464-65841F44E2A4}.Debug|ARM64.ActiveCfg = Debug|Win32
		{ABC6A868-347E-450D-B464-65841F44E2A4}.Debug|x64.ActiveCfg = Debug|x64
		{ABC6A868-347E-450D-B464-65841F44E2A4}.Debug|x64.Build.0 = Debug|x64
		{ABC6A868-347E-450D-B464-65841F44E2A4}.Debug|x86.ActiveCfg = Debug|Win32
		{ABC6A868-347E-450D-B464-65841F44E2A4}.Debug|x86.Build.0 = Debug|Win32
		{ABC6A868-347E-450D-B464-65841F44E2A4}.Release|Any CPU.ActiveCfg = Release|Win32
		{ABC6A868-347E-450D-B464-65841F44E2A4}.Release|ARM.ActiveCfg = Release|Win32
		{ABC6A868-347E-450D-B464-65841F44E2A4}.Release|ARM64.ActiveCfg = Release|Win32
		{ABC6A868-347E-450D-B464-65841F44E2A4}.Release|x64.ActiveCfg = Release|x64
		{ABC6A868-347E-450D-B464-65841F44E2A4}.Release|x64.Build.0 = Release|x64
		{ABC6A868-347E-450D-B464-65841F44E2A4}.Release|x86.ActiveCfg = Release|Win32
		{ABC6A868-347E-450D-B464-65841F44E2A4}.Release|x86.Build.0 = Release|Win32
		{32EA6B6C-57E5-4CD9-878B-0571653E5339}.Debug|Any CPU.ActiveCfg = Debug|Win32
		{32EA6B6C-57E5-4CD9-878B-0571653E5339}.Debug|ARM.ActiveCfg = Debug|Win32
		{32EA6B6C-57E5-4CD9-878B-0571653E5339}.Debug|ARM64.ActiveCfg = Debug|Win32
		{32EA6B6C-57E5-4CD9-878B-0571653E5339}.Debug|x64.ActiveCfg = Debug|x64
		{32EA6B6C-57E5-4CD9-878B-0571653E5339}.Debug|x64.Build.0 = Debug|x64
		{32EA6B6C-57E5-4CD9-878B-0571653E5339}.Debug|x86.ActiveCfg = Debug|Win32
		{32EA6B6C-57E5-4CD9-878B-0571653E5339}.Debug|x86.Build.0 = Debug|Win32
		{32EA6B6C-57E5-4CD9-878B-0571653E5339}.Release|Any CPU.ActiveCfg = Release|Win32
		{32EA6B6C-57E5-4CD9-878B-0571653E5339}.Release|ARM.ActiveCfg = Release|Win32
		{32EA6B6C-57E5-4CD9-878B-0571653E5339}.Release|ARM64.ActiveCfg = Release|Win32
		{32EA6B6C-57E5-4CD9-878B-0571653E5339}.Release|x64.ActiveCfg = Release|x64
		{32EA6B6C-57E5-4CD9-878B-0571653E5339}.Release|x64.Build.0 = Release|x64
		{32EA6B6C-57E5-4CD9-878B-0571653E5339}.Release|x86.ActiveCfg = Release|Win32
		{32EA6B6C-57E5-4CD9-878B-0571653E5339}.Release|x86.Build.0 = Release|Win32
		{A14125DE-7D16-4B56-A098-F01990ECB96A}.Debug|Any CPU.ActiveCfg = Debug|Win32
		{A14125DE-7D16-4B56-A098-F01990ECB96A}.Debug|ARM.ActiveCfg = Debug|Win32
		{A14125DE-7D16-4B56-A098-F01990ECB96A}.Debug|ARM64.ActiveCfg = Debug|Win32
		{A14125DE-7D16-4B56-A098-F01990ECB96A}.Debug|x64.ActiveCfg = Debug|x64
		{A14125DE-7D16-4B56-A098-F01990ECB96A}.Debug|x64.Build.0 = Debug|x64
		{A14125DE-7D16-4B56-A098-F01990ECB96A}.Debug|x86.ActiveCfg = Debug|Win32
		{A14125DE-7D16-4B56-A098-F01990ECB96A}.Debug|x86.Build.0 = Debug|Win32
		{A14125DE-7D16-4B56-A098-F01990ECB96A}.Release|Any CPU.ActiveCfg = Release|Win32
		{A14125DE-7D16-4B56-A098-F01990ECB96A}.Release|ARM.ActiveCfg = Release|Win32
		{A14125DE-7D16-4B56-A098-F01990ECB96A}.Release|ARM64.ActiveCfg = Release|Win32
		{A14125DE-7D16-4B56-A098-F01990ECB96A}.Release|x64.ActiveCfg = Release|x64
		{A14125DE-7D16-4B56-A098-F01990ECB96A}.Release|x64.Build.0 = Release|x64
		{A14125DE-7D16-4B56-A098-F01990ECB96A}.Release|x86.ActiveCfg = Release|Win32
		{A14125DE-7D16-4B56-A098-F01990ECB96A}.Release|x86.Build.0 = Release|Win32
		{159DFD5F-8BE2-49B2-A5A9-41D27FF54810}.Debug|Any CPU.ActiveCfg = Debug|x86
		{159DFD5F-8BE2-49B2-A5A9-41D27FF54810}.Debug|ARM.ActiveCfg = Debug|ARM
		{159DFD5F-8BE2-49B2-A5A9-41D27FF54810}.Debug|ARM.Build.0 = Debug|ARM
		{159DFD5F-8BE2-49B2-A5A9-41D27FF54810}.Debug|ARM.Deploy.0 = Debug|ARM
		{159DFD5F-8BE2-49B2-A5A9-41D27FF54810}.Debug|ARM64.ActiveCfg = Debug|ARM64
		{159DFD5F-8BE2-49B2-A5A9-41D27FF54810}.Debug|ARM64.Build.0 = Debug|ARM64
		{159DFD5F-8BE2-49B2-A5A9-41D27FF54810}.Debug|ARM64.Deploy.0 = Debug|ARM64
		{159DFD5F-8BE2-49B2-A5A9-41D27FF54810}.Debug|x64.ActiveCfg = Debug|x64
		{159DFD5F-8BE2-49B2-A5A9-41D27FF54810}.Debug|x64.Build.0 = Debug|x64
		{159DFD5F-8BE2-49B2-A5A9-41D27FF54810}.Debug|x64.Deploy.0 = Debug|x64
		{159DFD5F-8BE2-49B2-A5A9-41D27FF54810}.Debug|x86.ActiveCfg = Debug|x86
		{159DFD5F-8BE2-49B2-A5A9-41D27FF54810}.Debug|x86.Build.0 = Debug|x86
		{159DFD5F-8BE2-49B2-A5A9-41D27FF54810}.Debug|x86.Deploy.0 = Debug|x86
		{159DFD5F-8BE2-49B2-A5A9-41D27FF54810}.Release|Any CPU.ActiveCfg = Release|x86
		{159DFD5F-8BE2-49B2-A5A9-41D27FF54810}.Release|ARM.ActiveCfg = Release|ARM
		{159DFD5F-8BE2-49B2-A5A9-41D27FF54810}.Release|ARM.Build.0 = Release|ARM
		{159DFD5F-8BE2-49B2-A5A9-41D27FF54810}.Release|ARM.Deploy.0 = Release|ARM
		{159DFD5F-8BE2-49B2-A5A9-41D27FF54810}.Release|ARM64.ActiveCfg = Release|ARM64
		{159DFD5F-8BE2-49B2-A5A9-41D27FF54810}.Release|ARM64.Build.0 = Release|ARM64
		{159DFD5F-8BE2-49B2-A5A9-41D27FF54810}.Release|ARM64.Deploy.0 = Release|ARM64
		{159DFD5F-8BE2-49B2-A5A9-41D27FF54810}.Release|x64.ActiveCfg = Release|x64
		{159DFD5F-8BE2-49B2-A5A9-41D27FF54810}.Release|x64.Build.0 = Release|x64
		{159DFD5F-8BE2-49B2-A5A9-41D27FF54810}.Release|x64.Deploy.0 = Release|x64
		{159DFD5F-8BE2-49B2-A5A9-41D27FF54810}.Release|x86.ActiveCfg = Release|x86
		{159DFD5F-8BE2-49B2-A5A9-41D27FF54810}.Release|x86.Build.0 = Release|x86
		{159DFD5F-8BE2-49B2-A5A9-41D27FF54810}.Release|x86.Deploy.0 = Release|x86
		{6E1A4BF5-546F-4A58-B718-A6A6F2E58395}.Debug|Any CPU.ActiveCfg = Debug|x86
		{6E1A4BF5-546F-4A58-B718-A6A6F2E58395}.Debug|ARM.ActiveCfg = Debug|ARM
		{6E1A4BF5-546F-4A58-B718-A6A6F2E58395}.Debug|ARM.Build.0 = Debug|ARM
		{6E1A4BF5-546F-4A58-B718-A6A6F2E58395}.Debug|ARM.Deploy.0 = Debug|ARM
		{6E1A4BF5-546F-4A58-B718-A6A6F2E58395}.Debug|ARM64.ActiveCfg = Debug|ARM64
		{6E1A4BF5-546F-4A58-B718-A6A6F2E58395}.Debug|ARM64.Build.0 = Debug|ARM64
		{6E1A4BF5-546F-4A58-B718-A6A6F2E58395}.Debug|ARM64.Deploy.0 = Debug|ARM64
		{6E1A4BF5-546F-4A58-B718-A6A6F2E58395}.Debug|x64.ActiveCfg = Debug|x64
		{6E1A4BF5-546F-4A58-B718-A6A6F2E58395}.Debug|x64.Build.0 = Debug|x64
		{6E1A4BF5-546F-4A58-B718-A6A6F2E58395}.Debug|x64.Deploy.0 = Debug|x64
		{6E1A4BF5-546F-4A58-B718-A6A6F2E58395}.Debug|x86.ActiveCfg = Debug|x86
		{6E1A4BF5-546F-4A58-B718-A6A6F2E58395}.Debug|x86.Build.0 = Debug|x86
		{6E1A4BF5-546F-4A58-B718-A6A6F2E58395}.Debug|x86.Deploy.0 = Debug|x86
		{6E1A4BF5-546F-4A58-B718-A6A6F2E58395}.Release|Any CPU.ActiveCfg = Release|x86
		{6E1A4BF5-546F-4A58-B718-A6A6F2E58395}.Release|ARM.ActiveCfg = Release|ARM
		{6E1A4BF5-546F-4A58-B718-A6A6F2E58395}.Release|ARM.Build.0 = Release|ARM
		{6E1A4BF5-546F-4A58-B718-A6A6F2E58395}.Release|ARM.Deploy.0 = Release|ARM
		{6E1A4BF5-546F-4A58-B718-A6A6F2E58395}.Release|ARM64.ActiveCfg = Release|ARM64
		{6E1A4BF5-546F-4A58-B718-A6A6F2E58395}.Release|ARM64.Build.0 = Release|ARM64
		{6E1A4BF5-546F-4A58-B718-A6A6F2E58395}.Release|ARM64.Deploy.0 = Release|ARM64
		{6E1A4BF5-546F-4A58-B718-A6A6F2E58395}.Release|x64.ActiveCfg = Release|x64
		{6E1A4BF5-546F-4A58-B718-A6A6F2E58395}.Release|x64.Build.0 = Release|x64
		{6E1A4BF5-546F-4A58-B718-A6A6F2E58395}.Release|x64.Deploy.0 = Release|x64
		{6E1A4BF5-546F-4A58-B718-A6A6F2E58395}.Release|x86.ActiveCfg = Release|x86
		{6E1A4BF5-546F-4A58-B718-A6A6F2E58395}.Release|x86.Build.0 = Release|x86
		{6E1A4BF5-546F-4A58-B718-A6A6F2E58395}.Release|x86.Deploy.0 = Release|x86
		{AF6EAF69-B1AF-4760-B593-1ECFE821B083}.Debug|Any CPU.ActiveCfg = Debug|x86
		{AF6EAF69-B1AF-4760-B593-1ECFE821B083}.Debug|ARM.ActiveCfg = Debug|ARM
		{AF6EAF69-B1AF-4760-B593-1ECFE821B083}.Debug|ARM.Build.0 = Debug|ARM
		{AF6EAF69-B1AF-4760-B593-1ECFE821B083}.Debug|ARM.Deploy.0 = Debug|ARM
		{AF6EAF69-B1AF-4760-B593-1ECFE821B083}.Debug|ARM64.ActiveCfg = Debug|ARM64
		{AF6EAF69-B1AF-4760-B593-1ECFE821B083}.Debug|ARM64.Build.0 = Debug|ARM64
		{AF6EAF69-B1AF-4760-B593-1ECFE821B083}.Debug|ARM64.Deploy.0 = Debug|ARM64
		{AF6EAF69-B1AF-4760-B593-1ECFE821B083}.Debug|x64.ActiveCfg = Debug|x64
		{AF6EAF69-B1AF-4760-B593-1ECFE821B083}.Debug|x64.Build.0 = Debug|x64
		{AF6EAF69-B1AF-4760-B593-1ECFE821B083}.Debug|x64.Deploy.0 = Debug|x64
		{AF6EAF69-B1AF-4760-B593-1ECFE821B083}.Debug|x86.ActiveCfg = Debug|x86
		{AF6EAF69-B1AF-4760-B593-1ECFE821B083}.Debug|x86.Build.0 = Debug|x86
		{AF6EAF69-B1AF-4760-B593-1ECFE821B083}.Debug|x86.Deploy.0 = Debug|x86
		{AF6EAF69-B1AF-4760-B593-1ECFE821B083}.Release|Any CPU.ActiveCfg = Release|x86
		{AF6EAF69-B1AF-4760-B593-1ECFE821B083}.Release|ARM.ActiveCfg = Release|ARM
		{AF6EAF69-B1AF-4760-B593-1ECFE821B083}.Release|ARM.Build.0 = Release|ARM
		{AF6EAF69-B1AF-4760-B593-1ECFE821B083}.Release|ARM.Deploy.0 = Release|ARM
		{AF6EAF69-B1AF-4760-B593-1ECFE821B083}.Release|ARM64.ActiveCfg = Release|ARM64
		{AF6EAF69-B1AF-4760-B593-1ECFE821B083}.Release|ARM64.Build.0 = Release|ARM64
		{AF6EAF69-B1AF-4760-B593-1ECFE821B083}.Release|ARM64.Deploy.0 = Release|ARM64
		{AF6EAF69-B1AF-4760-B593-1ECFE821B083}.Release|x64.ActiveCfg = Release|x64
		{AF6EAF69-B1AF-4760-B593-1ECFE821B083}.Release|x64.Build.0 = Release|x64
		{AF6EAF69-B1AF-4760-B593-1ECFE821B083}.Release|x64.Deploy.0 = Release|x64
		{AF6EAF69-B1AF-4760-B593-1ECFE821B083}.Release|x86.ActiveCfg = Release|x86
		{AF6EAF69-B1AF-4760-B593-1ECFE821B083}.Release|x86.Build.0 = Release|x86
		{AF6EAF69-B1AF-4760-B593-1ECFE821B083}.Release|x86.Deploy.0 = Release|x86
		{D6F993FD-70A6-45DF-98AD-1181978D0453}.Debug|Any CPU.ActiveCfg = Debug|Win32
		{D6F993FD-70A6-45DF-98AD-1181978D0453}.Debug|ARM.ActiveCfg = Debug|Win32
		{D6F993FD-70A6-45DF-98AD-1181978D0453}.Debug|ARM64.ActiveCfg = Debug|Win32
		{D6F993FD-70A6-45DF-98AD-1181978D0453}.Debug|x64.ActiveCfg = Debug|x64
		{D6F993FD-70A6-45DF-98AD-1181978D0453}.Debug|x64.Build.0 = Debug|x64
		{D6F993FD-70A6-45DF-98AD-1181978D0453}.Debug|x86.ActiveCfg = Debug|Win32
		{D6F993FD-70A6-45DF-98AD-1181978D0453}.Debug|x86.Build.0 = Debug|Win32
		{D6F993FD-70A6-45DF-98AD-1181978D0453}.Release|Any CPU.ActiveCfg = Release|Win32
		{D6F993FD-70A6-45DF-98AD-1181978D0453}.Release|ARM.ActiveCfg = Release|Win32
		{D6F993FD-70A6-45DF-98AD-1181978D0453}.Release|ARM64.ActiveCfg = Release|Win32
		{D6F993FD-70A6-45DF-98AD-1181978D0453}.Release|x64.ActiveCfg = Release|x64
		{D6F993FD-70A6-45DF-98AD-1181978D0453}.Release|x64.Build.0 = Release|x64
		{D6F993FD-70A6-45DF-98AD-1181978D0453}.Release|x86.ActiveCfg = Release|Win32
		{D6F993FD-70A6-45DF-98AD-1181978D0453}.Release|x86.Build.0 = Release|Win32
		{A0E357D8-BEE3-4FDB-93D7-D8D4C08CA5A0}.Debug|Any CPU.ActiveCfg = Debug|Win32
		{A0E357D8-BEE3-4FDB-93D7-D8D4C08CA5A0}.Debug|ARM.ActiveCfg = Debug|Win32
		{A0E357D8-BEE3-4FDB-93D7-D8D4C08CA5A0}.Debug|ARM64.ActiveCfg = Debug|Win32
		{A0E357D8-BEE3-4FDB-93D7-D8D4C08CA5A0}.Debug|x64.ActiveCfg = Debug|x64
		{A0E357D8-BEE3-4FDB-93D7-D8D4C08CA5A0}.Debug|x64.Build.0 = Debug|x64
		{A0E357D8-BEE3-4FDB-93D7-D8D4C08CA5A0}.Debug|x86.ActiveCfg = Debug|Win32
		{A0E357D8-BEE3-4FDB-93D7-D8D4C08CA5A0}.Debug|x86.Build.0 = Debug|Win32
		{A0E357D8-BEE3-4FDB-93D7-D8D4C08CA5A0}.Release|Any CPU.ActiveCfg = Release|Win32
		{A0E357D8-BEE3-4FDB-93D7-D8D4C08CA5A0}.Release|ARM.ActiveCfg = Release|Win32
		{A0E357D8-BEE3-4FDB-93D7-D8D4C08CA5A0}.Release|ARM64.ActiveCfg = Release|Win32
		{A0E357D8-BEE3-4FDB-93D7-D8D4C08CA5A0}.Release|x64.ActiveCfg = Release|x64
		{A0E357D8-BEE3-4FDB-93D7-D8D4C08CA5A0}.Release|x64.Build.0 = Release|x64
		{A0E357D8-BEE3-4FDB-93D7-D8D4C08CA5A0}.Release|x86.ActiveCfg = Release|Win32
		{A0E357D8-BEE3-4FDB-93D7-D8D4C08CA5A0}.Release|x86.Build.0 = Release|Win32
		{BD4FF601-0E36-4E0C-91B4-56FA4626A54D}.Debug|Any CPU.ActiveCfg = Debug|Win32
		{BD4FF601-0E36-4E0C-91B4-56FA4626A54D}.Debug|ARM.ActiveCfg = Debug|Win32
		{BD4FF601-0E36-4E0C-91B4-56FA4626A54D}.Debug|ARM64.ActiveCfg = Debug|Win32
		{BD4FF601-0E36-4E0C-91B4-56FA4626A54D}.Debug|x64.ActiveCfg = Debug|x64
		{BD4FF601-0E36-4E0C-91B4-56FA4626A54D}.Debug|x64.Build.0 = Debug|x64
		{BD4FF601-0E36-4E0C-91B4-56FA4626A54D}.Debug|x86.ActiveCfg = Debug|Win32
		{BD4FF601-0E36-4E0C-91B4-56FA4626A54D}.Debug|x86.Build.0 = Debug|Win32
		{BD4FF601-0E36-4E0C-91B4-56FA4626A54D}.Release|Any CPU.ActiveCfg = Release|Win32
		{BD4FF601-0E36-4E0C-91B4-56FA4626A54D}.Release|ARM.ActiveCfg = Release|Win32
		{BD4FF601-0E36-4E0C-91B4-56FA4626A54D}.Release|ARM64.ActiveCfg = Release|Win32
		{BD4FF601-0E36-4E0C-91B4-56FA4626A54D}.Release|x64.ActiveCfg = Release|x64
		{BD4FF601-0E36-4E0C-91B4-56FA4626A54D}.Release|x64.Build.0 = Release|x64
		{BD4FF601-0E36-4E0C-91B4-56FA4626A54D}.Release|x86.ActiveCfg = Release|Win32
		{BD4FF601-0E36-4E0C-91B4-56FA4626A54D}.Release|x86.Build.0 = Release|Win32
		{4DC532AD-A19B-4EC5-9923-990DF8F4A9AB}.Debug|Any CPU.ActiveCfg = Debug|Win32
		{4DC532AD-A19B-4EC5-9923-990DF8F4A9AB}.Debug|ARM.ActiveCfg = Debug|Win32
		{4DC532AD-A19B-4EC5-9923-990DF8F4A9AB}.Debug|ARM64.ActiveCfg = Debug|Win32
		{4DC532AD-A19B-4EC5-9923-990DF8F4A9AB}.Debug|x64.ActiveCfg = Debug|x64
		{4DC532AD-A19B-4EC5-9923-990DF8F4A9AB}.Debug|x64.Build.0 = Debug|x64
		{4DC532AD-A19B-4EC5-9923-990DF8F4A9AB}.Debug|x86.ActiveCfg = Debug|Win32
		{4DC532AD-A19B-4EC5-9923-990DF8F4A9AB}.Debug|x86.Build.0 = Debug|Win32
		{4DC532AD-A19B-4EC5-9923-990DF8F4A9AB}.Release|Any CPU.ActiveCfg = Release|Win32
		{4DC532AD-A19B-4EC5-9923-990DF8F4A9AB}.Release|ARM.ActiveCfg = Release|Win32
		{4DC532AD-A19B-4EC5-9923-990DF8F4A9AB}.Release|ARM64.ActiveCfg = Release|Win32
		{4DC532AD-A19B-4EC5-9923-990DF8F4A9AB}.Release|x64.ActiveCfg = Release|x64
		{4DC532AD-A19B-4EC5-9923-990DF8F4A9AB}.Release|x64.Build.0 = Release|x64
		{4DC532AD-A19B-4EC5-9923-990DF8F4A9AB}.Release|x86.ActiveCfg = Release|Win32
		{4DC532AD-A19B-4EC5-9923-990DF8F4A9AB}.Release|x86.Build.0 = Release|Win32
		{4AB35171-9952-4A89-9589-8A63E8BE47E9}.Debug|Any CPU.ActiveCfg = Debug|Win32
		{4AB35171-9952-4A89-9589-8A63E8BE47E9}.Debug|ARM.ActiveCfg = Debug|Win32
		{4AB35171-9952-4A89-9589-8A63E8BE47E9}.Debug|ARM64.ActiveCfg = Debug|Win32
		{4AB35171-9952-4A89-9589-8A63E8BE47E9}.Debug|x64.ActiveCfg = Debug|x64
		{4AB35171-9952-4A89-9589-8A63E8BE47E9}.Debug|x64.Build.0 = Debug|x64
		{4AB35171-9952-4A89-9589-8A63E8BE47E9}.Debug|x86.ActiveCfg = Debug|Win32
		{4AB35171-9952-4A89-9589-8A63E8BE47E9}.Debug|x86.Build.0 = Debug|Win32
		{4AB35171-9952-4A89-9589-8A63E8BE47E9}.Release|Any CPU.ActiveCfg = Release|Win32
		{4AB35171-9952-4A89-9589-8A63E8BE47E9}.Release|ARM.ActiveCfg = Release|Win32
		{4AB35171-9952-4A89-9589-8A63E8BE47E9}.Release|ARM64.ActiveCfg = Release|Win32
		{4AB35171-9952-4A89-9589-8A63E8BE47E9}.Release|x64.ActiveCfg = Release|x64
		{4AB35171-9952-4A89-9589-8A63E8BE47E9}.Release|x64.Build.0 = Release|x64
		{4AB35171-9952-4A89-9589-8A63E8BE47E9}.Release|x86.ActiveCfg = Release|Win32
		{4AB35171-9952-4A89-9589-8A63E8BE47E9}.Release|x86.Build.0 = Release|Win32
		{D2F14F8E-303B-4AE6-A98B-B789CD19981D}.Debug|Any CPU.ActiveCfg = Debug|Win32
		{D2F14F8E-303B-4AE6-A98B-B789CD19981D}.Debug|ARM.ActiveCfg = Debug|Win32
		{D2F14F8E-303B-4AE6-A98B-B789CD19981D}.Debug|ARM64.ActiveCfg = Debug|Win32
		{D2F14F8E-303B-4AE6-A98B-B789CD19981D}.Debug|x64.ActiveCfg = Debug|x64
		{D2F14F8E-303B-4AE6-A98B-B789CD19981D}.Debug|x64.Build.0 = Debug|x64
		{D2F14F8E-303B-4AE6-A98B-B789CD19981D}.Debug|x86.ActiveCfg = Debug|Win32
		{D2F14F8E-303B-4AE6-A98B-B789CD19981D}.Debug|x86.Build.0 = Debug|Win32
		{D2F14F8E-303B-4AE6-A98B-B789CD19981D}.Release|Any CPU.ActiveCfg = Release|Win32
		{D2F14F8E-303B-4AE6-A98B-B789CD19981D}.Release|ARM.ActiveCfg = Release|Win32
		{D2F14F8E-303B-4AE6-A98B-B789CD19981D}.Release|ARM64.ActiveCfg = Release|Win32
		{D2F14F8E-303B-4AE6-A98B-B789CD19981D}.Release|x64.ActiveCfg = Release|x64
		{D2F14F8E-303B-4AE6-A98B-B789CD19981D}.Release|x64.Build.0 = Release|x64
		{D2F14F8E-303B-4AE6-A98B-B789CD19981D}.Release|x86.ActiveCfg = Release|Win32
		{D2F14F8E-303B-4AE6-A98B-B789CD19981D}.Release|x86.Build.0 = Release|Win32
		{298AB331-24AA-4F41-916E-2206023F8085}.Debug|Any CPU.ActiveCfg = Debug|Win32
		{298AB331-24AA-4F41-916E-2206023F8085}.Debug|ARM.ActiveCfg = Debug|Win32
		{298AB331-24AA-4F41-916E-2206023F8085}.Debug|ARM64.ActiveCfg = Debug|Win32
		{298AB331-24AA-4F41-916E-2206023F8085}.Debug|x64.ActiveCfg = Debug|x64
		{298AB331-24AA-4F41-916E-2206023F8085}.Debug|x64.Build.0 = Debug|x64
		{298AB331-24AA-4F41-916E-2206023F8085}.Debug|x86.ActiveCfg = Debug|Win32
		{298AB331-24AA-4F41-916E-2206023F8085}.Debug|x86.Build.0 = Debug|Win32
		{298AB331-24AA-4F41-916E-2206023F8085}.Release|Any CPU.ActiveCfg = Release|Win32
		{298AB331-24AA-4F41-916E-2206023F8085}.Release|ARM.ActiveCfg = Release|Win32
		{298AB331-24AA-4F41-916E-2206023F8085}.Release|ARM64.ActiveCfg = Release|Win32
		{298AB331-24AA-4F41-916E-2206023F8085}.Release|x64.ActiveCfg = Release|x64
		{298AB331-24AA-4F41-916E-2206023F8085}.Release|x64.Build.0 = Release|x64
		{298AB331-24AA-4F41-916E-2206023F8085}.Release|x86.ActiveCfg = Release|Win32
		{298AB331-24AA-4F41-916E-2206023F8085}.Release|x86.Build.0 = Release|Win32
		{A6A390C3-171D-47B9-B50C-39764BA0BD68}.Debug|Any CPU.ActiveCfg = Debug|Win32
		{A6A390C3-171D-47B9-B50C-39764BA0BD68}.Debug|ARM.ActiveCfg = Debug|Win32
		{A6A390C3-171D-47B9-B50C-39764BA0BD68}.Debug|ARM64.ActiveCfg = Debug|Win32
		{A6A390C3-171D-47B9-B50C-39764BA0BD68}.Debug|x64.ActiveCfg = Debug|x64
		{A6A390C3-171D-47B9-B50C-39764BA0BD68}.Debug|x64.Build.0 = Debug|x64
		{A6A390C3-171D-47B9-B50C-39764BA0BD68}.Debug|x86.ActiveCfg = Debug|Win32
		{A6A390C3-171D-47B9-B50C-39764BA0BD68}.Debug|x86.Build.0 = Debug|Win32
		{A6A390C3-171D-47B9-B50C-39764BA0BD68}.Release|Any CPU.ActiveCfg = Release|Win32
		{A6A390C3-171D-47B9-B50C-39764BA0BD68}.Release|ARM.ActiveCfg = Release|Win32
		{A6A390C3-171D-47B9-B50C-39764BA0BD68}.Release|ARM64.ActiveCfg = Release|Win32
		{A6A390C3-171D-47B9-B50C-39764BA0BD68}.Release|x64.ActiveCfg = Release|x64
		{A6A390C3-171D-47B9-B50C-39764BA0BD68}.Release|x64.Build.0 = Release|x64
		{A6A390C3-171D-47B9-B50C-39764BA0BD68}.Release|x86.ActiveCfg = Release|Win32
		{A6A390C3-171D-47B9-B50C-39764BA0BD68}.Release|x86.Build.0 = Release|Win32
		{1F26DD5B-02C2-4192-AC91-06BED3D214F3}.Debug|Any CPU.ActiveCfg = Debug|Win32
		{1F26DD5B-02C2-4192-AC91-06BED3D214F3}.Debug|ARM.ActiveCfg = Debug|ARM
		{1F26DD5B-02C2-4192-AC91-06BED3D214F3}.Debug|ARM.Build.0 = Debug|ARM
		{1F26DD5B-02C2-4192-AC91-06BED3D214F3}.Debug|ARM64.ActiveCfg = Debug|Win32
		{1F26DD5B-02C2-4192-AC91-06BED3D214F3}.Debug|x64.ActiveCfg = Debug|x64
		{1F26DD5B-02C2-4192-AC91-06BED3D214F3}.Debug|x64.Build.0 = Debug|x64
		{1F26DD5B-02C2-4192-AC91-06BED3D214F3}.Debug|x86.ActiveCfg = Debug|Win32
		{1F26DD5B-02C2-4192-AC91-06BED3D214F3}.Debug|x86.Build.0 = Debug|Win32
		{1F26DD5B-02C2-4192-AC91-06BED3D214F3}.Release|Any CPU.ActiveCfg = Release|Win32
		{1F26DD5B-02C2-4192-AC91-06BED3D214F3}.Release|ARM.ActiveCfg = Release|ARM
		{1F26DD5B-02C2-4192-AC91-06BED3D214F3}.Release|ARM.Build.0 = Release|ARM
		{1F26DD5B-02C2-4192-AC91-06BED3D214F3}.Release|ARM64.ActiveCfg = Release|Win32
		{1F26DD5B-02C2-4192-AC91-06BED3D214F3}.Release|x64.ActiveCfg = Release|x64
		{1F26DD5B-02C2-4192-AC91-06BED3D214F3}.Release|x64.Build.0 = Release|x64
		{1F26DD5B-02C2-4192-AC91-06BED3D214F3}.Release|x86.ActiveCfg = Release|Win32
		{1F26DD5B-02C2-4192-AC91-06BED3D214F3}.Release|x86.Build.0 = Release|Win32
	EndGlobalSection
	GlobalSection(SolutionProperties) = preSolution
		HideSolutionNode = FALSE
	EndGlobalSection
	GlobalSection(NestedProjects) = preSolution
		{C99C2242-D38A-4E7A-925E-BDB32CF888A4} = {7F38C569-AE8E-465E-9558-BA1847A18BA0}
		{ABC6A868-347E-450D-B464-65841F44E2A4} = {7F38C569-AE8E-465E-9558-BA1847A18BA0}
		{32EA6B6C-57E5-4CD9-878B-0571653E5339} = {7F38C569-AE8E-465E-9558-BA1847A18BA0}
		{A2732E43-CF2D-46E2-B03D-88B8A6B53B4F} = {49C1B776-1447-4FF0-99EB-031F3395C698}
		{A14125DE-7D16-4B56-A098-F01990ECB96A} = {A2732E43-CF2D-46E2-B03D-88B8A6B53B4F}
		{F3E8FB9A-EA49-4F58-AE6B-16D0B6BBB33A} = {49C1B776-1447-4FF0-99EB-031F3395C698}
		{159DFD5F-8BE2-49B2-A5A9-41D27FF54810} = {F3E8FB9A-EA49-4F58-AE6B-16D0B6BBB33A}
		{6E1A4BF5-546F-4A58-B718-A6A6F2E58395} = {F3E8FB9A-EA49-4F58-AE6B-16D0B6BBB33A}
		{AF6EAF69-B1AF-4760-B593-1ECFE821B083} = {F3E8FB9A-EA49-4F58-AE6B-16D0B6BBB33A}
		{C6F6FE1A-D6D6-4D11-9A44-841B7752709F} = {49C1B776-1447-4FF0-99EB-031F3395C698}
		{D6F993FD-70A6-45DF-98AD-1181978D0453} = {C6F6FE1A-D6D6-4D11-9A44-841B7752709F}
		{C0F6504D-7084-4971-BF68-0112DA8F1E42} = {49C1B776-1447-4FF0-99EB-031F3395C698}
		{496B828A-9E5F-4BE7-827D-19D181DE681B} = {49C1B776-1447-4FF0-99EB-031F3395C698}
		{0B7EDE15-29F4-4A06-8673-9F1142D05F5B} = {C0F6504D-7084-4971-BF68-0112DA8F1E42}
		{B0A9B0A9-9B16-42F3-B319-46A9B8312136} = {496B828A-9E5F-4BE7-827D-19D181DE681B}
		{216B4E5F-3B97-44B7-9CE9-6A694DF264CA} = {49C1B776-1447-4FF0-99EB-031F3395C698}
		{66DCBD32-C71E-4D19-BE8B-A2A3B05A1953} = {216B4E5F-3B97-44B7-9CE9-6A694DF264CA}
		{2558B5C5-A0C0-4571-914F-311B4BE92322} = {49C1B776-1447-4FF0-99EB-031F3395C698}
		{A0E357D8-BEE3-4FDB-93D7-D8D4C08CA5A0} = {2558B5C5-A0C0-4571-914F-311B4BE92322}
		{7036E1AB-59ED-4A90-A85D-BCB747EED25D} = {C83B5A1E-54A5-468E-AC9F-E703ADC62113}
		{3EE95BCE-9008-402E-8AAA-17A4F04C0759} = {C83B5A1E-54A5-468E-AC9F-E703ADC62113}
		{73CF8D90-4AEA-4D9B-86DE-024FBD5CC92F} = {7036E1AB-59ED-4A90-A85D-BCB747EED25D}
		{BD4FF601-0E36-4E0C-91B4-56FA4626A54D} = {73CF8D90-4AEA-4D9B-86DE-024FBD5CC92F}
		{63BB29A8-E9C3-4070-9E45-900FA2F2DA8A} = {73CF8D90-4AEA-4D9B-86DE-024FBD5CC92F}
		{8E6397BF-29AE-4D5A-A7E7-87F332256BDA} = {73CF8D90-4AEA-4D9B-86DE-024FBD5CC92F}
		{E7C447A1-8AC2-4139-B9DB-8CCA5FED235B} = {7036E1AB-59ED-4A90-A85D-BCB747EED25D}
		{1BF93C28-8833-435A-9620-6E327ABB1CF4} = {7036E1AB-59ED-4A90-A85D-BCB747EED25D}
		{691FD83C-48D9-40CE-A61C-D41EC5694B1A} = {7036E1AB-59ED-4A90-A85D-BCB747EED25D}
		{05DACBA7-9F59-4442-A519-D32AA0373C0A} = {1BF93C28-8833-435A-9620-6E327ABB1CF4}
		{4DC532AD-A19B-4EC5-9923-990DF8F4A9AB} = {1BF93C28-8833-435A-9620-6E327ABB1CF4}
		{9119A10A-D27C-4EAF-8EE9-1A3097D8C6F6} = {691FD83C-48D9-40CE-A61C-D41EC5694B1A}
		{34A69FFA-7FAE-4DE7-BAC0-30B5730831E9} = {E7C447A1-8AC2-4139-B9DB-8CCA5FED235B}
		{4AB35171-9952-4A89-9589-8A63E8BE47E9} = {E7C447A1-8AC2-4139-B9DB-8CCA5FED235B}
		{9AE2E2F4-5B16-4D19-9D1F-799A9E18CA69} = {3EE95BCE-9008-402E-8AAA-17A4F04C0759}
		{D2F14F8E-303B-4AE6-A98B-B789CD19981D} = {3EE95BCE-9008-402E-8AAA-17A4F04C0759}
		{A3451486-AB38-4360-B752-94680B491792} = {3EE95BCE-9008-402E-8AAA-17A4F04C0759}
		{301BF8C8-F7CA-429F-8B12-DED615A64508} = {3EE95BCE-9008-402E-8AAA-17A4F04C0759}
		{298AB331-24AA-4F41-916E-2206023F8085} = {3EE95BCE-9008-402E-8AAA-17A4F04C0759}
		{A6A390C3-171D-47B9-B50C-39764BA0BD68} = {3EE95BCE-9008-402E-8AAA-17A4F04C0759}
		{1F26DD5B-02C2-4192-AC91-06BED3D214F3} = {3EE95BCE-9008-402E-8AAA-17A4F04C0759}
	EndGlobalSection
	GlobalSection(ExtensibilityGlobals) = postSolution
		SolutionGuid = {075C7FB3-3B0A-437F-85D3-E13D0C7A66A3}
	EndGlobalSection
EndGlobal
