
Microsoft Visual Studio Solution File, Format Version 12.00
# Visual Studio Version 16
VisualStudioVersion = 16.0.33130.400
MinimumVisualStudioVersion = 10.0.40219.1
Project("{8BC9CEB8-8B4A-11D0-8D11-00A0C91BC942}") = "Console", "Console\Console.vcxproj", "{27C2C410-8770-4D35-941C-6EA738388F43}"
EndProject
Project("{2150E333-8FDC-42A3-9474-1A3956D46DE8}") = "PackageProjects", "PackageProjects", "{BFE1321A-EBAC-43A0-BA09-4EEE122C9435}"
EndProject
Project("{2150E333-8FDC-42A3-9474-1A3956D46DE8}") = "UWP", "UWP", "{2716352B-DE75-4358-9741-06B89473CDB6}"
EndProject
Project("{2150E333-8FDC-42A3-9474-1A3956D46DE8}") = "Shared", "Shared", "{EE13D233-2238-409F-9A16-6EE185AE4688}"
EndProject
Project("{2150E333-8FDC-42A3-9474-1A3956D46DE8}") = "WinRT", "WinRT", "{1E340E18-FBD0-4CCA-B6C3-D58724ED3AFC}"
EndProject
Project("{2150E333-8FDC-42A3-9474-1A3956D46DE8}") = "CrashHandling", "CrashHandling", "{95924D47-4316-4FA6-ACEA-170D716DEB85}"
EndProject
Project("{8BC9CEB8-8B4A-11D0-8D11-00A0C91BC942}") = "HelpersWinRT", "Shared\HelpersWinRT\HelpersWinRT.vcxproj", "{39E544B4-2DFE-45AB-97BD-EC51DF5292EB}"
EndProject
Project("{2150E333-8FDC-42A3-9474-1A3956D46DE8}") = "Nuget", "Nuget", "{91437BA4-51FF-4EE5-847F-F14263ABEAAD}"
EndProject
Project("{8BC9CEB8-8B4A-11D0-8D11-00A0C91BC942}") = "TestNugetAPI", "Shared\TestNugetAPI\TestNugetAPI.vcxproj", "{B966D1F4-5021-4561-A271-3D57D880F29D}"
EndProject
Project("{C7167F0D-BC9F-4E6E-AFE1-012C56B48DB5}") = "PackageConsole", "PackageProjects\PackageConsole\PackageConsole.wapproj", "{0F84A470-8C7F-4D48-A328-819822EB3373}"
EndProject
Project("{8BC9CEB8-8B4A-11D0-8D11-00A0C91BC942}") = "TestNugetAPI_static", "Shared\TestNugetAPI_static\TestNugetAPI_static.vcxproj", "{87D022E5-170D-44F8-9967-B098D7C6E380}"
EndProject
Project("{2150E333-8FDC-42A3-9474-1A3956D46DE8}") = "Win32", "Win32", "{E97192C8-AF91-4345-B94C-9F6113C362DB}"
EndProject
Project("{2150E333-8FDC-42A3-9474-1A3956D46DE8}") = "Editor", "Editor", "{684F7D91-4747-4B0D-A7AC-92CD7777876F}"
EndProject
Project("{2150E333-8FDC-42A3-9474-1A3956D46DE8}") = "NugetProjects", "NugetProjects", "{D2085BC4-4AA0-4791-B2B8-0125FD3F03A0}"
EndProject
Project("{2150E333-8FDC-42A3-9474-1A3956D46DE8}") = "OtherProjects", "OtherProjects", "{7DC6D209-6543-41DD-811B-95C495A965D2}"
EndProject
Project("{8BC9CEB8-8B4A-11D0-8D11-00A0C91BC942}") = "CrashHandling", "NugetProjects\CrashHandling\Nuget\CrashHandling\CrashHandling.vcxproj", "{0CA96258-2ABC-44AA-B498-26963E237BBB}"
EndProject
Project("{FAE04EC0-301F-11D3-BF4B-00C04F79EFBC}") = "TestUWP", "NugetProjects\CrashHandling\UWP\TestUWP\TestUWP.csproj", "{95DCBD12-1B92-4B45-A144-FC78B9CDC2DB}"
EndProject
Project("{8BC9CEB8-8B4A-11D0-8D11-00A0C91BC942}") = "TestWin32", "NugetProjects\CrashHandling\Win32\TestWin32\TestWin32.vcxproj", "{50373AE8-5187-4C37-9873-B542C5317849}"
EndProject
Project("{8BC9CEB8-8B4A-11D0-8D11-00A0C91BC942}") = "WinRT_DLL", "NugetProjects\CrashHandling\WinRT\WinRT_DLL\WinRT_DLL.vcxproj", "{F33C797C-305C-4A91-BD8A-6A55536BCE1F}"
EndProject
Project("{8BC9CEB8-8B4A-11D0-8D11-00A0C91BC942}") = "XmlEditor", "OtherProjects\Editor\XmlEditor\XmlEditor.vcxproj", "{A9AE42E8-EBBB-40A4-9F9B-3C90C16174C1}"
EndProject
Project("{2150E333-8FDC-42A3-9474-1A3956D46DE8}") = "StacktraceRestorer", "StacktraceRestorer", "{A03BAD0F-DAB4-4D45-A79E-72DBBF4300D7}"
EndProject
Project("{2150E333-8FDC-42A3-9474-1A3956D46DE8}") = "Nuget", "Nuget", "{EAEA5F83-5411-4738-93FF-DCE6628F163E}"
EndProject
Project("{8BC9CEB8-8B4A-11D0-8D11-00A0C91BC942}") = "StacktraceRestorer", "NugetProjects\StacktraceRestorer\Nuget\StacktraceRestorer\StacktraceRestorer.vcxproj", "{C0A88489-716D-4A1E-9F61-FC955187EA9C}"
EndProject
Project("{2150E333-8FDC-42A3-9474-1A3956D46DE8}") = "Win32", "Win32", "{E9D1B226-F8AE-4000-8E90-088B6B45E1F3}"
EndProject
Project("{8BC9CEB8-8B4A-11D0-8D11-00A0C91BC942}") = "TestWin32", "NugetProjects\StacktraceRestorer\Win32\TestWin32\TestWin32.vcxproj", "{C4BD83FE-E3D7-46AF-8981-50818E857ADB}"
EndProject
Project("{8BC9CEB8-8B4A-11D0-8D11-00A0C91BC942}") = "MakeNuget", "NugetProjects\StacktraceRestorer\Nuget\MakeNuget\MakeNuget.vcxproj", "{18279080-46DD-49D4-8A7E-4DBCFDAAEF45}"
EndProject
Project("{8BC9CEB8-8B4A-11D0-8D11-00A0C91BC942}") = "RestoreStacktraceFromBacktrace", "NugetProjects\StacktraceRestorer\Nuget\RestoreStacktraceFromBacktrace\RestoreStacktraceFromBacktrace.vcxproj", "{0118F407-3A88-403B-B98D-B2AC3B65FE14}"
EndProject
Project("{2150E333-8FDC-42A3-9474-1A3956D46DE8}") = "WPF", "WPF", "{55938F86-DFA5-45C3-882B-619617648204}"
EndProject
Project("{FAE04EC0-301F-11D3-BF4B-00C04F79EFBC}") = "TestWPF", "NugetProjects\CrashHandling\WPF\TestWPF\TestWPF.csproj", "{49A15A73-536D-4FF1-A26A-29646B3F14B1}"
EndProject
Project("{8BC9CEB8-8B4A-11D0-8D11-00A0C91BC942}") = "LibraryCLR", "NugetProjects\CrashHandling\WPF\LibraryCLR\LibraryCLR.vcxproj", "{BD3CAB50-5275-4D1C-A6C1-83A0F84D3994}"
EndProject
Project("{8BC9CEB8-8B4A-11D0-8D11-00A0C91BC942}") = "LibraryCore", "NugetProjects\CrashHandling\WPF\LibraryCore\LibraryCore.vcxproj", "{212E059B-DEDD-422C-83B6-F56091622D9C}"
EndProject
Project("{8BC9CEB8-8B4A-11D0-8D11-00A0C91BC942}") = "MinidumpWriter", "NugetProjects\CrashHandling\Nuget\MinidumpWriter\MinidumpWriter.vcxproj", "{335DA7F5-C41E-45AA-B357-85AF9CF112D4}"
EndProject
Project("{2150E333-8FDC-42A3-9474-1A3956D46DE8}") = "AudioVideo", "AudioVideo", "{7137CBC6-1991-4FB1-B10C-912A0574523B}"
EndProject
Project("{8BC9CEB8-8B4A-11D0-8D11-00A0C91BC942}") = "VideoTranscoder", "OtherProjects\AudioVideo\VideoTranscoder\VideoTranscoder.vcxproj", "{36249BF7-2044-4E9C-AC16-E1752C67501E}"
EndProject
Project("{2150E333-8FDC-42A3-9474-1A3956D46DE8}") = "DirectX", "DirectX", "{21191DAD-4110-4C50-B3CB-A6B75A0F82EE}"
EndProject
Project("{8BC9CEB8-8B4A-11D0-8D11-00A0C91BC942}") = "DxOverlay", "DirectX\DxOverlay\DxOverlay.vcxproj", "{9A3EFCDE-7DA7-488D-949B-547D1BEECE73}"
EndProject
Project("{2150E333-8FDC-42A3-9474-1A3956D46DE8}") = "ChannelMesseger", "ChannelMesseger", "{D43B43CD-385E-432A-A52B-ACAE8AB6C8C1}"
EndProject
Project("{8BC9CEB8-8B4A-11D0-8D11-00A0C91BC942}") = "Client", "OtherProjects\ChannelMessenger\Client\Client.vcxproj", "{6CEF19EB-02DB-4B9A-93D8-9E89E662F919}"
EndProject
Project("{8BC9CEB8-8B4A-11D0-8D11-00A0C91BC942}") = "Server", "OtherProjects\ChannelMessenger\Server\Server.vcxproj", "{A1B116CE-961D-42F0-B6C7-82A64B509CAA}"
EndProject
Project("{2150E333-8FDC-42A3-9474-1A3956D46DE8}") = "WinRT", "WinRT", "{CFA2728D-AEAF-4165-A57E-F086A1F7436A}"
EndProject
Project("{FAE04EC0-301F-11D3-BF4B-00C04F79EFBC}") = "TestUWP", "WinRT\TestUWP\TestUWP.csproj", "{10975736-1648-4F00-8034-438AC2A14B4C}"
EndProject
Project("{8BC9CEB8-8B4A-11D0-8D11-00A0C91BC942}") = "WinRtLibrary", "WinRT\WinRtLibrary\WinRtLibrary.vcxproj", "{BBDDF20B-B9D8-4C05-A877-B657F5C8609A}"
EndProject
Project("{2150E333-8FDC-42A3-9474-1A3956D46DE8}") = "GDI", "GDI", "{DA34F827-AD31-4694-B418-45579A4DD77A}"
EndProject
Project("{8BC9CEB8-8B4A-11D0-8D11-00A0C91BC942}") = "SimpleDrawerGDI", "GDI\SimpleDrawerGDI\SimpleDrawerGDI.vcxproj", "{950B9F34-A87D-420D-848B-D49F306C38B9}"
EndProject
Project("{2150E333-8FDC-42A3-9474-1A3956D46DE8}") = "CV", "CV", "{6BB16409-2BA9-4B62-8B82-9911284434DF}"
EndProject
Project("{8BC9CEB8-8B4A-11D0-8D11-00A0C91BC942}") = "Tests", "CV\Tests\Tests.vcxproj", "{3094BB2A-7B86-429A-BBBC-40703DFCC725}"
EndProject
Project("{2150E333-8FDC-42A3-9474-1A3956D46DE8}") = "MSBuild", "MSBuild", "{6C50D637-A4FB-42BE-ABA8-B597AE6FC1D9}"
EndProject
Project("{8BC9CEB8-8B4A-11D0-8D11-00A0C91BC942}") = "MSBuild", "MSBuild\MSBuild\MSBuild.vcxproj", "{8AF6B6DD-1AB9-49FA-97CA-C484BBF386CA}"
EndProject
Project("{2150E333-8FDC-42A3-9474-1A3956D46DE8}") = "TEST", "TEST", "{7F38C569-AE8E-465E-9558-BA1847A18BA0}"
EndProject
Project("{2150E333-8FDC-42A3-9474-1A3956D46DE8}") = "Glog", "Glog", "{2064D9F7-2144-4153-8B22-D15632024F15}"
EndProject
Project("{8BC9CEB8-8B4A-11D0-8D11-00A0C91BC942}") = "TEST_Glog", "TEST\Glog\TEST_Glog\TEST_Glog.vcxproj", "{4B103642-46B5-4F8A-80E6-9AB30288BFC5}"
EndProject
Project("{2150E333-8FDC-42A3-9474-1A3956D46DE8}") = "Logger", "Logger", "{2C932502-3A72-4DF4-9FF4-B2CD126FF81A}"
EndProject
Project("{2150E333-8FDC-42A3-9474-1A3956D46DE8}") = "Nuget", "Nuget", "{7A8D3EAA-FA6D-44DF-B83F-43F371B6A3DF}"
EndProject
Project("{8BC9CEB8-8B4A-11D0-8D11-00A0C91BC942}") = "Logger", "NugetProjects\Logger\Nuget\Logger\Logger.vcxproj", "{428FE4E3-A954-4E5D-9759-8E0AB3C5D400}"
EndProject
Project("{2150E333-8FDC-42A3-9474-1A3956D46DE8}") = "Win32", "Win32", "{22291C52-DE7C-4D85-8C95-36BB336B4A21}"
EndProject
Project("{8BC9CEB8-8B4A-11D0-8D11-00A0C91BC942}") = "TestWin32", "NugetProjects\Logger\Win32\TestWin32\TestWin32.vcxproj", "{B2C03AD5-B9C9-4E4F-8FF4-53C634DAF936}"
EndProject
Project("{8BC9CEB8-8B4A-11D0-8D11-00A0C91BC942}") = "MakeNuget", "NugetProjects\Logger\Nuget\MakeNuget\MakeNuget.vcxproj", "{BD4FF601-0E36-4E0C-91B4-56FA4626A54D}"
EndProject
Project("{2150E333-8FDC-42A3-9474-1A3956D46DE8}") = "_TODO-1 move dx and gdi to Graphics folder", "_TODO-1 move dx and gdi to Graphics folder", "{23E875A6-FB81-45A8-8431-4274A62A0180}"
EndProject
Project("{2150E333-8FDC-42A3-9474-1A3956D46DE8}") = "Spdlog", "Spdlog", "{7415B81C-F306-4C3B-B5CB-CE73E7D4DA4E}"
EndProject
Project("{8BC9CEB8-8B4A-11D0-8D11-00A0C91BC942}") = "TEST_Spdlog", "TEST\Spdlog\TEST_Spdlog\TEST_Spdlog.vcxproj", "{0061E887-26E6-40E8-9FA6-CA2C7FC73967}"
EndProject
Project("{8BC9CEB8-8B4A-11D0-8D11-00A0C91BC942}") = "MakeNuget", "NugetProjects\CrashHandling\Nuget\MakeNuget\MakeNuget.vcxproj", "{55B9E13F-49F5-4638-BE71-800274B70AD2}"
EndProject
Project("{2150E333-8FDC-42A3-9474-1A3956D46DE8}") = "JSON", "JSON", "{FA30E71F-E442-461F-B557-A548C120D74A}"
EndProject
Project("{8BC9CEB8-8B4A-11D0-8D11-00A0C91BC942}") = "JsonMapper", "TEST\JSON\JsonMapper\JsonMapper.vcxproj", "{F5875EDA-49B8-4DDE-B297-CEE720E7D54E}"
EndProject
Project("{2150E333-8FDC-42A3-9474-1A3956D46DE8}") = "3rdParty", "3rdParty", "{2BB78300-C513-4C8C-B55C-3BD57639C26A}"
EndProject
Project("{8BC9CEB8-8B4A-11D0-8D11-00A0C91BC942}") = "MSBuild_Project_A", "MSBuild\MSBuild_Project_A\MSBuild_Project_A.vcxproj", "{C18D53A4-A516-44AF-8142-E7E001B96006}"
EndProject
Project("{8BC9CEB8-8B4A-11D0-8D11-00A0C91BC942}") = "MSBuild_Project_B", "MSBuild\MSBuild_Project_B\MSBuild_Project_B.vcxproj", "{385D99C3-1BAE-4452-A843-722C6B878740}"
EndProject
Project("{2150E333-8FDC-42A3-9474-1A3956D46DE8}") = "_TODO-2 fix Helpers and ComApi includes", "_TODO-2 fix Helpers and ComApi includes", "{CF16DE1A-1DE7-4A76-AD4C-B87B51B19599}"
EndProject
Project("{8BC9CEB8-8B4A-11D0-8D11-00A0C91BC942}") = "Helpers", "UtilityHelpersLib\Helpers\Helpers\Helpers.vcxproj", "{A6A390C3-171D-47B9-B50C-39764BA0BD68}"
EndProject
Project("{8BC9CEB8-8B4A-11D0-8D11-00A0C91BC942}") = "ComAPI", "UtilityHelpersLib\ComAPI\ComAPI.vcxproj", "{D2F14F8E-303B-4AE6-A98B-B789CD19981D}"
EndProject
Project("{8BC9CEB8-8B4A-11D0-8D11-00A0C91BC942}") = "Helpers.Shared", "UtilityHelpersLib\Helpers\Helpers.Shared\Helpers.Shared.vcxitems", "{A3451486-AB38-4360-B752-94680B491792}"
EndProject
Project("{8BC9CEB8-8B4A-11D0-8D11-00A0C91BC942}") = "JsonParser", "UtilityHelpersLib\3rdParty\JsonParser\JsonParser.vcxproj", "{40C76878-B769-483B-A825-6224B831AB06}"
EndProject
Project("{8BC9CEB8-8B4A-11D0-8D11-00A0C91BC942}") = "MagicEnum", "UtilityHelpersLib\3rdParty\MagicEnum\MagicEnum.vcxproj", "{618D9E1A-89C8-48FF-9A90-A7ED5ED2EA2C}"
EndProject
Project("{8BC9CEB8-8B4A-11D0-8D11-00A0C91BC942}") = "spdlog", "UtilityHelpersLib\3rdParty\spdlog\spdlog.vcxproj", "{4AB35171-9952-4A89-9589-8A63E8BE47E9}"
EndProject
Project("{8BC9CEB8-8B4A-11D0-8D11-00A0C91BC942}") = "Helpers.Includes", "UtilityHelpersLib\Helpers\Helpers.Includes\Helpers.Includes.vcxproj", "{0A91EB2B-8EBC-43B6-BE7B-73DF089CBFA4}"
EndProject
Project("{8BC9CEB8-8B4A-11D0-8D11-00A0C91BC942}") = "VSFilesComparer", "OtherProjects\VSFilesComparer\VSFilesComparer.vcxproj", "{7BE262DC-60B5-47D8-8986-C800F567947C}"
EndProject
Project("{8BC9CEB8-8B4A-11D0-8D11-00A0C91BC942}") = "Temp.Static", "TEST\Temp.Static\Temp.Static.vcxproj", "{C99C2242-D38A-4E7A-925E-BDB32CF888A4}"
EndProject
Project("{8BC9CEB8-8B4A-11D0-8D11-00A0C91BC942}") = "Temp.App", "TEST\Temp.App\Temp.App.vcxproj", "{ABC6A868-347E-450D-B464-65841F44E2A4}"
EndProject
Project("{8BC9CEB8-8B4A-11D0-8D11-00A0C91BC942}") = "Temp.Dynamic", "TEST\Temp.Dynamic\Temp.Dynamic.vcxproj", "{32EA6B6C-57E5-4CD9-878B-0571653E5339}"
EndProject
Global
	GlobalSection(SharedMSBuildProjectFiles) = preSolution
		UtilityHelpersLib\Helpers\Helpers.Shared\Helpers.Shared.vcxitems*{a3451486-ab38-4360-b752-94680b491792}*SharedItemsImports = 9
		UtilityHelpersLib\Helpers\Helpers.Shared\Helpers.Shared.vcxitems*{a6a390c3-171d-47b9-b50c-39764ba0bd68}*SharedItemsImports = 4
	EndGlobalSection
	GlobalSection(SolutionConfigurationPlatforms) = preSolution
		Debug|Any CPU = Debug|Any CPU
		Debug|ARM = Debug|ARM
		Debug|ARM64 = Debug|ARM64
		Debug|x64 = Debug|x64
		Debug|x86 = Debug|x86
		Release|Any CPU = Release|Any CPU
		Release|ARM = Release|ARM
		Release|ARM64 = Release|ARM64
		Release|x64 = Release|x64
		Release|x86 = Release|x86
	EndGlobalSection
	GlobalSection(ProjectConfigurationPlatforms) = postSolution
		{27C2C410-8770-4D35-941C-6EA738388F43}.Debug|Any CPU.ActiveCfg = Debug|Win32
		{27C2C410-8770-4D35-941C-6EA738388F43}.Debug|ARM.ActiveCfg = Debug|Win32
		{27C2C410-8770-4D35-941C-6EA738388F43}.Debug|ARM64.ActiveCfg = Debug|Win32
		{27C2C410-8770-4D35-941C-6EA738388F43}.Debug|x64.ActiveCfg = Debug|x64
		{27C2C410-8770-4D35-941C-6EA738388F43}.Debug|x64.Build.0 = Debug|x64
		{27C2C410-8770-4D35-941C-6EA738388F43}.Debug|x86.ActiveCfg = Debug|Win32
		{27C2C410-8770-4D35-941C-6EA738388F43}.Debug|x86.Build.0 = Debug|Win32
		{27C2C410-8770-4D35-941C-6EA738388F43}.Release|Any CPU.ActiveCfg = Release|Win32
		{27C2C410-8770-4D35-941C-6EA738388F43}.Release|ARM.ActiveCfg = Release|Win32
		{27C2C410-8770-4D35-941C-6EA738388F43}.Release|ARM64.ActiveCfg = Release|Win32
		{27C2C410-8770-4D35-941C-6EA738388F43}.Release|x64.ActiveCfg = Release|x64
		{27C2C410-8770-4D35-941C-6EA738388F43}.Release|x64.Build.0 = Release|x64
		{27C2C410-8770-4D35-941C-6EA738388F43}.Release|x86.ActiveCfg = Release|Win32
		{27C2C410-8770-4D35-941C-6EA738388F43}.Release|x86.Build.0 = Release|Win32
		{39E544B4-2DFE-45AB-97BD-EC51DF5292EB}.Debug|Any CPU.ActiveCfg = Debug|Win32
		{39E544B4-2DFE-45AB-97BD-EC51DF5292EB}.Debug|ARM.ActiveCfg = Debug|ARM
		{39E544B4-2DFE-45AB-97BD-EC51DF5292EB}.Debug|ARM.Build.0 = Debug|ARM
		{39E544B4-2DFE-45AB-97BD-EC51DF5292EB}.Debug|ARM64.ActiveCfg = Debug|ARM64
		{39E544B4-2DFE-45AB-97BD-EC51DF5292EB}.Debug|ARM64.Build.0 = Debug|ARM64
		{39E544B4-2DFE-45AB-97BD-EC51DF5292EB}.Debug|x64.ActiveCfg = Debug|x64
		{39E544B4-2DFE-45AB-97BD-EC51DF5292EB}.Debug|x64.Build.0 = Debug|x64
		{39E544B4-2DFE-45AB-97BD-EC51DF5292EB}.Debug|x86.ActiveCfg = Debug|Win32
		{39E544B4-2DFE-45AB-97BD-EC51DF5292EB}.Debug|x86.Build.0 = Debug|Win32
		{39E544B4-2DFE-45AB-97BD-EC51DF5292EB}.Release|Any CPU.ActiveCfg = Release|Win32
		{39E544B4-2DFE-45AB-97BD-EC51DF5292EB}.Release|ARM.ActiveCfg = Release|ARM
		{39E544B4-2DFE-45AB-97BD-EC51DF5292EB}.Release|ARM.Build.0 = Release|ARM
		{39E544B4-2DFE-45AB-97BD-EC51DF5292EB}.Release|ARM64.ActiveCfg = Release|ARM64
		{39E544B4-2DFE-45AB-97BD-EC51DF5292EB}.Release|ARM64.Build.0 = Release|ARM64
		{39E544B4-2DFE-45AB-97BD-EC51DF5292EB}.Release|x64.ActiveCfg = Release|x64
		{39E544B4-2DFE-45AB-97BD-EC51DF5292EB}.Release|x64.Build.0 = Release|x64
		{39E544B4-2DFE-45AB-97BD-EC51DF5292EB}.Release|x86.ActiveCfg = Release|Win32
		{39E544B4-2DFE-45AB-97BD-EC51DF5292EB}.Release|x86.Build.0 = Release|Win32
		{B966D1F4-5021-4561-A271-3D57D880F29D}.Debug|Any CPU.ActiveCfg = Debug|Win32
		{B966D1F4-5021-4561-A271-3D57D880F29D}.Debug|ARM.ActiveCfg = Debug|Win32
		{B966D1F4-5021-4561-A271-3D57D880F29D}.Debug|ARM64.ActiveCfg = Debug|Win32
		{B966D1F4-5021-4561-A271-3D57D880F29D}.Debug|x64.ActiveCfg = Debug|x64
		{B966D1F4-5021-4561-A271-3D57D880F29D}.Debug|x64.Build.0 = Debug|x64
		{B966D1F4-5021-4561-A271-3D57D880F29D}.Debug|x86.ActiveCfg = Debug|Win32
		{B966D1F4-5021-4561-A271-3D57D880F29D}.Debug|x86.Build.0 = Debug|Win32
		{B966D1F4-5021-4561-A271-3D57D880F29D}.Release|Any CPU.ActiveCfg = Release|Win32
		{B966D1F4-5021-4561-A271-3D57D880F29D}.Release|ARM.ActiveCfg = Release|Win32
		{B966D1F4-5021-4561-A271-3D57D880F29D}.Release|ARM64.ActiveCfg = Release|Win32
		{B966D1F4-5021-4561-A271-3D57D880F29D}.Release|x64.ActiveCfg = Release|x64
		{B966D1F4-5021-4561-A271-3D57D880F29D}.Release|x64.Build.0 = Release|x64
		{B966D1F4-5021-4561-A271-3D57D880F29D}.Release|x86.ActiveCfg = Release|Win32
		{B966D1F4-5021-4561-A271-3D57D880F29D}.Release|x86.Build.0 = Release|Win32
		{0F84A470-8C7F-4D48-A328-819822EB3373}.Debug|Any CPU.ActiveCfg = Debug|Any CPU
		{0F84A470-8C7F-4D48-A328-819822EB3373}.Debug|Any CPU.Build.0 = Debug|Any CPU
		{0F84A470-8C7F-4D48-A328-819822EB3373}.Debug|Any CPU.Deploy.0 = Debug|Any CPU
		{0F84A470-8C7F-4D48-A328-819822EB3373}.Debug|ARM.ActiveCfg = Debug|ARM
		{0F84A470-8C7F-4D48-A328-819822EB3373}.Debug|ARM.Build.0 = Debug|ARM
		{0F84A470-8C7F-4D48-A328-819822EB3373}.Debug|ARM.Deploy.0 = Debug|ARM
		{0F84A470-8C7F-4D48-A328-819822EB3373}.Debug|ARM64.ActiveCfg = Debug|ARM64
		{0F84A470-8C7F-4D48-A328-819822EB3373}.Debug|ARM64.Build.0 = Debug|ARM64
		{0F84A470-8C7F-4D48-A328-819822EB3373}.Debug|ARM64.Deploy.0 = Debug|ARM64
		{0F84A470-8C7F-4D48-A328-819822EB3373}.Debug|x64.ActiveCfg = Debug|x64
		{0F84A470-8C7F-4D48-A328-819822EB3373}.Debug|x64.Build.0 = Debug|x64
		{0F84A470-8C7F-4D48-A328-819822EB3373}.Debug|x64.Deploy.0 = Debug|x64
		{0F84A470-8C7F-4D48-A328-819822EB3373}.Debug|x86.ActiveCfg = Debug|x86
		{0F84A470-8C7F-4D48-A328-819822EB3373}.Debug|x86.Build.0 = Debug|x86
		{0F84A470-8C7F-4D48-A328-819822EB3373}.Debug|x86.Deploy.0 = Debug|x86
		{0F84A470-8C7F-4D48-A328-819822EB3373}.Release|Any CPU.ActiveCfg = Release|Any CPU
		{0F84A470-8C7F-4D48-A328-819822EB3373}.Release|Any CPU.Build.0 = Release|Any CPU
		{0F84A470-8C7F-4D48-A328-819822EB3373}.Release|Any CPU.Deploy.0 = Release|Any CPU
		{0F84A470-8C7F-4D48-A328-819822EB3373}.Release|ARM.ActiveCfg = Release|ARM
		{0F84A470-8C7F-4D48-A328-819822EB3373}.Release|ARM.Build.0 = Release|ARM
		{0F84A470-8C7F-4D48-A328-819822EB3373}.Release|ARM.Deploy.0 = Release|ARM
		{0F84A470-8C7F-4D48-A328-819822EB3373}.Release|ARM64.ActiveCfg = Release|ARM64
		{0F84A470-8C7F-4D48-A328-819822EB3373}.Release|ARM64.Build.0 = Release|ARM64
		{0F84A470-8C7F-4D48-A328-819822EB3373}.Release|ARM64.Deploy.0 = Release|ARM64
		{0F84A470-8C7F-4D48-A328-819822EB3373}.Release|x64.ActiveCfg = Release|x64
		{0F84A470-8C7F-4D48-A328-819822EB3373}.Release|x64.Build.0 = Release|x64
		{0F84A470-8C7F-4D48-A328-819822EB3373}.Release|x64.Deploy.0 = Release|x64
		{0F84A470-8C7F-4D48-A328-819822EB3373}.Release|x86.ActiveCfg = Release|x86
		{0F84A470-8C7F-4D48-A328-819822EB3373}.Release|x86.Build.0 = Release|x86
		{0F84A470-8C7F-4D48-A328-819822EB3373}.Release|x86.Deploy.0 = Release|x86
		{87D022E5-170D-44F8-9967-B098D7C6E380}.Debug|Any CPU.ActiveCfg = Debug|Win32
		{87D022E5-170D-44F8-9967-B098D7C6E380}.Debug|ARM.ActiveCfg = Debug|Win32
		{87D022E5-170D-44F8-9967-B098D7C6E380}.Debug|ARM64.ActiveCfg = Debug|Win32
		{87D022E5-170D-44F8-9967-B098D7C6E380}.Debug|x64.ActiveCfg = Debug|x64
		{87D022E5-170D-44F8-9967-B098D7C6E380}.Debug|x64.Build.0 = Debug|x64
		{87D022E5-170D-44F8-9967-B098D7C6E380}.Debug|x86.ActiveCfg = Debug|Win32
		{87D022E5-170D-44F8-9967-B098D7C6E380}.Debug|x86.Build.0 = Debug|Win32
		{87D022E5-170D-44F8-9967-B098D7C6E380}.Release|Any CPU.ActiveCfg = Release|Win32
		{87D022E5-170D-44F8-9967-B098D7C6E380}.Release|ARM.ActiveCfg = Release|Win32
		{87D022E5-170D-44F8-9967-B098D7C6E380}.Release|ARM64.ActiveCfg = Release|Win32
		{87D022E5-170D-44F8-9967-B098D7C6E380}.Release|x64.ActiveCfg = Release|x64
		{87D022E5-170D-44F8-9967-B098D7C6E380}.Release|x64.Build.0 = Release|x64
		{87D022E5-170D-44F8-9967-B098D7C6E380}.Release|x86.ActiveCfg = Release|Win32
		{87D022E5-170D-44F8-9967-B098D7C6E380}.Release|x86.Build.0 = Release|Win32
		{0CA96258-2ABC-44AA-B498-26963E237BBB}.Debug|Any CPU.ActiveCfg = Debug|Win32
		{0CA96258-2ABC-44AA-B498-26963E237BBB}.Debug|ARM.ActiveCfg = Debug|Win32
		{0CA96258-2ABC-44AA-B498-26963E237BBB}.Debug|ARM64.ActiveCfg = Debug|Win32
		{0CA96258-2ABC-44AA-B498-26963E237BBB}.Debug|x64.ActiveCfg = Debug|x64
		{0CA96258-2ABC-44AA-B498-26963E237BBB}.Debug|x64.Build.0 = Debug|x64
		{0CA96258-2ABC-44AA-B498-26963E237BBB}.Debug|x86.ActiveCfg = Debug|Win32
		{0CA96258-2ABC-44AA-B498-26963E237BBB}.Debug|x86.Build.0 = Debug|Win32
		{0CA96258-2ABC-44AA-B498-26963E237BBB}.Release|Any CPU.ActiveCfg = Release|Win32
		{0CA96258-2ABC-44AA-B498-26963E237BBB}.Release|ARM.ActiveCfg = Release|Win32
		{0CA96258-2ABC-44AA-B498-26963E237BBB}.Release|ARM64.ActiveCfg = Release|Win32
		{0CA96258-2ABC-44AA-B498-26963E237BBB}.Release|x64.ActiveCfg = Release|x64
		{0CA96258-2ABC-44AA-B498-26963E237BBB}.Release|x64.Build.0 = Release|x64
		{0CA96258-2ABC-44AA-B498-26963E237BBB}.Release|x86.ActiveCfg = Release|Win32
		{0CA96258-2ABC-44AA-B498-26963E237BBB}.Release|x86.Build.0 = Release|Win32
		{95DCBD12-1B92-4B45-A144-FC78B9CDC2DB}.Debug|Any CPU.ActiveCfg = Debug|x86
		{95DCBD12-1B92-4B45-A144-FC78B9CDC2DB}.Debug|ARM.ActiveCfg = Debug|ARM
		{95DCBD12-1B92-4B45-A144-FC78B9CDC2DB}.Debug|ARM.Build.0 = Debug|ARM
		{95DCBD12-1B92-4B45-A144-FC78B9CDC2DB}.Debug|ARM.Deploy.0 = Debug|ARM
		{95DCBD12-1B92-4B45-A144-FC78B9CDC2DB}.Debug|ARM64.ActiveCfg = Debug|ARM64
		{95DCBD12-1B92-4B45-A144-FC78B9CDC2DB}.Debug|ARM64.Build.0 = Debug|ARM64
		{95DCBD12-1B92-4B45-A144-FC78B9CDC2DB}.Debug|ARM64.Deploy.0 = Debug|ARM64
		{95DCBD12-1B92-4B45-A144-FC78B9CDC2DB}.Debug|x64.ActiveCfg = Debug|x64
		{95DCBD12-1B92-4B45-A144-FC78B9CDC2DB}.Debug|x64.Build.0 = Debug|x64
		{95DCBD12-1B92-4B45-A144-FC78B9CDC2DB}.Debug|x64.Deploy.0 = Debug|x64
		{95DCBD12-1B92-4B45-A144-FC78B9CDC2DB}.Debug|x86.ActiveCfg = Debug|x86
		{95DCBD12-1B92-4B45-A144-FC78B9CDC2DB}.Debug|x86.Build.0 = Debug|x86
		{95DCBD12-1B92-4B45-A144-FC78B9CDC2DB}.Debug|x86.Deploy.0 = Debug|x86
		{95DCBD12-1B92-4B45-A144-FC78B9CDC2DB}.Release|Any CPU.ActiveCfg = Release|x86
		{95DCBD12-1B92-4B45-A144-FC78B9CDC2DB}.Release|ARM.ActiveCfg = Release|ARM
		{95DCBD12-1B92-4B45-A144-FC78B9CDC2DB}.Release|ARM.Build.0 = Release|ARM
		{95DCBD12-1B92-4B45-A144-FC78B9CDC2DB}.Release|ARM.Deploy.0 = Release|ARM
		{95DCBD12-1B92-4B45-A144-FC78B9CDC2DB}.Release|ARM64.ActiveCfg = Release|ARM64
		{95DCBD12-1B92-4B45-A144-FC78B9CDC2DB}.Release|ARM64.Build.0 = Release|ARM64
		{95DCBD12-1B92-4B45-A144-FC78B9CDC2DB}.Release|ARM64.Deploy.0 = Release|ARM64
		{95DCBD12-1B92-4B45-A144-FC78B9CDC2DB}.Release|x64.ActiveCfg = Release|x64
		{95DCBD12-1B92-4B45-A144-FC78B9CDC2DB}.Release|x64.Build.0 = Release|x64
		{95DCBD12-1B92-4B45-A144-FC78B9CDC2DB}.Release|x64.Deploy.0 = Release|x64
		{95DCBD12-1B92-4B45-A144-FC78B9CDC2DB}.Release|x86.ActiveCfg = Release|x86
		{95DCBD12-1B92-4B45-A144-FC78B9CDC2DB}.Release|x86.Build.0 = Release|x86
		{95DCBD12-1B92-4B45-A144-FC78B9CDC2DB}.Release|x86.Deploy.0 = Release|x86
		{50373AE8-5187-4C37-9873-B542C5317849}.Debug|Any CPU.ActiveCfg = Debug|Win32
		{50373AE8-5187-4C37-9873-B542C5317849}.Debug|ARM.ActiveCfg = Debug|Win32
		{50373AE8-5187-4C37-9873-B542C5317849}.Debug|ARM64.ActiveCfg = Debug|Win32
		{50373AE8-5187-4C37-9873-B542C5317849}.Debug|x64.ActiveCfg = Debug|x64
		{50373AE8-5187-4C37-9873-B542C5317849}.Debug|x64.Build.0 = Debug|x64
		{50373AE8-5187-4C37-9873-B542C5317849}.Debug|x86.ActiveCfg = Debug|Win32
		{50373AE8-5187-4C37-9873-B542C5317849}.Debug|x86.Build.0 = Debug|Win32
		{50373AE8-5187-4C37-9873-B542C5317849}.Release|Any CPU.ActiveCfg = Release|Win32
		{50373AE8-5187-4C37-9873-B542C5317849}.Release|ARM.ActiveCfg = Release|Win32
		{50373AE8-5187-4C37-9873-B542C5317849}.Release|ARM64.ActiveCfg = Release|Win32
		{50373AE8-5187-4C37-9873-B542C5317849}.Release|x64.ActiveCfg = Release|x64
		{50373AE8-5187-4C37-9873-B542C5317849}.Release|x64.Build.0 = Release|x64
		{50373AE8-5187-4C37-9873-B542C5317849}.Release|x86.ActiveCfg = Release|Win32
		{50373AE8-5187-4C37-9873-B542C5317849}.Release|x86.Build.0 = Release|Win32
		{F33C797C-305C-4A91-BD8A-6A55536BCE1F}.Debug|Any CPU.ActiveCfg = Debug|Win32
		{F33C797C-305C-4A91-BD8A-6A55536BCE1F}.Debug|ARM.ActiveCfg = Debug|ARM
		{F33C797C-305C-4A91-BD8A-6A55536BCE1F}.Debug|ARM.Build.0 = Debug|ARM
		{F33C797C-305C-4A91-BD8A-6A55536BCE1F}.Debug|ARM64.ActiveCfg = Debug|ARM64
		{F33C797C-305C-4A91-BD8A-6A55536BCE1F}.Debug|ARM64.Build.0 = Debug|ARM64
		{F33C797C-305C-4A91-BD8A-6A55536BCE1F}.Debug|x64.ActiveCfg = Debug|x64
		{F33C797C-305C-4A91-BD8A-6A55536BCE1F}.Debug|x64.Build.0 = Debug|x64
		{F33C797C-305C-4A91-BD8A-6A55536BCE1F}.Debug|x86.ActiveCfg = Debug|Win32
		{F33C797C-305C-4A91-BD8A-6A55536BCE1F}.Debug|x86.Build.0 = Debug|Win32
		{F33C797C-305C-4A91-BD8A-6A55536BCE1F}.Release|Any CPU.ActiveCfg = Release|Win32
		{F33C797C-305C-4A91-BD8A-6A55536BCE1F}.Release|ARM.ActiveCfg = Release|ARM
		{F33C797C-305C-4A91-BD8A-6A55536BCE1F}.Release|ARM.Build.0 = Release|ARM
		{F33C797C-305C-4A91-BD8A-6A55536BCE1F}.Release|ARM64.ActiveCfg = Release|ARM64
		{F33C797C-305C-4A91-BD8A-6A55536BCE1F}.Release|ARM64.Build.0 = Release|ARM64
		{F33C797C-305C-4A91-BD8A-6A55536BCE1F}.Release|x64.ActiveCfg = Release|x64
		{F33C797C-305C-4A91-BD8A-6A55536BCE1F}.Release|x64.Build.0 = Release|x64
		{F33C797C-305C-4A91-BD8A-6A55536BCE1F}.Release|x86.ActiveCfg = Release|Win32
		{F33C797C-305C-4A91-BD8A-6A55536BCE1F}.Release|x86.Build.0 = Release|Win32
		{A9AE42E8-EBBB-40A4-9F9B-3C90C16174C1}.Debug|Any CPU.ActiveCfg = Debug|Win32
		{A9AE42E8-EBBB-40A4-9F9B-3C90C16174C1}.Debug|ARM.ActiveCfg = Debug|Win32
		{A9AE42E8-EBBB-40A4-9F9B-3C90C16174C1}.Debug|ARM64.ActiveCfg = Debug|Win32
		{A9AE42E8-EBBB-40A4-9F9B-3C90C16174C1}.Debug|x64.ActiveCfg = Debug|x64
		{A9AE42E8-EBBB-40A4-9F9B-3C90C16174C1}.Debug|x64.Build.0 = Debug|x64
		{A9AE42E8-EBBB-40A4-9F9B-3C90C16174C1}.Debug|x86.ActiveCfg = Debug|Win32
		{A9AE42E8-EBBB-40A4-9F9B-3C90C16174C1}.Debug|x86.Build.0 = Debug|Win32
		{A9AE42E8-EBBB-40A4-9F9B-3C90C16174C1}.Release|Any CPU.ActiveCfg = Release|Win32
		{A9AE42E8-EBBB-40A4-9F9B-3C90C16174C1}.Release|ARM.ActiveCfg = Release|Win32
		{A9AE42E8-EBBB-40A4-9F9B-3C90C16174C1}.Release|ARM64.ActiveCfg = Release|Win32
		{A9AE42E8-EBBB-40A4-9F9B-3C90C16174C1}.Release|x64.ActiveCfg = Release|x64
		{A9AE42E8-EBBB-40A4-9F9B-3C90C16174C1}.Release|x64.Build.0 = Release|x64
		{A9AE42E8-EBBB-40A4-9F9B-3C90C16174C1}.Release|x86.ActiveCfg = Release|Win32
		{A9AE42E8-EBBB-40A4-9F9B-3C90C16174C1}.Release|x86.Build.0 = Release|Win32
		{C0A88489-716D-4A1E-9F61-FC955187EA9C}.Debug|Any CPU.ActiveCfg = Debug|Win32
		{C0A88489-716D-4A1E-9F61-FC955187EA9C}.Debug|ARM.ActiveCfg = Debug|Win32
		{C0A88489-716D-4A1E-9F61-FC955187EA9C}.Debug|ARM64.ActiveCfg = Debug|Win32
		{C0A88489-716D-4A1E-9F61-FC955187EA9C}.Debug|x64.ActiveCfg = Debug|x64
		{C0A88489-716D-4A1E-9F61-FC955187EA9C}.Debug|x64.Build.0 = Debug|x64
		{C0A88489-716D-4A1E-9F61-FC955187EA9C}.Debug|x86.ActiveCfg = Debug|Win32
		{C0A88489-716D-4A1E-9F61-FC955187EA9C}.Debug|x86.Build.0 = Debug|Win32
		{C0A88489-716D-4A1E-9F61-FC955187EA9C}.Release|Any CPU.ActiveCfg = Release|Win32
		{C0A88489-716D-4A1E-9F61-FC955187EA9C}.Release|ARM.ActiveCfg = Release|Win32
		{C0A88489-716D-4A1E-9F61-FC955187EA9C}.Release|ARM64.ActiveCfg = Release|Win32
		{C0A88489-716D-4A1E-9F61-FC955187EA9C}.Release|x64.ActiveCfg = Release|x64
		{C0A88489-716D-4A1E-9F61-FC955187EA9C}.Release|x64.Build.0 = Release|x64
		{C0A88489-716D-4A1E-9F61-FC955187EA9C}.Release|x86.ActiveCfg = Release|Win32
		{C0A88489-716D-4A1E-9F61-FC955187EA9C}.Release|x86.Build.0 = Release|Win32
		{C4BD83FE-E3D7-46AF-8981-50818E857ADB}.Debug|Any CPU.ActiveCfg = Debug|Win32
		{C4BD83FE-E3D7-46AF-8981-50818E857ADB}.Debug|ARM.ActiveCfg = Debug|Win32
		{C4BD83FE-E3D7-46AF-8981-50818E857ADB}.Debug|ARM64.ActiveCfg = Debug|Win32
		{C4BD83FE-E3D7-46AF-8981-50818E857ADB}.Debug|x64.ActiveCfg = Debug|x64
		{C4BD83FE-E3D7-46AF-8981-50818E857ADB}.Debug|x64.Build.0 = Debug|x64
		{C4BD83FE-E3D7-46AF-8981-50818E857ADB}.Debug|x86.ActiveCfg = Debug|Win32
		{C4BD83FE-E3D7-46AF-8981-50818E857ADB}.Debug|x86.Build.0 = Debug|Win32
		{C4BD83FE-E3D7-46AF-8981-50818E857ADB}.Release|Any CPU.ActiveCfg = Release|Win32
		{C4BD83FE-E3D7-46AF-8981-50818E857ADB}.Release|ARM.ActiveCfg = Release|Win32
		{C4BD83FE-E3D7-46AF-8981-50818E857ADB}.Release|ARM64.ActiveCfg = Release|Win32
		{C4BD83FE-E3D7-46AF-8981-50818E857ADB}.Release|x64.ActiveCfg = Release|x64
		{C4BD83FE-E3D7-46AF-8981-50818E857ADB}.Release|x64.Build.0 = Release|x64
		{C4BD83FE-E3D7-46AF-8981-50818E857ADB}.Release|x86.ActiveCfg = Release|Win32
		{C4BD83FE-E3D7-46AF-8981-50818E857ADB}.Release|x86.Build.0 = Release|Win32
		{18279080-46DD-49D4-8A7E-4DBCFDAAEF45}.Debug|Any CPU.ActiveCfg = Debug|Win32
		{18279080-46DD-49D4-8A7E-4DBCFDAAEF45}.Debug|ARM.ActiveCfg = Debug|Win32
		{18279080-46DD-49D4-8A7E-4DBCFDAAEF45}.Debug|ARM64.ActiveCfg = Debug|Win32
		{18279080-46DD-49D4-8A7E-4DBCFDAAEF45}.Debug|x64.ActiveCfg = Debug|x64
		{18279080-46DD-49D4-8A7E-4DBCFDAAEF45}.Debug|x64.Build.0 = Debug|x64
		{18279080-46DD-49D4-8A7E-4DBCFDAAEF45}.Debug|x86.ActiveCfg = Debug|Win32
		{18279080-46DD-49D4-8A7E-4DBCFDAAEF45}.Debug|x86.Build.0 = Debug|Win32
		{18279080-46DD-49D4-8A7E-4DBCFDAAEF45}.Release|Any CPU.ActiveCfg = Release|Win32
		{18279080-46DD-49D4-8A7E-4DBCFDAAEF45}.Release|ARM.ActiveCfg = Release|Win32
		{18279080-46DD-49D4-8A7E-4DBCFDAAEF45}.Release|ARM64.ActiveCfg = Release|Win32
		{18279080-46DD-49D4-8A7E-4DBCFDAAEF45}.Release|x64.ActiveCfg = Release|x64
		{18279080-46DD-49D4-8A7E-4DBCFDAAEF45}.Release|x64.Build.0 = Release|x64
		{18279080-46DD-49D4-8A7E-4DBCFDAAEF45}.Release|x86.ActiveCfg = Release|Win32
		{18279080-46DD-49D4-8A7E-4DBCFDAAEF45}.Release|x86.Build.0 = Release|Win32
		{0118F407-3A88-403B-B98D-B2AC3B65FE14}.Debug|Any CPU.ActiveCfg = Debug|Win32
		{0118F407-3A88-403B-B98D-B2AC3B65FE14}.Debug|ARM.ActiveCfg = Debug|Win32
		{0118F407-3A88-403B-B98D-B2AC3B65FE14}.Debug|ARM64.ActiveCfg = Debug|Win32
		{0118F407-3A88-403B-B98D-B2AC3B65FE14}.Debug|x64.ActiveCfg = Debug|x64
		{0118F407-3A88-403B-B98D-B2AC3B65FE14}.Debug|x64.Build.0 = Debug|x64
		{0118F407-3A88-403B-B98D-B2AC3B65FE14}.Debug|x86.ActiveCfg = Debug|Win32
		{0118F407-3A88-403B-B98D-B2AC3B65FE14}.Debug|x86.Build.0 = Debug|Win32
		{0118F407-3A88-403B-B98D-B2AC3B65FE14}.Release|Any CPU.ActiveCfg = Release|Win32
		{0118F407-3A88-403B-B98D-B2AC3B65FE14}.Release|ARM.ActiveCfg = Release|Win32
		{0118F407-3A88-403B-B98D-B2AC3B65FE14}.Release|ARM64.ActiveCfg = Release|Win32
		{0118F407-3A88-403B-B98D-B2AC3B65FE14}.Release|x64.ActiveCfg = Release|x64
		{0118F407-3A88-403B-B98D-B2AC3B65FE14}.Release|x64.Build.0 = Release|x64
		{0118F407-3A88-403B-B98D-B2AC3B65FE14}.Release|x86.ActiveCfg = Release|Win32
		{0118F407-3A88-403B-B98D-B2AC3B65FE14}.Release|x86.Build.0 = Release|Win32
		{49A15A73-536D-4FF1-A26A-29646B3F14B1}.Debug|Any CPU.ActiveCfg = Debug|Any CPU
		{49A15A73-536D-4FF1-A26A-29646B3F14B1}.Debug|Any CPU.Build.0 = Debug|Any CPU
		{49A15A73-536D-4FF1-A26A-29646B3F14B1}.Debug|ARM.ActiveCfg = Debug|Any CPU
		{49A15A73-536D-4FF1-A26A-29646B3F14B1}.Debug|ARM.Build.0 = Debug|Any CPU
		{49A15A73-536D-4FF1-A26A-29646B3F14B1}.Debug|ARM64.ActiveCfg = Debug|Any CPU
		{49A15A73-536D-4FF1-A26A-29646B3F14B1}.Debug|ARM64.Build.0 = Debug|Any CPU
		{49A15A73-536D-4FF1-A26A-29646B3F14B1}.Debug|x64.ActiveCfg = Debug|x64
		{49A15A73-536D-4FF1-A26A-29646B3F14B1}.Debug|x64.Build.0 = Debug|x64
		{49A15A73-536D-4FF1-A26A-29646B3F14B1}.Debug|x86.ActiveCfg = Debug|x86
		{49A15A73-536D-4FF1-A26A-29646B3F14B1}.Debug|x86.Build.0 = Debug|x86
		{49A15A73-536D-4FF1-A26A-29646B3F14B1}.Release|Any CPU.ActiveCfg = Release|Any CPU
		{49A15A73-536D-4FF1-A26A-29646B3F14B1}.Release|Any CPU.Build.0 = Release|Any CPU
		{49A15A73-536D-4FF1-A26A-29646B3F14B1}.Release|ARM.ActiveCfg = Release|Any CPU
		{49A15A73-536D-4FF1-A26A-29646B3F14B1}.Release|ARM.Build.0 = Release|Any CPU
		{49A15A73-536D-4FF1-A26A-29646B3F14B1}.Release|ARM64.ActiveCfg = Release|Any CPU
		{49A15A73-536D-4FF1-A26A-29646B3F14B1}.Release|ARM64.Build.0 = Release|Any CPU
		{49A15A73-536D-4FF1-A26A-29646B3F14B1}.Release|x64.ActiveCfg = Release|Any CPU
		{49A15A73-536D-4FF1-A26A-29646B3F14B1}.Release|x64.Build.0 = Release|Any CPU
		{49A15A73-536D-4FF1-A26A-29646B3F14B1}.Release|x86.ActiveCfg = Release|Any CPU
		{49A15A73-536D-4FF1-A26A-29646B3F14B1}.Release|x86.Build.0 = Release|Any CPU
		{BD3CAB50-5275-4D1C-A6C1-83A0F84D3994}.Debug|Any CPU.ActiveCfg = Debug|Win32
		{BD3CAB50-5275-4D1C-A6C1-83A0F84D3994}.Debug|ARM.ActiveCfg = Debug|Win32
		{BD3CAB50-5275-4D1C-A6C1-83A0F84D3994}.Debug|ARM64.ActiveCfg = Debug|Win32
		{BD3CAB50-5275-4D1C-A6C1-83A0F84D3994}.Debug|x64.ActiveCfg = Debug|x64
		{BD3CAB50-5275-4D1C-A6C1-83A0F84D3994}.Debug|x64.Build.0 = Debug|x64
		{BD3CAB50-5275-4D1C-A6C1-83A0F84D3994}.Debug|x86.ActiveCfg = Debug|Win32
		{BD3CAB50-5275-4D1C-A6C1-83A0F84D3994}.Debug|x86.Build.0 = Debug|Win32
		{BD3CAB50-5275-4D1C-A6C1-83A0F84D3994}.Release|Any CPU.ActiveCfg = Release|Win32
		{BD3CAB50-5275-4D1C-A6C1-83A0F84D3994}.Release|ARM.ActiveCfg = Release|Win32
		{BD3CAB50-5275-4D1C-A6C1-83A0F84D3994}.Release|ARM64.ActiveCfg = Release|Win32
		{BD3CAB50-5275-4D1C-A6C1-83A0F84D3994}.Release|x64.ActiveCfg = Release|x64
		{BD3CAB50-5275-4D1C-A6C1-83A0F84D3994}.Release|x64.Build.0 = Release|x64
		{BD3CAB50-5275-4D1C-A6C1-83A0F84D3994}.Release|x86.ActiveCfg = Release|Win32
		{BD3CAB50-5275-4D1C-A6C1-83A0F84D3994}.Release|x86.Build.0 = Release|Win32
		{212E059B-DEDD-422C-83B6-F56091622D9C}.Debug|Any CPU.ActiveCfg = Debug|Win32
		{212E059B-DEDD-422C-83B6-F56091622D9C}.Debug|ARM.ActiveCfg = Debug|Win32
		{212E059B-DEDD-422C-83B6-F56091622D9C}.Debug|ARM64.ActiveCfg = Debug|Win32
		{212E059B-DEDD-422C-83B6-F56091622D9C}.Debug|x64.ActiveCfg = Debug|x64
		{212E059B-DEDD-422C-83B6-F56091622D9C}.Debug|x64.Build.0 = Debug|x64
		{212E059B-DEDD-422C-83B6-F56091622D9C}.Debug|x86.ActiveCfg = Debug|Win32
		{212E059B-DEDD-422C-83B6-F56091622D9C}.Debug|x86.Build.0 = Debug|Win32
		{212E059B-DEDD-422C-83B6-F56091622D9C}.Release|Any CPU.ActiveCfg = Release|Win32
		{212E059B-DEDD-422C-83B6-F56091622D9C}.Release|ARM.ActiveCfg = Release|Win32
		{212E059B-DEDD-422C-83B6-F56091622D9C}.Release|ARM64.ActiveCfg = Release|Win32
		{212E059B-DEDD-422C-83B6-F56091622D9C}.Release|x64.ActiveCfg = Release|x64
		{212E059B-DEDD-422C-83B6-F56091622D9C}.Release|x64.Build.0 = Release|x64
		{212E059B-DEDD-422C-83B6-F56091622D9C}.Release|x86.ActiveCfg = Release|Win32
		{212E059B-DEDD-422C-83B6-F56091622D9C}.Release|x86.Build.0 = Release|Win32
		{335DA7F5-C41E-45AA-B357-85AF9CF112D4}.Debug|Any CPU.ActiveCfg = Debug|Win32
		{335DA7F5-C41E-45AA-B357-85AF9CF112D4}.Debug|ARM.ActiveCfg = Debug|Win32
		{335DA7F5-C41E-45AA-B357-85AF9CF112D4}.Debug|ARM64.ActiveCfg = Debug|Win32
		{335DA7F5-C41E-45AA-B357-85AF9CF112D4}.Debug|x64.ActiveCfg = Debug|x64
		{335DA7F5-C41E-45AA-B357-85AF9CF112D4}.Debug|x64.Build.0 = Debug|x64
		{335DA7F5-C41E-45AA-B357-85AF9CF112D4}.Debug|x86.ActiveCfg = Debug|Win32
		{335DA7F5-C41E-45AA-B357-85AF9CF112D4}.Debug|x86.Build.0 = Debug|Win32
		{335DA7F5-C41E-45AA-B357-85AF9CF112D4}.Release|Any CPU.ActiveCfg = Release|Win32
		{335DA7F5-C41E-45AA-B357-85AF9CF112D4}.Release|ARM.ActiveCfg = Release|Win32
		{335DA7F5-C41E-45AA-B357-85AF9CF112D4}.Release|ARM64.ActiveCfg = Release|Win32
		{335DA7F5-C41E-45AA-B357-85AF9CF112D4}.Release|x64.ActiveCfg = Release|x64
		{335DA7F5-C41E-45AA-B357-85AF9CF112D4}.Release|x64.Build.0 = Release|x64
		{335DA7F5-C41E-45AA-B357-85AF9CF112D4}.Release|x86.ActiveCfg = Release|Win32
		{335DA7F5-C41E-45AA-B357-85AF9CF112D4}.Release|x86.Build.0 = Release|Win32
		{36249BF7-2044-4E9C-AC16-E1752C67501E}.Debug|Any CPU.ActiveCfg = Debug|Win32
		{36249BF7-2044-4E9C-AC16-E1752C67501E}.Debug|ARM.ActiveCfg = Debug|Win32
		{36249BF7-2044-4E9C-AC16-E1752C67501E}.Debug|ARM64.ActiveCfg = Debug|Win32
		{36249BF7-2044-4E9C-AC16-E1752C67501E}.Debug|x64.ActiveCfg = Debug|x64
		{36249BF7-2044-4E9C-AC16-E1752C67501E}.Debug|x64.Build.0 = Debug|x64
		{36249BF7-2044-4E9C-AC16-E1752C67501E}.Debug|x86.ActiveCfg = Debug|Win32
		{36249BF7-2044-4E9C-AC16-E1752C67501E}.Debug|x86.Build.0 = Debug|Win32
		{36249BF7-2044-4E9C-AC16-E1752C67501E}.Release|Any CPU.ActiveCfg = Release|Win32
		{36249BF7-2044-4E9C-AC16-E1752C67501E}.Release|ARM.ActiveCfg = Release|Win32
		{36249BF7-2044-4E9C-AC16-E1752C67501E}.Release|ARM64.ActiveCfg = Release|Win32
		{36249BF7-2044-4E9C-AC16-E1752C67501E}.Release|x64.ActiveCfg = Release|x64
		{36249BF7-2044-4E9C-AC16-E1752C67501E}.Release|x64.Build.0 = Release|x64
		{36249BF7-2044-4E9C-AC16-E1752C67501E}.Release|x86.ActiveCfg = Release|Win32
		{36249BF7-2044-4E9C-AC16-E1752C67501E}.Release|x86.Build.0 = Release|Win32
		{9A3EFCDE-7DA7-488D-949B-547D1BEECE73}.Debug|Any CPU.ActiveCfg = Debug|Win32
		{9A3EFCDE-7DA7-488D-949B-547D1BEECE73}.Debug|ARM.ActiveCfg = Debug|Win32
		{9A3EFCDE-7DA7-488D-949B-547D1BEECE73}.Debug|ARM64.ActiveCfg = Debug|Win32
		{9A3EFCDE-7DA7-488D-949B-547D1BEECE73}.Debug|x64.ActiveCfg = Debug|x64
		{9A3EFCDE-7DA7-488D-949B-547D1BEECE73}.Debug|x64.Build.0 = Debug|x64
		{9A3EFCDE-7DA7-488D-949B-547D1BEECE73}.Debug|x86.ActiveCfg = Debug|Win32
		{9A3EFCDE-7DA7-488D-949B-547D1BEECE73}.Debug|x86.Build.0 = Debug|Win32
		{9A3EFCDE-7DA7-488D-949B-547D1BEECE73}.Release|Any CPU.ActiveCfg = Release|Win32
		{9A3EFCDE-7DA7-488D-949B-547D1BEECE73}.Release|ARM.ActiveCfg = Release|Win32
		{9A3EFCDE-7DA7-488D-949B-547D1BEECE73}.Release|ARM64.ActiveCfg = Release|Win32
		{9A3EFCDE-7DA7-488D-949B-547D1BEECE73}.Release|x64.ActiveCfg = Release|x64
		{9A3EFCDE-7DA7-488D-949B-547D1BEECE73}.Release|x64.Build.0 = Release|x64
		{9A3EFCDE-7DA7-488D-949B-547D1BEECE73}.Release|x86.ActiveCfg = Release|Win32
		{9A3EFCDE-7DA7-488D-949B-547D1BEECE73}.Release|x86.Build.0 = Release|Win32
		{6CEF19EB-02DB-4B9A-93D8-9E89E662F919}.Debug|Any CPU.ActiveCfg = Debug|Win32
		{6CEF19EB-02DB-4B9A-93D8-9E89E662F919}.Debug|ARM.ActiveCfg = Debug|Win32
		{6CEF19EB-02DB-4B9A-93D8-9E89E662F919}.Debug|ARM64.ActiveCfg = Debug|Win32
		{6CEF19EB-02DB-4B9A-93D8-9E89E662F919}.Debug|x64.ActiveCfg = Debug|x64
		{6CEF19EB-02DB-4B9A-93D8-9E89E662F919}.Debug|x64.Build.0 = Debug|x64
		{6CEF19EB-02DB-4B9A-93D8-9E89E662F919}.Debug|x86.ActiveCfg = Debug|Win32
		{6CEF19EB-02DB-4B9A-93D8-9E89E662F919}.Debug|x86.Build.0 = Debug|Win32
		{6CEF19EB-02DB-4B9A-93D8-9E89E662F919}.Release|Any CPU.ActiveCfg = Release|Win32
		{6CEF19EB-02DB-4B9A-93D8-9E89E662F919}.Release|ARM.ActiveCfg = Release|Win32
		{6CEF19EB-02DB-4B9A-93D8-9E89E662F919}.Release|ARM64.ActiveCfg = Release|Win32
		{6CEF19EB-02DB-4B9A-93D8-9E89E662F919}.Release|x64.ActiveCfg = Release|x64
		{6CEF19EB-02DB-4B9A-93D8-9E89E662F919}.Release|x64.Build.0 = Release|x64
		{6CEF19EB-02DB-4B9A-93D8-9E89E662F919}.Release|x86.ActiveCfg = Release|Win32
		{6CEF19EB-02DB-4B9A-93D8-9E89E662F919}.Release|x86.Build.0 = Release|Win32
		{A1B116CE-961D-42F0-B6C7-82A64B509CAA}.Debug|Any CPU.ActiveCfg = Debug|Win32
		{A1B116CE-961D-42F0-B6C7-82A64B509CAA}.Debug|ARM.ActiveCfg = Debug|Win32
		{A1B116CE-961D-42F0-B6C7-82A64B509CAA}.Debug|ARM64.ActiveCfg = Debug|Win32
		{A1B116CE-961D-42F0-B6C7-82A64B509CAA}.Debug|x64.ActiveCfg = Debug|x64
		{A1B116CE-961D-42F0-B6C7-82A64B509CAA}.Debug|x64.Build.0 = Debug|x64
		{A1B116CE-961D-42F0-B6C7-82A64B509CAA}.Debug|x86.ActiveCfg = Debug|Win32
		{A1B116CE-961D-42F0-B6C7-82A64B509CAA}.Debug|x86.Build.0 = Debug|Win32
		{A1B116CE-961D-42F0-B6C7-82A64B509CAA}.Release|Any CPU.ActiveCfg = Release|Win32
		{A1B116CE-961D-42F0-B6C7-82A64B509CAA}.Release|ARM.ActiveCfg = Release|Win32
		{A1B116CE-961D-42F0-B6C7-82A64B509CAA}.Release|ARM64.ActiveCfg = Release|Win32
		{A1B116CE-961D-42F0-B6C7-82A64B509CAA}.Release|x64.ActiveCfg = Release|x64
		{A1B116CE-961D-42F0-B6C7-82A64B509CAA}.Release|x64.Build.0 = Release|x64
		{A1B116CE-961D-42F0-B6C7-82A64B509CAA}.Release|x86.ActiveCfg = Release|Win32
		{A1B116CE-961D-42F0-B6C7-82A64B509CAA}.Release|x86.Build.0 = Release|Win32
		{10975736-1648-4F00-8034-438AC2A14B4C}.Debug|Any CPU.ActiveCfg = Debug|x86
		{10975736-1648-4F00-8034-438AC2A14B4C}.Debug|ARM.ActiveCfg = Debug|ARM
		{10975736-1648-4F00-8034-438AC2A14B4C}.Debug|ARM.Build.0 = Debug|ARM
		{10975736-1648-4F00-8034-438AC2A14B4C}.Debug|ARM.Deploy.0 = Debug|ARM
		{10975736-1648-4F00-8034-438AC2A14B4C}.Debug|ARM64.ActiveCfg = Debug|ARM64
		{10975736-1648-4F00-8034-438AC2A14B4C}.Debug|ARM64.Build.0 = Debug|ARM64
		{10975736-1648-4F00-8034-438AC2A14B4C}.Debug|ARM64.Deploy.0 = Debug|ARM64
		{10975736-1648-4F00-8034-438AC2A14B4C}.Debug|x64.ActiveCfg = Debug|x64
		{10975736-1648-4F00-8034-438AC2A14B4C}.Debug|x64.Build.0 = Debug|x64
		{10975736-1648-4F00-8034-438AC2A14B4C}.Debug|x64.Deploy.0 = Debug|x64
		{10975736-1648-4F00-8034-438AC2A14B4C}.Debug|x86.ActiveCfg = Debug|x86
		{10975736-1648-4F00-8034-438AC2A14B4C}.Debug|x86.Build.0 = Debug|x86
		{10975736-1648-4F00-8034-438AC2A14B4C}.Debug|x86.Deploy.0 = Debug|x86
		{10975736-1648-4F00-8034-438AC2A14B4C}.Release|Any CPU.ActiveCfg = Release|x86
		{10975736-1648-4F00-8034-438AC2A14B4C}.Release|ARM.ActiveCfg = Release|ARM
		{10975736-1648-4F00-8034-438AC2A14B4C}.Release|ARM.Build.0 = Release|ARM
		{10975736-1648-4F00-8034-438AC2A14B4C}.Release|ARM.Deploy.0 = Release|ARM
		{10975736-1648-4F00-8034-438AC2A14B4C}.Release|ARM64.ActiveCfg = Release|ARM64
		{10975736-1648-4F00-8034-438AC2A14B4C}.Release|ARM64.Build.0 = Release|ARM64
		{10975736-1648-4F00-8034-438AC2A14B4C}.Release|ARM64.Deploy.0 = Release|ARM64
		{10975736-1648-4F00-8034-438AC2A14B4C}.Release|x64.ActiveCfg = Release|x64
		{10975736-1648-4F00-8034-438AC2A14B4C}.Release|x64.Build.0 = Release|x64
		{10975736-1648-4F00-8034-438AC2A14B4C}.Release|x64.Deploy.0 = Release|x64
		{10975736-1648-4F00-8034-438AC2A14B4C}.Release|x86.ActiveCfg = Release|x86
		{10975736-1648-4F00-8034-438AC2A14B4C}.Release|x86.Build.0 = Release|x86
		{10975736-1648-4F00-8034-438AC2A14B4C}.Release|x86.Deploy.0 = Release|x86
		{BBDDF20B-B9D8-4C05-A877-B657F5C8609A}.Debug|Any CPU.ActiveCfg = Debug|Win32
		{BBDDF20B-B9D8-4C05-A877-B657F5C8609A}.Debug|ARM.ActiveCfg = Debug|ARM
		{BBDDF20B-B9D8-4C05-A877-B657F5C8609A}.Debug|ARM.Build.0 = Debug|ARM
		{BBDDF20B-B9D8-4C05-A877-B657F5C8609A}.Debug|ARM64.ActiveCfg = Debug|ARM64
		{BBDDF20B-B9D8-4C05-A877-B657F5C8609A}.Debug|ARM64.Build.0 = Debug|ARM64
		{BBDDF20B-B9D8-4C05-A877-B657F5C8609A}.Debug|x64.ActiveCfg = Debug|x64
		{BBDDF20B-B9D8-4C05-A877-B657F5C8609A}.Debug|x64.Build.0 = Debug|x64
		{BBDDF20B-B9D8-4C05-A877-B657F5C8609A}.Debug|x86.ActiveCfg = Debug|Win32
		{BBDDF20B-B9D8-4C05-A877-B657F5C8609A}.Debug|x86.Build.0 = Debug|Win32
		{BBDDF20B-B9D8-4C05-A877-B657F5C8609A}.Release|Any CPU.ActiveCfg = Release|Win32
		{BBDDF20B-B9D8-4C05-A877-B657F5C8609A}.Release|ARM.ActiveCfg = Release|ARM
		{BBDDF20B-B9D8-4C05-A877-B657F5C8609A}.Release|ARM.Build.0 = Release|ARM
		{BBDDF20B-B9D8-4C05-A877-B657F5C8609A}.Release|ARM64.ActiveCfg = Release|ARM64
		{BBDDF20B-B9D8-4C05-A877-B657F5C8609A}.Release|ARM64.Build.0 = Release|ARM64
		{BBDDF20B-B9D8-4C05-A877-B657F5C8609A}.Release|x64.ActiveCfg = Release|x64
		{BBDDF20B-B9D8-4C05-A877-B657F5C8609A}.Release|x64.Build.0 = Release|x64
		{BBDDF20B-B9D8-4C05-A877-B657F5C8609A}.Release|x86.ActiveCfg = Release|Win32
		{BBDDF20B-B9D8-4C05-A877-B657F5C8609A}.Release|x86.Build.0 = Release|Win32
		{950B9F34-A87D-420D-848B-D49F306C38B9}.Debug|Any CPU.ActiveCfg = Debug|Win32
		{950B9F34-A87D-420D-848B-D49F306C38B9}.Debug|ARM.ActiveCfg = Debug|Win32
		{950B9F34-A87D-420D-848B-D49F306C38B9}.Debug|ARM64.ActiveCfg = Debug|Win32
		{950B9F34-A87D-420D-848B-D49F306C38B9}.Debug|x64.ActiveCfg = Debug|x64
		{950B9F34-A87D-420D-848B-D49F306C38B9}.Debug|x64.Build.0 = Debug|x64
		{950B9F34-A87D-420D-848B-D49F306C38B9}.Debug|x86.ActiveCfg = Debug|Win32
		{950B9F34-A87D-420D-848B-D49F306C38B9}.Debug|x86.Build.0 = Debug|Win32
		{950B9F34-A87D-420D-848B-D49F306C38B9}.Release|Any CPU.ActiveCfg = Release|Win32
		{950B9F34-A87D-420D-848B-D49F306C38B9}.Release|ARM.ActiveCfg = Release|Win32
		{950B9F34-A87D-420D-848B-D49F306C38B9}.Release|ARM64.ActiveCfg = Release|Win32
		{950B9F34-A87D-420D-848B-D49F306C38B9}.Release|x64.ActiveCfg = Release|x64
		{950B9F34-A87D-420D-848B-D49F306C38B9}.Release|x64.Build.0 = Release|x64
		{950B9F34-A87D-420D-848B-D49F306C38B9}.Release|x86.ActiveCfg = Release|Win32
		{950B9F34-A87D-420D-848B-D49F306C38B9}.Release|x86.Build.0 = Release|Win32
		{3094BB2A-7B86-429A-BBBC-40703DFCC725}.Debug|Any CPU.ActiveCfg = Debug|Win32
		{3094BB2A-7B86-429A-BBBC-40703DFCC725}.Debug|ARM.ActiveCfg = Debug|Win32
		{3094BB2A-7B86-429A-BBBC-40703DFCC725}.Debug|ARM64.ActiveCfg = Debug|Win32
		{3094BB2A-7B86-429A-BBBC-40703DFCC725}.Debug|x64.ActiveCfg = Debug|x64
		{3094BB2A-7B86-429A-BBBC-40703DFCC725}.Debug|x64.Build.0 = Debug|x64
		{3094BB2A-7B86-429A-BBBC-40703DFCC725}.Debug|x86.ActiveCfg = Debug|Win32
		{3094BB2A-7B86-429A-BBBC-40703DFCC725}.Debug|x86.Build.0 = Debug|Win32
		{3094BB2A-7B86-429A-BBBC-40703DFCC725}.Release|Any CPU.ActiveCfg = Release|Win32
		{3094BB2A-7B86-429A-BBBC-40703DFCC725}.Release|ARM.ActiveCfg = Release|Win32
		{3094BB2A-7B86-429A-BBBC-40703DFCC725}.Release|ARM64.ActiveCfg = Release|Win32
		{3094BB2A-7B86-429A-BBBC-40703DFCC725}.Release|x64.ActiveCfg = Release|x64
		{3094BB2A-7B86-429A-BBBC-40703DFCC725}.Release|x64.Build.0 = Release|x64
		{3094BB2A-7B86-429A-BBBC-40703DFCC725}.Release|x86.ActiveCfg = Release|Win32
		{3094BB2A-7B86-429A-BBBC-40703DFCC725}.Release|x86.Build.0 = Release|Win32
		{8AF6B6DD-1AB9-49FA-97CA-C484BBF386CA}.Debug|Any CPU.ActiveCfg = Debug|Win32
		{8AF6B6DD-1AB9-49FA-97CA-C484BBF386CA}.Debug|ARM.ActiveCfg = Debug|Win32
		{8AF6B6DD-1AB9-49FA-97CA-C484BBF386CA}.Debug|ARM64.ActiveCfg = Debug|Win32
		{8AF6B6DD-1AB9-49FA-97CA-C484BBF386CA}.Debug|x64.ActiveCfg = Debug|x64
		{8AF6B6DD-1AB9-49FA-97CA-C484BBF386CA}.Debug|x64.Build.0 = Debug|x64
		{8AF6B6DD-1AB9-49FA-97CA-C484BBF386CA}.Debug|x86.ActiveCfg = Debug|Win32
		{8AF6B6DD-1AB9-49FA-97CA-C484BBF386CA}.Debug|x86.Build.0 = Debug|Win32
		{8AF6B6DD-1AB9-49FA-97CA-C484BBF386CA}.Release|Any CPU.ActiveCfg = Release|Win32
		{8AF6B6DD-1AB9-49FA-97CA-C484BBF386CA}.Release|ARM.ActiveCfg = Release|Win32
		{8AF6B6DD-1AB9-49FA-97CA-C484BBF386CA}.Release|ARM64.ActiveCfg = Release|Win32
		{8AF6B6DD-1AB9-49FA-97CA-C484BBF386CA}.Release|x64.ActiveCfg = Release|x64
		{8AF6B6DD-1AB9-49FA-97CA-C484BBF386CA}.Release|x64.Build.0 = Release|x64
		{8AF6B6DD-1AB9-49FA-97CA-C484BBF386CA}.Release|x86.ActiveCfg = Release|Win32
		{8AF6B6DD-1AB9-49FA-97CA-C484BBF386CA}.Release|x86.Build.0 = Release|Win32
		{4B103642-46B5-4F8A-80E6-9AB30288BFC5}.Debug|Any CPU.ActiveCfg = Debug|Win32
		{4B103642-46B5-4F8A-80E6-9AB30288BFC5}.Debug|ARM.ActiveCfg = Debug|Win32
		{4B103642-46B5-4F8A-80E6-9AB30288BFC5}.Debug|ARM64.ActiveCfg = Debug|Win32
		{4B103642-46B5-4F8A-80E6-9AB30288BFC5}.Debug|x64.ActiveCfg = Debug|x64
		{4B103642-46B5-4F8A-80E6-9AB30288BFC5}.Debug|x64.Build.0 = Debug|x64
		{4B103642-46B5-4F8A-80E6-9AB30288BFC5}.Debug|x86.ActiveCfg = Debug|Win32
		{4B103642-46B5-4F8A-80E6-9AB30288BFC5}.Debug|x86.Build.0 = Debug|Win32
		{4B103642-46B5-4F8A-80E6-9AB30288BFC5}.Release|Any CPU.ActiveCfg = Release|Win32
		{4B103642-46B5-4F8A-80E6-9AB30288BFC5}.Release|ARM.ActiveCfg = Release|Win32
		{4B103642-46B5-4F8A-80E6-9AB30288BFC5}.Release|ARM64.ActiveCfg = Release|Win32
		{4B103642-46B5-4F8A-80E6-9AB30288BFC5}.Release|x64.ActiveCfg = Release|x64
		{4B103642-46B5-4F8A-80E6-9AB30288BFC5}.Release|x64.Build.0 = Release|x64
		{4B103642-46B5-4F8A-80E6-9AB30288BFC5}.Release|x86.ActiveCfg = Release|Win32
		{4B103642-46B5-4F8A-80E6-9AB30288BFC5}.Release|x86.Build.0 = Release|Win32
		{428FE4E3-A954-4E5D-9759-8E0AB3C5D400}.Debug|Any CPU.ActiveCfg = Debug|Win32
		{428FE4E3-A954-4E5D-9759-8E0AB3C5D400}.Debug|ARM.ActiveCfg = Debug|Win32
		{428FE4E3-A954-4E5D-9759-8E0AB3C5D400}.Debug|ARM64.ActiveCfg = Debug|Win32
		{428FE4E3-A954-4E5D-9759-8E0AB3C5D400}.Debug|x64.ActiveCfg = Debug|x64
		{428FE4E3-A954-4E5D-9759-8E0AB3C5D400}.Debug|x64.Build.0 = Debug|x64
		{428FE4E3-A954-4E5D-9759-8E0AB3C5D400}.Debug|x86.ActiveCfg = Debug|Win32
		{428FE4E3-A954-4E5D-9759-8E0AB3C5D400}.Debug|x86.Build.0 = Debug|Win32
		{428FE4E3-A954-4E5D-9759-8E0AB3C5D400}.Release|Any CPU.ActiveCfg = Release|Win32
		{428FE4E3-A954-4E5D-9759-8E0AB3C5D400}.Release|ARM.ActiveCfg = Release|Win32
		{428FE4E3-A954-4E5D-9759-8E0AB3C5D400}.Release|ARM64.ActiveCfg = Release|Win32
		{428FE4E3-A954-4E5D-9759-8E0AB3C5D400}.Release|x64.ActiveCfg = Release|x64
		{428FE4E3-A954-4E5D-9759-8E0AB3C5D400}.Release|x64.Build.0 = Release|x64
		{428FE4E3-A954-4E5D-9759-8E0AB3C5D400}.Release|x86.ActiveCfg = Release|Win32
		{428FE4E3-A954-4E5D-9759-8E0AB3C5D400}.Release|x86.Build.0 = Release|Win32
		{B2C03AD5-B9C9-4E4F-8FF4-53C634DAF936}.Debug|Any CPU.ActiveCfg = Debug|Win32
		{B2C03AD5-B9C9-4E4F-8FF4-53C634DAF936}.Debug|ARM.ActiveCfg = Debug|Win32
		{B2C03AD5-B9C9-4E4F-8FF4-53C634DAF936}.Debug|ARM64.ActiveCfg = Debug|Win32
		{B2C03AD5-B9C9-4E4F-8FF4-53C634DAF936}.Debug|x64.ActiveCfg = Debug|x64
		{B2C03AD5-B9C9-4E4F-8FF4-53C634DAF936}.Debug|x64.Build.0 = Debug|x64
		{B2C03AD5-B9C9-4E4F-8FF4-53C634DAF936}.Debug|x86.ActiveCfg = Debug|Win32
		{B2C03AD5-B9C9-4E4F-8FF4-53C634DAF936}.Debug|x86.Build.0 = Debug|Win32
		{B2C03AD5-B9C9-4E4F-8FF4-53C634DAF936}.Release|Any CPU.ActiveCfg = Release|Win32
		{B2C03AD5-B9C9-4E4F-8FF4-53C634DAF936}.Release|ARM.ActiveCfg = Release|Win32
		{B2C03AD5-B9C9-4E4F-8FF4-53C634DAF936}.Release|ARM64.ActiveCfg = Release|Win32
		{B2C03AD5-B9C9-4E4F-8FF4-53C634DAF936}.Release|x64.ActiveCfg = Release|x64
		{B2C03AD5-B9C9-4E4F-8FF4-53C634DAF936}.Release|x64.Build.0 = Release|x64
		{B2C03AD5-B9C9-4E4F-8FF4-53C634DAF936}.Release|x86.ActiveCfg = Release|Win32
		{B2C03AD5-B9C9-4E4F-8FF4-53C634DAF936}.Release|x86.Build.0 = Release|Win32
		{BD4FF601-0E36-4E0C-91B4-56FA4626A54D}.Debug|Any CPU.ActiveCfg = Debug|Win32
		{BD4FF601-0E36-4E0C-91B4-56FA4626A54D}.Debug|ARM.ActiveCfg = Debug|Win32
		{BD4FF601-0E36-4E0C-91B4-56FA4626A54D}.Debug|ARM64.ActiveCfg = Debug|Win32
		{BD4FF601-0E36-4E0C-91B4-56FA4626A54D}.Debug|x64.ActiveCfg = Debug|x64
		{BD4FF601-0E36-4E0C-91B4-56FA4626A54D}.Debug|x64.Build.0 = Debug|x64
		{BD4FF601-0E36-4E0C-91B4-56FA4626A54D}.Debug|x86.ActiveCfg = Debug|Win32
		{BD4FF601-0E36-4E0C-91B4-56FA4626A54D}.Debug|x86.Build.0 = Debug|Win32
		{BD4FF601-0E36-4E0C-91B4-56FA4626A54D}.Release|Any CPU.ActiveCfg = Release|Win32
		{BD4FF601-0E36-4E0C-91B4-56FA4626A54D}.Release|ARM.ActiveCfg = Release|Win32
		{BD4FF601-0E36-4E0C-91B4-56FA4626A54D}.Release|ARM64.ActiveCfg = Release|Win32
		{BD4FF601-0E36-4E0C-91B4-56FA4626A54D}.Release|x64.ActiveCfg = Release|x64
		{BD4FF601-0E36-4E0C-91B4-56FA4626A54D}.Release|x64.Build.0 = Release|x64
		{BD4FF601-0E36-4E0C-91B4-56FA4626A54D}.Release|x86.ActiveCfg = Release|Win32
		{BD4FF601-0E36-4E0C-91B4-56FA4626A54D}.Release|x86.Build.0 = Release|Win32
		{0061E887-26E6-40E8-9FA6-CA2C7FC73967}.Debug|Any CPU.ActiveCfg = Debug|Win32
		{0061E887-26E6-40E8-9FA6-CA2C7FC73967}.Debug|ARM.ActiveCfg = Debug|Win32
		{0061E887-26E6-40E8-9FA6-CA2C7FC73967}.Debug|ARM64.ActiveCfg = Debug|Win32
		{0061E887-26E6-40E8-9FA6-CA2C7FC73967}.Debug|x64.ActiveCfg = Debug|x64
		{0061E887-26E6-40E8-9FA6-CA2C7FC73967}.Debug|x64.Build.0 = Debug|x64
		{0061E887-26E6-40E8-9FA6-CA2C7FC73967}.Debug|x86.ActiveCfg = Debug|Win32
		{0061E887-26E6-40E8-9FA6-CA2C7FC73967}.Debug|x86.Build.0 = Debug|Win32
		{0061E887-26E6-40E8-9FA6-CA2C7FC73967}.Release|Any CPU.ActiveCfg = Release|Win32
		{0061E887-26E6-40E8-9FA6-CA2C7FC73967}.Release|ARM.ActiveCfg = Release|Win32
		{0061E887-26E6-40E8-9FA6-CA2C7FC73967}.Release|ARM64.ActiveCfg = Release|Win32
		{0061E887-26E6-40E8-9FA6-CA2C7FC73967}.Release|x64.ActiveCfg = Release|x64
		{0061E887-26E6-40E8-9FA6-CA2C7FC73967}.Release|x64.Build.0 = Release|x64
		{0061E887-26E6-40E8-9FA6-CA2C7FC73967}.Release|x86.ActiveCfg = Release|Win32
		{0061E887-26E6-40E8-9FA6-CA2C7FC73967}.Release|x86.Build.0 = Release|Win32
		{55B9E13F-49F5-4638-BE71-800274B70AD2}.Debug|Any CPU.ActiveCfg = Debug|Win32
		{55B9E13F-49F5-4638-BE71-800274B70AD2}.Debug|ARM.ActiveCfg = Debug|Win32
		{55B9E13F-49F5-4638-BE71-800274B70AD2}.Debug|ARM64.ActiveCfg = Debug|Win32
		{55B9E13F-49F5-4638-BE71-800274B70AD2}.Debug|x64.ActiveCfg = Debug|x64
		{55B9E13F-49F5-4638-BE71-800274B70AD2}.Debug|x64.Build.0 = Debug|x64
		{55B9E13F-49F5-4638-BE71-800274B70AD2}.Debug|x86.ActiveCfg = Debug|Win32
		{55B9E13F-49F5-4638-BE71-800274B70AD2}.Debug|x86.Build.0 = Debug|Win32
		{55B9E13F-49F5-4638-BE71-800274B70AD2}.Release|Any CPU.ActiveCfg = Release|Win32
		{55B9E13F-49F5-4638-BE71-800274B70AD2}.Release|ARM.ActiveCfg = Release|Win32
		{55B9E13F-49F5-4638-BE71-800274B70AD2}.Release|ARM64.ActiveCfg = Release|Win32
		{55B9E13F-49F5-4638-BE71-800274B70AD2}.Release|x64.ActiveCfg = Release|x64
		{55B9E13F-49F5-4638-BE71-800274B70AD2}.Release|x64.Build.0 = Release|x64
		{55B9E13F-49F5-4638-BE71-800274B70AD2}.Release|x86.ActiveCfg = Release|Win32
		{55B9E13F-49F5-4638-BE71-800274B70AD2}.Release|x86.Build.0 = Release|Win32
		{F5875EDA-49B8-4DDE-B297-CEE720E7D54E}.Debug|Any CPU.ActiveCfg = Debug|Win32
		{F5875EDA-49B8-4DDE-B297-CEE720E7D54E}.Debug|ARM.ActiveCfg = Debug|Win32
		{F5875EDA-49B8-4DDE-B297-CEE720E7D54E}.Debug|ARM64.ActiveCfg = Debug|Win32
		{F5875EDA-49B8-4DDE-B297-CEE720E7D54E}.Debug|x64.ActiveCfg = Debug|x64
		{F5875EDA-49B8-4DDE-B297-CEE720E7D54E}.Debug|x64.Build.0 = Debug|x64
		{F5875EDA-49B8-4DDE-B297-CEE720E7D54E}.Debug|x86.ActiveCfg = Debug|Win32
		{F5875EDA-49B8-4DDE-B297-CEE720E7D54E}.Debug|x86.Build.0 = Debug|Win32
		{F5875EDA-49B8-4DDE-B297-CEE720E7D54E}.Release|Any CPU.ActiveCfg = Release|Win32
		{F5875EDA-49B8-4DDE-B297-CEE720E7D54E}.Release|ARM.ActiveCfg = Release|Win32
		{F5875EDA-49B8-4DDE-B297-CEE720E7D54E}.Release|ARM64.ActiveCfg = Release|Win32
		{F5875EDA-49B8-4DDE-B297-CEE720E7D54E}.Release|x64.ActiveCfg = Release|x64
		{F5875EDA-49B8-4DDE-B297-CEE720E7D54E}.Release|x64.Build.0 = Release|x64
		{F5875EDA-49B8-4DDE-B297-CEE720E7D54E}.Release|x86.ActiveCfg = Release|Win32
		{F5875EDA-49B8-4DDE-B297-CEE720E7D54E}.Release|x86.Build.0 = Release|Win32
		{C18D53A4-A516-44AF-8142-E7E001B96006}.Debug|Any CPU.ActiveCfg = Debug|Win32
		{C18D53A4-A516-44AF-8142-E7E001B96006}.Debug|ARM.ActiveCfg = Debug|Win32
		{C18D53A4-A516-44AF-8142-E7E001B96006}.Debug|ARM64.ActiveCfg = Debug|Win32
		{C18D53A4-A516-44AF-8142-E7E001B96006}.Debug|x64.ActiveCfg = Debug|x64
		{C18D53A4-A516-44AF-8142-E7E001B96006}.Debug|x64.Build.0 = Debug|x64
		{C18D53A4-A516-44AF-8142-E7E001B96006}.Debug|x86.ActiveCfg = Debug|Win32
		{C18D53A4-A516-44AF-8142-E7E001B96006}.Debug|x86.Build.0 = Debug|Win32
		{C18D53A4-A516-44AF-8142-E7E001B96006}.Release|Any CPU.ActiveCfg = Release|Win32
		{C18D53A4-A516-44AF-8142-E7E001B96006}.Release|ARM.ActiveCfg = Release|Win32
		{C18D53A4-A516-44AF-8142-E7E001B96006}.Release|ARM64.ActiveCfg = Release|Win32
		{C18D53A4-A516-44AF-8142-E7E001B96006}.Release|x64.ActiveCfg = Release|x64
		{C18D53A4-A516-44AF-8142-E7E001B96006}.Release|x64.Build.0 = Release|x64
		{C18D53A4-A516-44AF-8142-E7E001B96006}.Release|x86.ActiveCfg = Release|Win32
		{C18D53A4-A516-44AF-8142-E7E001B96006}.Release|x86.Build.0 = Release|Win32
		{385D99C3-1BAE-4452-A843-722C6B878740}.Debug|Any CPU.ActiveCfg = Debug|Win32
		{385D99C3-1BAE-4452-A843-722C6B878740}.Debug|ARM.ActiveCfg = Debug|Win32
		{385D99C3-1BAE-4452-A843-722C6B878740}.Debug|ARM64.ActiveCfg = Debug|Win32
		{385D99C3-1BAE-4452-A843-722C6B878740}.Debug|x64.ActiveCfg = Debug|x64
		{385D99C3-1BAE-4452-A843-722C6B878740}.Debug|x64.Build.0 = Debug|x64
		{385D99C3-1BAE-4452-A843-722C6B878740}.Debug|x86.ActiveCfg = Debug|Win32
		{385D99C3-1BAE-4452-A843-722C6B878740}.Debug|x86.Build.0 = Debug|Win32
		{385D99C3-1BAE-4452-A843-722C6B878740}.Release|Any CPU.ActiveCfg = Release|Win32
		{385D99C3-1BAE-4452-A843-722C6B878740}.Release|ARM.ActiveCfg = Release|Win32
		{385D99C3-1BAE-4452-A843-722C6B878740}.Release|ARM64.ActiveCfg = Release|Win32
		{385D99C3-1BAE-4452-A843-722C6B878740}.Release|x64.ActiveCfg = Release|x64
		{385D99C3-1BAE-4452-A843-722C6B878740}.Release|x64.Build.0 = Release|x64
		{385D99C3-1BAE-4452-A843-722C6B878740}.Release|x86.ActiveCfg = Release|Win32
		{385D99C3-1BAE-4452-A843-722C6B878740}.Release|x86.Build.0 = Release|Win32
		{A6A390C3-171D-47B9-B50C-39764BA0BD68}.Debug|Any CPU.ActiveCfg = Debug|Win32
		{A6A390C3-171D-47B9-B50C-39764BA0BD68}.Debug|ARM.ActiveCfg = Debug|Win32
		{A6A390C3-171D-47B9-B50C-39764BA0BD68}.Debug|ARM64.ActiveCfg = Debug|Win32
		{A6A390C3-171D-47B9-B50C-39764BA0BD68}.Debug|x64.ActiveCfg = Debug|x64
		{A6A390C3-171D-47B9-B50C-39764BA0BD68}.Debug|x64.Build.0 = Debug|x64
		{A6A390C3-171D-47B9-B50C-39764BA0BD68}.Debug|x86.ActiveCfg = Debug|Win32
		{A6A390C3-171D-47B9-B50C-39764BA0BD68}.Debug|x86.Build.0 = Debug|Win32
		{A6A390C3-171D-47B9-B50C-39764BA0BD68}.Release|Any CPU.ActiveCfg = Release|Win32
		{A6A390C3-171D-47B9-B50C-39764BA0BD68}.Release|ARM.ActiveCfg = Release|Win32
		{A6A390C3-171D-47B9-B50C-39764BA0BD68}.Release|ARM64.ActiveCfg = Release|Win32
		{A6A390C3-171D-47B9-B50C-39764BA0BD68}.Release|x64.ActiveCfg = Release|x64
		{A6A390C3-171D-47B9-B50C-39764BA0BD68}.Release|x64.Build.0 = Release|x64
		{A6A390C3-171D-47B9-B50C-39764BA0BD68}.Release|x86.ActiveCfg = Release|Win32
		{A6A390C3-171D-47B9-B50C-39764BA0BD68}.Release|x86.Build.0 = Release|Win32
		{D2F14F8E-303B-4AE6-A98B-B789CD19981D}.Debug|Any CPU.ActiveCfg = Debug|Win32
		{D2F14F8E-303B-4AE6-A98B-B789CD19981D}.Debug|ARM.ActiveCfg = Debug|Win32
		{D2F14F8E-303B-4AE6-A98B-B789CD19981D}.Debug|ARM64.ActiveCfg = Debug|Win32
		{D2F14F8E-303B-4AE6-A98B-B789CD19981D}.Debug|x64.ActiveCfg = Debug|x64
		{D2F14F8E-303B-4AE6-A98B-B789CD19981D}.Debug|x64.Build.0 = Debug|x64
		{D2F14F8E-303B-4AE6-A98B-B789CD19981D}.Debug|x86.ActiveCfg = Debug|Win32
		{D2F14F8E-303B-4AE6-A98B-B789CD19981D}.Debug|x86.Build.0 = Debug|Win32
		{D2F14F8E-303B-4AE6-A98B-B789CD19981D}.Release|Any CPU.ActiveCfg = Release|Win32
		{D2F14F8E-303B-4AE6-A98B-B789CD19981D}.Release|ARM.ActiveCfg = Release|Win32
		{D2F14F8E-303B-4AE6-A98B-B789CD19981D}.Release|ARM64.ActiveCfg = Release|Win32
		{D2F14F8E-303B-4AE6-A98B-B789CD19981D}.Release|x64.ActiveCfg = Release|x64
		{D2F14F8E-303B-4AE6-A98B-B789CD19981D}.Release|x64.Build.0 = Release|x64
		{D2F14F8E-303B-4AE6-A98B-B789CD19981D}.Release|x86.ActiveCfg = Release|Win32
		{D2F14F8E-303B-4AE6-A98B-B789CD19981D}.Release|x86.Build.0 = Release|Win32
		{40C76878-B769-483B-A825-6224B831AB06}.Debug|Any CPU.ActiveCfg = Debug|Win32
		{40C76878-B769-483B-A825-6224B831AB06}.Debug|ARM.ActiveCfg = Debug|Win32
		{40C76878-B769-483B-A825-6224B831AB06}.Debug|ARM64.ActiveCfg = Debug|Win32
		{40C76878-B769-483B-A825-6224B831AB06}.Debug|x64.ActiveCfg = Debug|x64
		{40C76878-B769-483B-A825-6224B831AB06}.Debug|x64.Build.0 = Debug|x64
		{40C76878-B769-483B-A825-6224B831AB06}.Debug|x86.ActiveCfg = Debug|Win32
		{40C76878-B769-483B-A825-6224B831AB06}.Debug|x86.Build.0 = Debug|Win32
		{40C76878-B769-483B-A825-6224B831AB06}.Release|Any CPU.ActiveCfg = Release|Win32
		{40C76878-B769-483B-A825-6224B831AB06}.Release|ARM.ActiveCfg = Release|Win32
		{40C76878-B769-483B-A825-6224B831AB06}.Release|ARM64.ActiveCfg = Release|Win32
		{40C76878-B769-483B-A825-6224B831AB06}.Release|x64.ActiveCfg = Release|x64
		{40C76878-B769-483B-A825-6224B831AB06}.Release|x64.Build.0 = Release|x64
		{40C76878-B769-483B-A825-6224B831AB06}.Release|x86.ActiveCfg = Release|Win32
		{40C76878-B769-483B-A825-6224B831AB06}.Release|x86.Build.0 = Release|Win32
		{618D9E1A-89C8-48FF-9A90-A7ED5ED2EA2C}.Debug|Any CPU.ActiveCfg = Debug|Win32
		{618D9E1A-89C8-48FF-9A90-A7ED5ED2EA2C}.Debug|ARM.ActiveCfg = Debug|Win32
		{618D9E1A-89C8-48FF-9A90-A7ED5ED2EA2C}.Debug|ARM64.ActiveCfg = Debug|Win32
		{618D9E1A-89C8-48FF-9A90-A7ED5ED2EA2C}.Debug|x64.ActiveCfg = Debug|x64
		{618D9E1A-89C8-48FF-9A90-A7ED5ED2EA2C}.Debug|x64.Build.0 = Debug|x64
		{618D9E1A-89C8-48FF-9A90-A7ED5ED2EA2C}.Debug|x86.ActiveCfg = Debug|Win32
		{618D9E1A-89C8-48FF-9A90-A7ED5ED2EA2C}.Debug|x86.Build.0 = Debug|Win32
		{618D9E1A-89C8-48FF-9A90-A7ED5ED2EA2C}.Release|Any CPU.ActiveCfg = Release|Win32
		{618D9E1A-89C8-48FF-9A90-A7ED5ED2EA2C}.Release|ARM.ActiveCfg = Release|Win32
		{618D9E1A-89C8-48FF-9A90-A7ED5ED2EA2C}.Release|ARM64.ActiveCfg = Release|Win32
		{618D9E1A-89C8-48FF-9A90-A7ED5ED2EA2C}.Release|x64.ActiveCfg = Release|x64
		{618D9E1A-89C8-48FF-9A90-A7ED5ED2EA2C}.Release|x64.Build.0 = Release|x64
		{618D9E1A-89C8-48FF-9A90-A7ED5ED2EA2C}.Release|x86.ActiveCfg = Release|Win32
		{618D9E1A-89C8-48FF-9A90-A7ED5ED2EA2C}.Release|x86.Build.0 = Release|Win32
		{4AB35171-9952-4A89-9589-8A63E8BE47E9}.Debug|Any CPU.ActiveCfg = Debug|Win32
		{4AB35171-9952-4A89-9589-8A63E8BE47E9}.Debug|ARM.ActiveCfg = Debug|Win32
		{4AB35171-9952-4A89-9589-8A63E8BE47E9}.Debug|ARM64.ActiveCfg = Debug|Win32
		{4AB35171-9952-4A89-9589-8A63E8BE47E9}.Debug|x64.ActiveCfg = Debug|x64
		{4AB35171-9952-4A89-9589-8A63E8BE47E9}.Debug|x64.Build.0 = Debug|x64
		{4AB35171-9952-4A89-9589-8A63E8BE47E9}.Debug|x86.ActiveCfg = Debug|Win32
		{4AB35171-9952-4A89-9589-8A63E8BE47E9}.Debug|x86.Build.0 = Debug|Win32
		{4AB35171-9952-4A89-9589-8A63E8BE47E9}.Release|Any CPU.ActiveCfg = Release|Win32
		{4AB35171-9952-4A89-9589-8A63E8BE47E9}.Release|ARM.ActiveCfg = Release|Win32
		{4AB35171-9952-4A89-9589-8A63E8BE47E9}.Release|ARM64.ActiveCfg = Release|Win32
		{4AB35171-9952-4A89-9589-8A63E8BE47E9}.Release|x64.ActiveCfg = Release|x64
		{4AB35171-9952-4A89-9589-8A63E8BE47E9}.Release|x64.Build.0 = Release|x64
		{4AB35171-9952-4A89-9589-8A63E8BE47E9}.Release|x86.ActiveCfg = Release|Win32
		{4AB35171-9952-4A89-9589-8A63E8BE47E9}.Release|x86.Build.0 = Release|Win32
		{0A91EB2B-8EBC-43B6-BE7B-73DF089CBFA4}.Debug|Any CPU.ActiveCfg = Debug|Win32
		{0A91EB2B-8EBC-43B6-BE7B-73DF089CBFA4}.Debug|ARM.ActiveCfg = Debug|Win32
		{0A91EB2B-8EBC-43B6-BE7B-73DF089CBFA4}.Debug|ARM64.ActiveCfg = Debug|Win32
		{0A91EB2B-8EBC-43B6-BE7B-73DF089CBFA4}.Debug|x64.ActiveCfg = Debug|x64
		{0A91EB2B-8EBC-43B6-BE7B-73DF089CBFA4}.Debug|x64.Build.0 = Debug|x64
		{0A91EB2B-8EBC-43B6-BE7B-73DF089CBFA4}.Debug|x86.ActiveCfg = Debug|Win32
		{0A91EB2B-8EBC-43B6-BE7B-73DF089CBFA4}.Debug|x86.Build.0 = Debug|Win32
		{0A91EB2B-8EBC-43B6-BE7B-73DF089CBFA4}.Release|Any CPU.ActiveCfg = Release|Win32
		{0A91EB2B-8EBC-43B6-BE7B-73DF089CBFA4}.Release|ARM.ActiveCfg = Release|Win32
		{0A91EB2B-8EBC-43B6-BE7B-73DF089CBFA4}.Release|ARM64.ActiveCfg = Release|Win32
		{0A91EB2B-8EBC-43B6-BE7B-73DF089CBFA4}.Release|x64.ActiveCfg = Release|x64
		{0A91EB2B-8EBC-43B6-BE7B-73DF089CBFA4}.Release|x64.Build.0 = Release|x64
		{0A91EB2B-8EBC-43B6-BE7B-73DF089CBFA4}.Release|x86.ActiveCfg = Release|Win32
		{0A91EB2B-8EBC-43B6-BE7B-73DF089CBFA4}.Release|x86.Build.0 = Release|Win32
		{7BE262DC-60B5-47D8-8986-C800F567947C}.Debug|Any CPU.ActiveCfg = Debug|Win32
		{7BE262DC-60B5-47D8-8986-C800F567947C}.Debug|ARM.ActiveCfg = Debug|Win32
		{7BE262DC-60B5-47D8-8986-C800F567947C}.Debug|ARM64.ActiveCfg = Debug|Win32
		{7BE262DC-60B5-47D8-8986-C800F567947C}.Debug|x64.ActiveCfg = Debug|x64
		{7BE262DC-60B5-47D8-8986-C800F567947C}.Debug|x64.Build.0 = Debug|x64
		{7BE262DC-60B5-47D8-8986-C800F567947C}.Debug|x86.ActiveCfg = Debug|Win32
		{7BE262DC-60B5-47D8-8986-C800F567947C}.Debug|x86.Build.0 = Debug|Win32
		{7BE262DC-60B5-47D8-8986-C800F567947C}.Release|Any CPU.ActiveCfg = Release|Win32
		{7BE262DC-60B5-47D8-8986-C800F567947C}.Release|ARM.ActiveCfg = Release|Win32
		{7BE262DC-60B5-47D8-8986-C800F567947C}.Release|ARM64.ActiveCfg = Release|Win32
		{7BE262DC-60B5-47D8-8986-C800F567947C}.Release|x64.ActiveCfg = Release|x64
		{7BE262DC-60B5-47D8-8986-C800F567947C}.Release|x64.Build.0 = Release|x64
		{7BE262DC-60B5-47D8-8986-C800F567947C}.Release|x86.ActiveCfg = Release|Win32
		{7BE262DC-60B5-47D8-8986-C800F567947C}.Release|x86.Build.0 = Release|Win32
		{C99C2242-D38A-4E7A-925E-BDB32CF888A4}.Debug|Any CPU.ActiveCfg = Debug|Win32
		{C99C2242-D38A-4E7A-925E-BDB32CF888A4}.Debug|ARM.ActiveCfg = Debug|Win32
		{C99C2242-D38A-4E7A-925E-BDB32CF888A4}.Debug|ARM64.ActiveCfg = Debug|Win32
		{C99C2242-D38A-4E7A-925E-BDB32CF888A4}.Debug|x64.ActiveCfg = Debug|x64
		{C99C2242-D38A-4E7A-925E-BDB32CF888A4}.Debug|x64.Build.0 = Debug|x64
		{C99C2242-D38A-4E7A-925E-BDB32CF888A4}.Debug|x86.ActiveCfg = Debug|Win32
		{C99C2242-D38A-4E7A-925E-BDB32CF888A4}.Debug|x86.Build.0 = Debug|Win32
		{C99C2242-D38A-4E7A-925E-BDB32CF888A4}.Release|Any CPU.ActiveCfg = Release|Win32
		{C99C2242-D38A-4E7A-925E-BDB32CF888A4}.Release|ARM.ActiveCfg = Release|Win32
		{C99C2242-D38A-4E7A-925E-BDB32CF888A4}.Release|ARM64.ActiveCfg = Release|Win32
		{C99C2242-D38A-4E7A-925E-BDB32CF888A4}.Release|x64.ActiveCfg = Release|x64
		{C99C2242-D38A-4E7A-925E-BDB32CF888A4}.Release|x64.Build.0 = Release|x64
		{C99C2242-D38A-4E7A-925E-BDB32CF888A4}.Release|x86.ActiveCfg = Release|Win32
		{C99C2242-D38A-4E7A-925E-BDB32CF888A4}.Release|x86.Build.0 = Release|Win32
		{ABC6A868-347E-450D-B464-65841F44E2A4}.Debug|Any CPU.ActiveCfg = Debug|Win32
		{ABC6A868-347E-450D-B464-65841F44E2A4}.Debug|ARM.ActiveCfg = Debug|Win32
		{ABC6A868-347E-450D-B464-65841F44E2A4}.Debug|ARM64.ActiveCfg = Debug|Win32
		{ABC6A868-347E-450D-B464-65841F44E2A4}.Debug|x64.ActiveCfg = Debug|x64
		{ABC6A868-347E-450D-B464-65841F44E2A4}.Debug|x64.Build.0 = Debug|x64
		{ABC6A868-347E-450D-B464-65841F44E2A4}.Debug|x86.ActiveCfg = Debug|Win32
		{ABC6A868-347E-450D-B464-65841F44E2A4}.Debug|x86.Build.0 = Debug|Win32
		{ABC6A868-347E-450D-B464-65841F44E2A4}.Release|Any CPU.ActiveCfg = Release|Win32
		{ABC6A868-347E-450D-B464-65841F44E2A4}.Release|ARM.ActiveCfg = Release|Win32
		{ABC6A868-347E-450D-B464-65841F44E2A4}.Release|ARM64.ActiveCfg = Release|Win32
		{ABC6A868-347E-450D-B464-65841F44E2A4}.Release|x64.ActiveCfg = Release|x64
		{ABC6A868-347E-450D-B464-65841F44E2A4}.Release|x64.Build.0 = Release|x64
		{ABC6A868-347E-450D-B464-65841F44E2A4}.Release|x86.ActiveCfg = Release|Win32
		{ABC6A868-347E-450D-B464-65841F44E2A4}.Release|x86.Build.0 = Release|Win32
		{32EA6B6C-57E5-4CD9-878B-0571653E5339}.Debug|Any CPU.ActiveCfg = Debug|Win32
		{32EA6B6C-57E5-4CD9-878B-0571653E5339}.Debug|ARM.ActiveCfg = Debug|Win32
		{32EA6B6C-57E5-4CD9-878B-0571653E5339}.Debug|ARM64.ActiveCfg = Debug|Win32
		{32EA6B6C-57E5-4CD9-878B-0571653E5339}.Debug|x64.ActiveCfg = Debug|x64
		{32EA6B6C-57E5-4CD9-878B-0571653E5339}.Debug|x64.Build.0 = Debug|x64
		{32EA6B6C-57E5-4CD9-878B-0571653E5339}.Debug|x86.ActiveCfg = Debug|Win32
		{32EA6B6C-57E5-4CD9-878B-0571653E5339}.Debug|x86.Build.0 = Debug|Win32
		{32EA6B6C-57E5-4CD9-878B-0571653E5339}.Release|Any CPU.ActiveCfg = Release|Win32
		{32EA6B6C-57E5-4CD9-878B-0571653E5339}.Release|ARM.ActiveCfg = Release|Win32
		{32EA6B6C-57E5-4CD9-878B-0571653E5339}.Release|ARM64.ActiveCfg = Release|Win32
		{32EA6B6C-57E5-4CD9-878B-0571653E5339}.Release|x64.ActiveCfg = Release|x64
		{32EA6B6C-57E5-4CD9-878B-0571653E5339}.Release|x64.Build.0 = Release|x64
		{32EA6B6C-57E5-4CD9-878B-0571653E5339}.Release|x86.ActiveCfg = Release|Win32
		{32EA6B6C-57E5-4CD9-878B-0571653E5339}.Release|x86.Build.0 = Release|Win32
	EndGlobalSection
	GlobalSection(SolutionProperties) = preSolution
		HideSolutionNode = FALSE
	EndGlobalSection
	GlobalSection(NestedProjects) = preSolution
		{2716352B-DE75-4358-9741-06B89473CDB6} = {95924D47-4316-4FA6-ACEA-170D716DEB85}
		{1E340E18-FBD0-4CCA-B6C3-D58724ED3AFC} = {95924D47-4316-4FA6-ACEA-170D716DEB85}
		{95924D47-4316-4FA6-ACEA-170D716DEB85} = {D2085BC4-4AA0-4791-B2B8-0125FD3F03A0}
		{39E544B4-2DFE-45AB-97BD-EC51DF5292EB} = {EE13D233-2238-409F-9A16-6EE185AE4688}
		{91437BA4-51FF-4EE5-847F-F14263ABEAAD} = {95924D47-4316-4FA6-ACEA-170D716DEB85}
		{B966D1F4-5021-4561-A271-3D57D880F29D} = {EE13D233-2238-409F-9A16-6EE185AE4688}
		{0F84A470-8C7F-4D48-A328-819822EB3373} = {BFE1321A-EBAC-43A0-BA09-4EEE122C9435}
		{87D022E5-170D-44F8-9967-B098D7C6E380} = {EE13D233-2238-409F-9A16-6EE185AE4688}
		{E97192C8-AF91-4345-B94C-9F6113C362DB} = {95924D47-4316-4FA6-ACEA-170D716DEB85}
		{684F7D91-4747-4B0D-A7AC-92CD7777876F} = {7DC6D209-6543-41DD-811B-95C495A965D2}
		{0CA96258-2ABC-44AA-B498-26963E237BBB} = {91437BA4-51FF-4EE5-847F-F14263ABEAAD}
		{95DCBD12-1B92-4B45-A144-FC78B9CDC2DB} = {2716352B-DE75-4358-9741-06B89473CDB6}
		{50373AE8-5187-4C37-9873-B542C5317849} = {E97192C8-AF91-4345-B94C-9F6113C362DB}
		{F33C797C-305C-4A91-BD8A-6A55536BCE1F} = {1E340E18-FBD0-4CCA-B6C3-D58724ED3AFC}
		{A9AE42E8-EBBB-40A4-9F9B-3C90C16174C1} = {684F7D91-4747-4B0D-A7AC-92CD7777876F}
		{A03BAD0F-DAB4-4D45-A79E-72DBBF4300D7} = {D2085BC4-4AA0-4791-B2B8-0125FD3F03A0}
		{EAEA5F83-5411-4738-93FF-DCE6628F163E} = {A03BAD0F-DAB4-4D45-A79E-72DBBF4300D7}
		{C0A88489-716D-4A1E-9F61-FC955187EA9C} = {EAEA5F83-5411-4738-93FF-DCE6628F163E}
		{E9D1B226-F8AE-4000-8E90-088B6B45E1F3} = {A03BAD0F-DAB4-4D45-A79E-72DBBF4300D7}
		{C4BD83FE-E3D7-46AF-8981-50818E857ADB} = {E9D1B226-F8AE-4000-8E90-088B6B45E1F3}
		{18279080-46DD-49D4-8A7E-4DBCFDAAEF45} = {EAEA5F83-5411-4738-93FF-DCE6628F163E}
		{0118F407-3A88-403B-B98D-B2AC3B65FE14} = {EAEA5F83-5411-4738-93FF-DCE6628F163E}
		{55938F86-DFA5-45C3-882B-619617648204} = {95924D47-4316-4FA6-ACEA-170D716DEB85}
		{49A15A73-536D-4FF1-A26A-29646B3F14B1} = {55938F86-DFA5-45C3-882B-619617648204}
		{BD3CAB50-5275-4D1C-A6C1-83A0F84D3994} = {55938F86-DFA5-45C3-882B-619617648204}
		{212E059B-DEDD-422C-83B6-F56091622D9C} = {55938F86-DFA5-45C3-882B-619617648204}
		{335DA7F5-C41E-45AA-B357-85AF9CF112D4} = {91437BA4-51FF-4EE5-847F-F14263ABEAAD}
		{7137CBC6-1991-4FB1-B10C-912A0574523B} = {7DC6D209-6543-41DD-811B-95C495A965D2}
		{36249BF7-2044-4E9C-AC16-E1752C67501E} = {7137CBC6-1991-4FB1-B10C-912A0574523B}
		{9A3EFCDE-7DA7-488D-949B-547D1BEECE73} = {21191DAD-4110-4C50-B3CB-A6B75A0F82EE}
		{D43B43CD-385E-432A-A52B-ACAE8AB6C8C1} = {7DC6D209-6543-41DD-811B-95C495A965D2}
		{6CEF19EB-02DB-4B9A-93D8-9E89E662F919} = {D43B43CD-385E-432A-A52B-ACAE8AB6C8C1}
		{A1B116CE-961D-42F0-B6C7-82A64B509CAA} = {D43B43CD-385E-432A-A52B-ACAE8AB6C8C1}
		{10975736-1648-4F00-8034-438AC2A14B4C} = {CFA2728D-AEAF-4165-A57E-F086A1F7436A}
		{BBDDF20B-B9D8-4C05-A877-B657F5C8609A} = {CFA2728D-AEAF-4165-A57E-F086A1F7436A}
		{950B9F34-A87D-420D-848B-D49F306C38B9} = {DA34F827-AD31-4694-B418-45579A4DD77A}
		{3094BB2A-7B86-429A-BBBC-40703DFCC725} = {6BB16409-2BA9-4B62-8B82-9911284434DF}
		{8AF6B6DD-1AB9-49FA-97CA-C484BBF386CA} = {6C50D637-A4FB-42BE-ABA8-B597AE6FC1D9}
		{2064D9F7-2144-4153-8B22-D15632024F15} = {7F38C569-AE8E-465E-9558-BA1847A18BA0}
		{4B103642-46B5-4F8A-80E6-9AB30288BFC5} = {2064D9F7-2144-4153-8B22-D15632024F15}
		{2C932502-3A72-4DF4-9FF4-B2CD126FF81A} = {D2085BC4-4AA0-4791-B2B8-0125FD3F03A0}
		{7A8D3EAA-FA6D-44DF-B83F-43F371B6A3DF} = {2C932502-3A72-4DF4-9FF4-B2CD126FF81A}
		{428FE4E3-A954-4E5D-9759-8E0AB3C5D400} = {7A8D3EAA-FA6D-44DF-B83F-43F371B6A3DF}
		{22291C52-DE7C-4D85-8C95-36BB336B4A21} = {2C932502-3A72-4DF4-9FF4-B2CD126FF81A}
		{B2C03AD5-B9C9-4E4F-8FF4-53C634DAF936} = {22291C52-DE7C-4D85-8C95-36BB336B4A21}
		{BD4FF601-0E36-4E0C-91B4-56FA4626A54D} = {7A8D3EAA-FA6D-44DF-B83F-43F371B6A3DF}
		{7415B81C-F306-4C3B-B5CB-CE73E7D4DA4E} = {7F38C569-AE8E-465E-9558-BA1847A18BA0}
		{0061E887-26E6-40E8-9FA6-CA2C7FC73967} = {7415B81C-F306-4C3B-B5CB-CE73E7D4DA4E}
		{55B9E13F-49F5-4638-BE71-800274B70AD2} = {91437BA4-51FF-4EE5-847F-F14263ABEAAD}
		{FA30E71F-E442-461F-B557-A548C120D74A} = {7F38C569-AE8E-465E-9558-BA1847A18BA0}
		{F5875EDA-49B8-4DDE-B297-CEE720E7D54E} = {FA30E71F-E442-461F-B557-A548C120D74A}
		{C18D53A4-A516-44AF-8142-E7E001B96006} = {6C50D637-A4FB-42BE-ABA8-B597AE6FC1D9}
		{385D99C3-1BAE-4452-A843-722C6B878740} = {6C50D637-A4FB-42BE-ABA8-B597AE6FC1D9}
		{A6A390C3-171D-47B9-B50C-39764BA0BD68} = {EE13D233-2238-409F-9A16-6EE185AE4688}
		{D2F14F8E-303B-4AE6-A98B-B789CD19981D} = {EE13D233-2238-409F-9A16-6EE185AE4688}
		{A3451486-AB38-4360-B752-94680B491792} = {EE13D233-2238-409F-9A16-6EE185AE4688}
		{40C76878-B769-483B-A825-6224B831AB06} = {2BB78300-C513-4C8C-B55C-3BD57639C26A}
		{618D9E1A-89C8-48FF-9A90-A7ED5ED2EA2C} = {2BB78300-C513-4C8C-B55C-3BD57639C26A}
		{4AB35171-9952-4A89-9589-8A63E8BE47E9} = {2BB78300-C513-4C8C-B55C-3BD57639C26A}
		{0A91EB2B-8EBC-43B6-BE7B-73DF089CBFA4} = {EE13D233-2238-409F-9A16-6EE185AE4688}
		{7BE262DC-60B5-47D8-8986-C800F567947C} = {7DC6D209-6543-41DD-811B-95C495A965D2}
		{C99C2242-D38A-4E7A-925E-BDB32CF888A4} = {7F38C569-AE8E-465E-9558-BA1847A18BA0}
		{ABC6A868-347E-450D-B464-65841F44E2A4} = {7F38C569-AE8E-465E-9558-BA1847A18BA0}
		{32EA6B6C-57E5-4CD9-878B-0571653E5339} = {7F38C569-AE8E-465E-9558-BA1847A18BA0}
	EndGlobalSection
	GlobalSection(ExtensibilityGlobals) = postSolution
		SolutionGuid = {075C7FB3-3B0A-437F-85D3-E13D0C7A66A3}
	EndGlobalSection
EndGlobal
