
Microsoft Visual Studio Solution File, Format Version 12.00
# Visual Studio Version 16
VisualStudioVersion = 16.0.33130.400
MinimumVisualStudioVersion = 10.0.40219.1
Project("{8BC9CEB8-8B4A-11D0-8D11-00A0C91BC942}") = "Console", "Console\Console.vcxproj", "{27C2C410-8770-4D35-941C-6EA738388F43}"
EndProject
Project("{8BC9CEB8-8B4A-11D0-8D11-00A0C91BC942}") = "CrashHandling", "CrashHandling\CrashHandling.vcxproj", "{F3EEF5CD-574F-4123-8265-46418D48DBD9}"
EndProject
Project("{8BC9CEB8-8B4A-11D0-8D11-00A0C91BC942}") = "Helpers", "Helpers\Helpers.vcxproj", "{99EB66FC-797A-45FB-8932-DC1DFBEFDA9E}"
EndProject
Project("{2150E333-8FDC-42A3-9474-1A3956D46DE8}") = "Packages", "Packages", "{BFE1321A-EBAC-43A0-BA09-4EEE122C9435}"
EndProject
Project("{C7167F0D-BC9F-4E6E-AFE1-012C56B48DB5}") = "PackageConsole", "PackageConsole\PackageConsole.wapproj", "{0F84A470-8C7F-4D48-A328-819822EB3373}"
EndProject
Project("{2150E333-8FDC-42A3-9474-1A3956D46DE8}") = "UWP", "UWP", "{2716352B-DE75-4358-9741-06B89473CDB6}"
EndProject
Project("{FAE04EC0-301F-11D3-BF4B-00C04F79EFBC}") = "TestUWP", "TestUWP\TestUWP.csproj", "{95DCBD12-1B92-4B45-A144-FC78B9CDC2DB}"
EndProject
Project("{2150E333-8FDC-42A3-9474-1A3956D46DE8}") = "Shared", "Shared", "{EE13D233-2238-409F-9A16-6EE185AE4688}"
EndProject
Global
	GlobalSection(SolutionConfigurationPlatforms) = preSolution
		Debug|Any CPU = Debug|Any CPU
		Debug|ARM = Debug|ARM
		Debug|ARM64 = Debug|ARM64
		Debug|x64 = Debug|x64
		Debug|x86 = Debug|x86
		Release|Any CPU = Release|Any CPU
		Release|ARM = Release|ARM
		Release|ARM64 = Release|ARM64
		Release|x64 = Release|x64
		Release|x86 = Release|x86
	EndGlobalSection
	GlobalSection(ProjectConfigurationPlatforms) = postSolution
		{27C2C410-8770-4D35-941C-6EA738388F43}.Debug|Any CPU.ActiveCfg = Debug|Win32
		{27C2C410-8770-4D35-941C-6EA738388F43}.Debug|ARM.ActiveCfg = Debug|Win32
		{27C2C410-8770-4D35-941C-6EA738388F43}.Debug|ARM64.ActiveCfg = Debug|Win32
		{27C2C410-8770-4D35-941C-6EA738388F43}.Debug|x64.ActiveCfg = Debug|x64
		{27C2C410-8770-4D35-941C-6EA738388F43}.Debug|x64.Build.0 = Debug|x64
		{27C2C410-8770-4D35-941C-6EA738388F43}.Debug|x86.ActiveCfg = Debug|Win32
		{27C2C410-8770-4D35-941C-6EA738388F43}.Debug|x86.Build.0 = Debug|Win32
		{27C2C410-8770-4D35-941C-6EA738388F43}.Release|Any CPU.ActiveCfg = Release|Win32
		{27C2C410-8770-4D35-941C-6EA738388F43}.Release|ARM.ActiveCfg = Release|Win32
		{27C2C410-8770-4D35-941C-6EA738388F43}.Release|ARM64.ActiveCfg = Release|Win32
		{27C2C410-8770-4D35-941C-6EA738388F43}.Release|x64.ActiveCfg = Release|x64
		{27C2C410-8770-4D35-941C-6EA738388F43}.Release|x64.Build.0 = Release|x64
		{27C2C410-8770-4D35-941C-6EA738388F43}.Release|x86.ActiveCfg = Release|Win32
		{27C2C410-8770-4D35-941C-6EA738388F43}.Release|x86.Build.0 = Release|Win32
		{F3EEF5CD-574F-4123-8265-46418D48DBD9}.Debug|Any CPU.ActiveCfg = Debug|Win32
		{F3EEF5CD-574F-4123-8265-46418D48DBD9}.Debug|ARM.ActiveCfg = Debug|Win32
		{F3EEF5CD-574F-4123-8265-46418D48DBD9}.Debug|ARM64.ActiveCfg = Debug|Win32
		{F3EEF5CD-574F-4123-8265-46418D48DBD9}.Debug|x64.ActiveCfg = Debug|x64
		{F3EEF5CD-574F-4123-8265-46418D48DBD9}.Debug|x64.Build.0 = Debug|x64
		{F3EEF5CD-574F-4123-8265-46418D48DBD9}.Debug|x86.ActiveCfg = Debug|Win32
		{F3EEF5CD-574F-4123-8265-46418D48DBD9}.Debug|x86.Build.0 = Debug|Win32
		{F3EEF5CD-574F-4123-8265-46418D48DBD9}.Release|Any CPU.ActiveCfg = Release|Win32
		{F3EEF5CD-574F-4123-8265-46418D48DBD9}.Release|ARM.ActiveCfg = Release|Win32
		{F3EEF5CD-574F-4123-8265-46418D48DBD9}.Release|ARM64.ActiveCfg = Release|Win32
		{F3EEF5CD-574F-4123-8265-46418D48DBD9}.Release|x64.ActiveCfg = Release|x64
		{F3EEF5CD-574F-4123-8265-46418D48DBD9}.Release|x64.Build.0 = Release|x64
		{F3EEF5CD-574F-4123-8265-46418D48DBD9}.Release|x86.ActiveCfg = Release|Win32
		{F3EEF5CD-574F-4123-8265-46418D48DBD9}.Release|x86.Build.0 = Release|Win32
		{99EB66FC-797A-45FB-8932-DC1DFBEFDA9E}.Debug|Any CPU.ActiveCfg = Debug|Win32
		{99EB66FC-797A-45FB-8932-DC1DFBEFDA9E}.Debug|ARM.ActiveCfg = Debug|Win32
		{99EB66FC-797A-45FB-8932-DC1DFBEFDA9E}.Debug|ARM64.ActiveCfg = Debug|Win32
		{99EB66FC-797A-45FB-8932-DC1DFBEFDA9E}.Debug|x64.ActiveCfg = Debug|x64
		{99EB66FC-797A-45FB-8932-DC1DFBEFDA9E}.Debug|x64.Build.0 = Debug|x64
		{99EB66FC-797A-45FB-8932-DC1DFBEFDA9E}.Debug|x86.ActiveCfg = Debug|Win32
		{99EB66FC-797A-45FB-8932-DC1DFBEFDA9E}.Debug|x86.Build.0 = Debug|Win32
		{99EB66FC-797A-45FB-8932-DC1DFBEFDA9E}.Release|Any CPU.ActiveCfg = Release|Win32
		{99EB66FC-797A-45FB-8932-DC1DFBEFDA9E}.Release|ARM.ActiveCfg = Release|Win32
		{99EB66FC-797A-45FB-8932-DC1DFBEFDA9E}.Release|ARM64.ActiveCfg = Release|Win32
		{99EB66FC-797A-45FB-8932-DC1DFBEFDA9E}.Release|x64.ActiveCfg = Release|x64
		{99EB66FC-797A-45FB-8932-DC1DFBEFDA9E}.Release|x64.Build.0 = Release|x64
		{99EB66FC-797A-45FB-8932-DC1DFBEFDA9E}.Release|x86.ActiveCfg = Release|Win32
		{99EB66FC-797A-45FB-8932-DC1DFBEFDA9E}.Release|x86.Build.0 = Release|Win32
		{0F84A470-8C7F-4D48-A328-819822EB3373}.Debug|Any CPU.ActiveCfg = Debug|Any CPU
		{0F84A470-8C7F-4D48-A328-819822EB3373}.Debug|Any CPU.Build.0 = Debug|Any CPU
		{0F84A470-8C7F-4D48-A328-819822EB3373}.Debug|Any CPU.Deploy.0 = Debug|Any CPU
		{0F84A470-8C7F-4D48-A328-819822EB3373}.Debug|ARM.ActiveCfg = Debug|ARM
		{0F84A470-8C7F-4D48-A328-819822EB3373}.Debug|ARM.Build.0 = Debug|ARM
		{0F84A470-8C7F-4D48-A328-819822EB3373}.Debug|ARM.Deploy.0 = Debug|ARM
		{0F84A470-8C7F-4D48-A328-819822EB3373}.Debug|ARM64.ActiveCfg = Debug|ARM64
		{0F84A470-8C7F-4D48-A328-819822EB3373}.Debug|ARM64.Build.0 = Debug|ARM64
		{0F84A470-8C7F-4D48-A328-819822EB3373}.Debug|ARM64.Deploy.0 = Debug|ARM64
		{0F84A470-8C7F-4D48-A328-819822EB3373}.Debug|x64.ActiveCfg = Debug|x64
		{0F84A470-8C7F-4D48-A328-819822EB3373}.Debug|x64.Build.0 = Debug|x64
		{0F84A470-8C7F-4D48-A328-819822EB3373}.Debug|x64.Deploy.0 = Debug|x64
		{0F84A470-8C7F-4D48-A328-819822EB3373}.Debug|x86.ActiveCfg = Debug|x86
		{0F84A470-8C7F-4D48-A328-819822EB3373}.Debug|x86.Build.0 = Debug|x86
		{0F84A470-8C7F-4D48-A328-819822EB3373}.Debug|x86.Deploy.0 = Debug|x86
		{0F84A470-8C7F-4D48-A328-819822EB3373}.Release|Any CPU.ActiveCfg = Release|Any CPU
		{0F84A470-8C7F-4D48-A328-819822EB3373}.Release|Any CPU.Build.0 = Release|Any CPU
		{0F84A470-8C7F-4D48-A328-819822EB3373}.Release|Any CPU.Deploy.0 = Release|Any CPU
		{0F84A470-8C7F-4D48-A328-819822EB3373}.Release|ARM.ActiveCfg = Release|ARM
		{0F84A470-8C7F-4D48-A328-819822EB3373}.Release|ARM.Build.0 = Release|ARM
		{0F84A470-8C7F-4D48-A328-819822EB3373}.Release|ARM.Deploy.0 = Release|ARM
		{0F84A470-8C7F-4D48-A328-819822EB3373}.Release|ARM64.ActiveCfg = Release|ARM64
		{0F84A470-8C7F-4D48-A328-819822EB3373}.Release|ARM64.Build.0 = Release|ARM64
		{0F84A470-8C7F-4D48-A328-819822EB3373}.Release|ARM64.Deploy.0 = Release|ARM64
		{0F84A470-8C7F-4D48-A328-819822EB3373}.Release|x64.ActiveCfg = Release|x64
		{0F84A470-8C7F-4D48-A328-819822EB3373}.Release|x64.Build.0 = Release|x64
		{0F84A470-8C7F-4D48-A328-819822EB3373}.Release|x64.Deploy.0 = Release|x64
		{0F84A470-8C7F-4D48-A328-819822EB3373}.Release|x86.ActiveCfg = Release|x86
		{0F84A470-8C7F-4D48-A328-819822EB3373}.Release|x86.Build.0 = Release|x86
		{0F84A470-8C7F-4D48-A328-819822EB3373}.Release|x86.Deploy.0 = Release|x86
		{95DCBD12-1B92-4B45-A144-FC78B9CDC2DB}.Debug|Any CPU.ActiveCfg = Debug|x86
		{95DCBD12-1B92-4B45-A144-FC78B9CDC2DB}.Debug|ARM.ActiveCfg = Debug|ARM
		{95DCBD12-1B92-4B45-A144-FC78B9CDC2DB}.Debug|ARM.Build.0 = Debug|ARM
		{95DCBD12-1B92-4B45-A144-FC78B9CDC2DB}.Debug|ARM.Deploy.0 = Debug|ARM
		{95DCBD12-1B92-4B45-A144-FC78B9CDC2DB}.Debug|ARM64.ActiveCfg = Debug|ARM64
		{95DCBD12-1B92-4B45-A144-FC78B9CDC2DB}.Debug|ARM64.Build.0 = Debug|ARM64
		{95DCBD12-1B92-4B45-A144-FC78B9CDC2DB}.Debug|ARM64.Deploy.0 = Debug|ARM64
		{95DCBD12-1B92-4B45-A144-FC78B9CDC2DB}.Debug|x64.ActiveCfg = Debug|x64
		{95DCBD12-1B92-4B45-A144-FC78B9CDC2DB}.Debug|x64.Build.0 = Debug|x64
		{95DCBD12-1B92-4B45-A144-FC78B9CDC2DB}.Debug|x64.Deploy.0 = Debug|x64
		{95DCBD12-1B92-4B45-A144-FC78B9CDC2DB}.Debug|x86.ActiveCfg = Debug|x86
		{95DCBD12-1B92-4B45-A144-FC78B9CDC2DB}.Debug|x86.Build.0 = Debug|x86
		{95DCBD12-1B92-4B45-A144-FC78B9CDC2DB}.Debug|x86.Deploy.0 = Debug|x86
		{95DCBD12-1B92-4B45-A144-FC78B9CDC2DB}.Release|Any CPU.ActiveCfg = Release|x86
		{95DCBD12-1B92-4B45-A144-FC78B9CDC2DB}.Release|ARM.ActiveCfg = Release|ARM
		{95DCBD12-1B92-4B45-A144-FC78B9CDC2DB}.Release|ARM.Build.0 = Release|ARM
		{95DCBD12-1B92-4B45-A144-FC78B9CDC2DB}.Release|ARM.Deploy.0 = Release|ARM
		{95DCBD12-1B92-4B45-A144-FC78B9CDC2DB}.Release|ARM64.ActiveCfg = Release|ARM64
		{95DCBD12-1B92-4B45-A144-FC78B9CDC2DB}.Release|ARM64.Build.0 = Release|ARM64
		{95DCBD12-1B92-4B45-A144-FC78B9CDC2DB}.Release|ARM64.Deploy.0 = Release|ARM64
		{95DCBD12-1B92-4B45-A144-FC78B9CDC2DB}.Release|x64.ActiveCfg = Release|x64
		{95DCBD12-1B92-4B45-A144-FC78B9CDC2DB}.Release|x64.Build.0 = Release|x64
		{95DCBD12-1B92-4B45-A144-FC78B9CDC2DB}.Release|x64.Deploy.0 = Release|x64
		{95DCBD12-1B92-4B45-A144-FC78B9CDC2DB}.Release|x86.ActiveCfg = Release|x86
		{95DCBD12-1B92-4B45-A144-FC78B9CDC2DB}.Release|x86.Build.0 = Release|x86
		{95DCBD12-1B92-4B45-A144-FC78B9CDC2DB}.Release|x86.Deploy.0 = Release|x86
	EndGlobalSection
	GlobalSection(SolutionProperties) = preSolution
		HideSolutionNode = FALSE
	EndGlobalSection
	GlobalSection(NestedProjects) = preSolution
		{99EB66FC-797A-45FB-8932-DC1DFBEFDA9E} = {EE13D233-2238-409F-9A16-6EE185AE4688}
		{0F84A470-8C7F-4D48-A328-819822EB3373} = {BFE1321A-EBAC-43A0-BA09-4EEE122C9435}
		{95DCBD12-1B92-4B45-A144-FC78B9CDC2DB} = {2716352B-DE75-4358-9741-06B89473CDB6}
	EndGlobalSection
	GlobalSection(ExtensibilityGlobals) = postSolution
		SolutionGuid = {075C7FB3-3B0A-437F-85D3-E13D0C7A66A3}
	EndGlobalSection
EndGlobal
