<?xml version="1.0" encoding="utf-8"?>
<Project ToolsVersion="4.0" xmlns="http://schemas.microsoft.com/developer/msbuild/2003">
  <ItemGroup>
    <Filter Include="Source Files">
      <UniqueIdentifier>{4FC737F1-C7A5-4376-A066-2A32D752A2FF}</UniqueIdentifier>
      <Extensions>cpp;c;cc;cxx;c++;cppm;ixx;def;odl;idl;hpj;bat;asm;asmx</Extensions>
    </Filter>
    <Filter Include="Source Files\Sub directory">
      <UniqueIdentifier>{fdb722e3-bc11-4476-9ac6-f69afc2da06c}</UniqueIdentifier>
    </Filter>
  </ItemGroup>
  <ItemGroup>
    <None Include="MSBuild_01_PercentPropertyBackref.targets" />
    <None Include="MSBuild_02_ItemDefenitionGroup.targets" />
    <None Include="MSBuild_03_ExcludeFromCompile.targets" />
    <None Include="MSBuild_04_PublicIncludeDirectories.targets" />
    <None Include="MSBuild_05_RebuildAdminTasks.targets" />
    <None Include="MSBuild_06_DynamicImport.targets" />
    <None Include="MSBuild_07_Conditions.targets" />
    <None Include="MSBuild_08_Replace.targets" />
    <None Include="MSBuild_09_CaptureConfigurationFromPartialName.targets" />
    <None Include="MSBuild.props" />
    <None Include="MSBuild_10_TargetWithResults.targets" />
    <None Include="MSBuild_11_Download.targets" />
    <None Include="TestEncodePrivateAccessToken.ps1" />
  </ItemGroup>
  <ItemGroup>
    <ClCompile Include="main.cpp">
      <Filter>Source Files</Filter>
    </ClCompile>
    <ClCompile Include="MyClass.cpp">
      <Filter>Source Files</Filter>
    </ClCompile>
    <ClCompile Include="SubDir\SubClass.cpp">
      <Filter>Source Files\Sub directory</Filter>
    </ClCompile>
  </ItemGroup>
  <ItemGroup>
    <ClInclude Include="MyClass.h">
      <Filter>Source Files</Filter>
    </ClInclude>
    <ClInclude Include="SubDir\SubClass.h">
      <Filter>Source Files\Sub directory</Filter>
    </ClInclude>
  </ItemGroup>
</Project>