<?xml version="1.0" encoding="utf-8"?>
<Project ToolsVersion="4.0" xmlns="http://schemas.microsoft.com/developer/msbuild/2003">
  <ItemGroup>
    <Filter Include="Source Files">
      <UniqueIdentifier>{4FC737F1-C7A5-4376-A066-2A32D752A2FF}</UniqueIdentifier>
      <Extensions>cpp;c;cc;cxx;c++;cppm;ixx;def;odl;idl;hpj;bat;asm;asmx</Extensions>
    </Filter>
    <Filter Include="Source Files\Model">
      <UniqueIdentifier>{df63626b-7e12-49ce-a6e3-23607620ebcf}</UniqueIdentifier>
    </Filter>
  </ItemGroup>
  <ItemGroup>
    <ClCompile Include="main.cpp">
      <Filter>Source Files</Filter>
    </ClCompile>
  </ItemGroup>
  <ItemGroup>
    <ClInclude Include="Model\Activators.h">
      <Filter>Source Files\Model</Filter>
    </ClInclude>
    <ClInclude Include="Model\Neuron.h">
      <Filter>Source Files\Model</Filter>
    </ClInclude>
    <ClInclude Include="Model\Preceptron.h">
      <Filter>Source Files\Model</Filter>
    </ClInclude>
  </ItemGroup>
</Project>