<?xml version="1.0" encoding="utf-8"?>
<Project ToolsVersion="4.0" xmlns="http://schemas.microsoft.com/developer/msbuild/2003">
  <ItemGroup>
    <Filter Include="Sources">
      <UniqueIdentifier>{a461fe40-aa38-4a0f-b9ba-c5aab5cca570}</UniqueIdentifier>
    </Filter>
  </ItemGroup>
  <ItemGroup>
    <ClCompile Include="ClassFromDynamicLib.cpp">
      <Filter>Sources</Filter>
    </ClCompile>
  </ItemGroup>
  <ItemGroup>
    <ClInclude Include="ClassFromDynamicLib.h">
      <Filter>Sources</Filter>
    </ClInclude>
    <ClInclude Include="ImportExport.h">
      <Filter>Sources</Filter>
    </ClInclude>
  </ItemGroup>
</Project>