<?xml version="1.0" encoding="utf-8"?>
<Project ToolsVersion="15.0" xmlns="http://schemas.microsoft.com/developer/msbuild/2003">
  <ItemGroup>
    <ClCompile Include="pch.cpp">
      <Filter>Sources</Filter>
    </ClCompile>
    <ClCompile Include="Player.cpp">
      <Filter>Sources</Filter>
    </ClCompile>
    <ClCompile Include="TimeUtils.cpp">
      <Filter>Sources</Filter>
    </ClCompile>
    <ClCompile Include="Audio\AudioClientFactory.cpp">
      <Filter>Sources\Audio</Filter>
    </ClCompile>
    <ClCompile Include="Audio\AudioInterfaceActivator.cpp">
      <Filter>Sources\Audio</Filter>
    </ClCompile>
    <ClCompile Include="VideoSceneRenderer.cpp">
      <Filter>Sources</Filter>
    </ClCompile>
  </ItemGroup>
  <ItemGroup>
    <ClInclude Include="pch.h">
      <Filter>Sources</Filter>
    </ClInclude>
    <ClInclude Include="Player.h">
      <Filter>Sources</Filter>
    </ClInclude>
    <ClInclude Include="TimeUtils.h">
      <Filter>Sources</Filter>
    </ClInclude>
    <ClInclude Include="Audio\AudioClientFactory.h">
      <Filter>Sources\Audio</Filter>
    </ClInclude>
    <ClInclude Include="Audio\AudioInterfaceActivator.h">
      <Filter>Sources\Audio</Filter>
    </ClInclude>
    <ClInclude Include="VideoSceneRenderer.h">
      <Filter>Sources</Filter>
    </ClInclude>
  </ItemGroup>
  <ItemGroup>
    <Filter Include="Sources">
      <UniqueIdentifier>{b9aa8900-0d7b-4105-b526-80874f5a36aa}</UniqueIdentifier>
    </Filter>
    <Filter Include="Sources\Audio">
      <UniqueIdentifier>{e1c79e4e-b289-4b1b-91ac-e26853983af5}</UniqueIdentifier>
    </Filter>
  </ItemGroup>
  <ItemGroup>
    <FxCompile Include="SamplePixelShader.hlsl">
      <Filter>Sources</Filter>
    </FxCompile>
    <FxCompile Include="SampleVertexShader.hlsl">
      <Filter>Sources</Filter>
    </FxCompile>
  </ItemGroup>
</Project>