<?xml version="1.0" encoding="utf-8"?>
<Project ToolsVersion="4.0" xmlns="http://schemas.microsoft.com/developer/msbuild/2003">
  <ItemGroup>
    <Filter Include="Source Files">
      <UniqueIdentifier>{4FC737F1-C7A5-4376-A066-2A32D752A2FF}</UniqueIdentifier>
      <Extensions>cpp;c;cc;cxx;c++;cppm;ixx;def;odl;idl;hpj;bat;asm;asmx</Extensions>
    </Filter>
    <Filter Include="Header Files">
      <UniqueIdentifier>{93995380-89BD-4b04-88EB-625FBE52EBFB}</UniqueIdentifier>
      <Extensions>h;hh;hpp;hxx;h++;hm;inl;inc;ipp;xsd</Extensions>
    </Filter>
    <Filter Include="Source Files\[1] Create process console">
      <UniqueIdentifier>{b444178d-39d5-4395-8f53-767c1ed000d1}</UniqueIdentifier>
    </Filter>
    <Filter Include="Source Files\[4] QUIC context token">
      <UniqueIdentifier>{c5a136de-054d-4c19-9033-86fab0ce2853}</UniqueIdentifier>
    </Filter>
    <Filter Include="Source Files\[2] Static initialization fiasco">
      <UniqueIdentifier>{2d028d6d-0577-49e8-96a1-e68bcd219647}</UniqueIdentifier>
    </Filter>
    <Filter Include="Source Files\[3] Test Helpers">
      <UniqueIdentifier>{2026a733-39ce-4290-b359-e0940c4778e5}</UniqueIdentifier>
    </Filter>
    <Filter Include="Source Files\[5] Dtor callback finish">
      <UniqueIdentifier>{e0de6530-d628-4799-a014-93484c895930}</UniqueIdentifier>
    </Filter>
    <Filter Include="Source Files\[6] Future wrapper">
      <UniqueIdentifier>{26d22de7-4e3f-40b3-a213-832fc01a2064}</UniqueIdentifier>
    </Filter>
    <Filter Include="Source Files\[7] Print Variants">
      <UniqueIdentifier>{6e1a7fca-e4e2-481a-b824-344427823559}</UniqueIdentifier>
    </Filter>
    <Filter Include="Source Files\[8] Token singleton">
      <UniqueIdentifier>{486b08d5-c8a7-454e-97b2-4eab786ed8a0}</UniqueIdentifier>
    </Filter>
  </ItemGroup>
  <ItemGroup>
    <ClCompile Include="main.cpp">
      <Filter>Source Files</Filter>
    </ClCompile>
    <ClCompile Include="main_1_constexpr_string.cpp">
      <Filter>Source Files</Filter>
    </ClCompile>
    <ClCompile Include="main_2_constexpr_static_assert.cpp">
      <Filter>Source Files</Filter>
    </ClCompile>
    <ClCompile Include="main_3_template_Vargs_to_array.cpp">
      <Filter>Source Files</Filter>
    </ClCompile>
    <ClCompile Include="main_4_tuple_to_multiple_args.cpp">
      <Filter>Source Files</Filter>
    </ClCompile>
    <ClCompile Include="main_5_format_string_cx17.cpp">
      <Filter>Source Files</Filter>
    </ClCompile>
    <ClCompile Include="main_6_command_parser.cpp">
      <Filter>Source Files</Filter>
    </ClCompile>
    <ClCompile Include="main_7_regex_replace_group.cpp">
      <Filter>Source Files</Filter>
    </ClCompile>
    <ClCompile Include="main_8_test_uPtr_Dtor_thread_join_sideeffect.cpp">
      <Filter>Source Files</Filter>
    </ClCompile>
    <ClCompile Include="main_9_string_to_hex_conversion.cpp">
      <Filter>Source Files</Filter>
    </ClCompile>
    <ClCompile Include="main_10_breakpoint_in_macros.cpp">
      <Filter>Source Files</Filter>
    </ClCompile>
    <ClCompile Include="main_11_enum_to_string.cpp">
      <Filter>Source Files</Filter>
    </ClCompile>
    <ClCompile Include="main_12_0_is_empty_variant.cpp">
      <Filter>Source Files</Filter>
    </ClCompile>
    <ClCompile Include="main_13_map_class_members.cpp">
      <Filter>Source Files</Filter>
    </ClCompile>
    <ClCompile Include="main_14_extract_template_params.cpp">
      <Filter>Source Files</Filter>
    </ClCompile>
    <ClCompile Include="main_16_GUID_to_string_conversion.cpp">
      <Filter>Source Files</Filter>
    </ClCompile>
    <ClCompile Include="main_17_singleton_destructor.cpp">
      <Filter>Source Files</Filter>
    </ClCompile>
    <ClCompile Include="main_18_detect_windows_11.cpp">
      <Filter>Source Files</Filter>
    </ClCompile>
    <ClCompile Include="main_19_scoped_lock.cpp">
      <Filter>Source Files</Filter>
    </ClCompile>
    <ClCompile Include="main_21_reinterpret_cast_to_array_of_structs.cpp">
      <Filter>Source Files</Filter>
    </ClCompile>
    <ClCompile Include="main_22_async_thread_catch_exception.cpp">
      <Filter>Source Files</Filter>
    </ClCompile>
    <ClCompile Include="main_23_regex_search.cpp">
      <Filter>Source Files</Filter>
    </ClCompile>
    <ClCompile Include="main_24_future.cpp">
      <Filter>Source Files</Filter>
    </ClCompile>
    <ClCompile Include="main_25_try_lock.cpp">
      <Filter>Source Files</Filter>
    </ClCompile>
    <ClCompile Include="main_26_weak_ptr.cpp">
      <Filter>Source Files</Filter>
    </ClCompile>
    <ClCompile Include="main_15_0_check_if_raw_ptr_is_invalid.cpp">
      <Filter>Source Files</Filter>
    </ClCompile>
    <ClCompile Include="main_15_1_check_if_context_was_deleted.cpp">
      <Filter>Source Files</Filter>
    </ClCompile>
    <ClCompile Include="main_27_function_traits.cpp">
      <Filter>Source Files</Filter>
    </ClCompile>
    <ClCompile Include="main_28_ConcurrentQueue.cpp">
      <Filter>Source Files</Filter>
    </ClCompile>
    <ClCompile Include="main_29_Token.cpp">
      <Filter>Source Files</Filter>
    </ClCompile>
    <ClCompile Include="main_12_1_get_variant_item.cpp">
      <Filter>Source Files</Filter>
    </ClCompile>
    <ClCompile Include="main_31_FunctionMt.cpp">
      <Filter>Source Files</Filter>
    </ClCompile>
    <ClCompile Include="main_30_wait_Dtor_callback_finish.cpp">
      <Filter>Source Files</Filter>
    </ClCompile>
    <ClCompile Include="[1] Create process console\main_1.cpp">
      <Filter>Source Files\[1] Create process console</Filter>
    </ClCompile>
    <ClCompile Include="[1] Create process console\main_2.cpp">
      <Filter>Source Files\[1] Create process console</Filter>
    </ClCompile>
    <ClCompile Include="[2] Static initialization fiasco\fileB.cpp">
      <Filter>Source Files\[2] Static initialization fiasco</Filter>
    </ClCompile>
    <ClCompile Include="[2] Static initialization fiasco\SettingsKeeper.cpp">
      <Filter>Source Files\[2] Static initialization fiasco</Filter>
    </ClCompile>
    <ClCompile Include="[2] Static initialization fiasco\WAppConstants.cpp">
      <Filter>Source Files\[2] Static initialization fiasco</Filter>
    </ClCompile>
    <ClCompile Include="[3] Test Helpers\test_1_Timer_token.cpp">
      <Filter>Source Files\[3] Test Helpers</Filter>
    </ClCompile>
    <ClCompile Include="[4] QUIC context token\main_QUICClient.cpp">
      <Filter>Source Files\[4] QUIC context token</Filter>
    </ClCompile>
    <ClCompile Include="[5] Dtor callback finish\main_Dtor_callback_finish.cpp">
      <Filter>Source Files\[5] Dtor callback finish</Filter>
    </ClCompile>
    <ClCompile Include="main_32_future_exception_move_Ctor.cpp">
      <Filter>Source Files</Filter>
    </ClCompile>
    <ClCompile Include="main_34_BIOS_uniq_id.cpp">
      <Filter>Source Files</Filter>
    </ClCompile>
    <ClCompile Include="main_33_span.cpp">
      <Filter>Source Files</Filter>
    </ClCompile>
    <ClCompile Include="main_35_enum_raflection.cpp">
      <Filter>Source Files</Filter>
    </ClCompile>
    <ClCompile Include="main_36_ThreadFinishHelper.cpp">
      <Filter>Source Files</Filter>
    </ClCompile>
    <ClCompile Include="[6] Future wrapper\FutureWrapper.cpp">
      <Filter>Source Files\[6] Future wrapper</Filter>
    </ClCompile>
    <ClCompile Include="[6] Future wrapper\main_FutureWrapper.cpp">
      <Filter>Source Files\[6] Future wrapper</Filter>
    </ClCompile>
    <ClCompile Include="[7] Print Variants\main_37_Printer.cpp">
      <Filter>Source Files\[7] Print Variants</Filter>
    </ClCompile>
    <ClCompile Include="[7] Print Variants\main_37_PrintVariants.cpp">
      <Filter>Source Files\[7] Print Variants</Filter>
    </ClCompile>
    <ClCompile Include="main_38_ppl_tasks.cpp">
      <Filter>Source Files</Filter>
    </ClCompile>
    <ClCompile Include="main_39_max_element_by_common_field.cpp">
      <Filter>Source Files</Filter>
    </ClCompile>
    <ClCompile Include="main_40_filesystem.cpp">
      <Filter>Source Files</Filter>
    </ClCompile>
    <ClCompile Include="main_41_remove_const_from_struct_members.cpp">
      <Filter>Source Files</Filter>
    </ClCompile>
    <ClCompile Include="[8] Token singleton\main_42_fileC.cpp">
      <Filter>Source Files\[8] Token singleton</Filter>
    </ClCompile>
    <ClCompile Include="[8] Token singleton\main_42_fileB.cpp">
      <Filter>Source Files\[8] Token singleton</Filter>
    </ClCompile>
    <ClCompile Include="[8] Token singleton\main_42_TokenSingleton.cpp">
      <Filter>Source Files\[8] Token singleton</Filter>
    </ClCompile>
    <ClCompile Include="[8] Token singleton\main_42_main.cpp">
      <Filter>Source Files\[8] Token singleton</Filter>
    </ClCompile>
    <ClCompile Include="main_43_Find_Integrated_Adapter.cpp">
      <Filter>Source Files</Filter>
    </ClCompile>
    <ClCompile Include="main_44_Context_token.cpp">
      <Filter>Source Files</Filter>
    </ClCompile>
  </ItemGroup>
  <ItemGroup>
    <ClInclude Include="main_11_enum_to_string.h">
      <Filter>Header Files</Filter>
    </ClInclude>
    <ClInclude Include="[2] Static initialization fiasco\fileB.h">
      <Filter>Source Files\[2] Static initialization fiasco</Filter>
    </ClInclude>
    <ClInclude Include="[2] Static initialization fiasco\SettingsKeeper.h">
      <Filter>Source Files\[2] Static initialization fiasco</Filter>
    </ClInclude>
    <ClInclude Include="[2] Static initialization fiasco\StaticConstructor.h">
      <Filter>Source Files\[2] Static initialization fiasco</Filter>
    </ClInclude>
    <ClInclude Include="[2] Static initialization fiasco\WAppConstants.h">
      <Filter>Source Files\[2] Static initialization fiasco</Filter>
    </ClInclude>
    <ClInclude Include="[4] QUIC context token\MsQuic.h">
      <Filter>Source Files\[4] QUIC context token</Filter>
    </ClInclude>
    <ClInclude Include="[5] Dtor callback finish\ServerCallbacks.h">
      <Filter>Source Files\[5] Dtor callback finish</Filter>
    </ClInclude>
    <ClInclude Include="[5] Dtor callback finish\FunctionMt.h">
      <Filter>Source Files\[5] Dtor callback finish</Filter>
    </ClInclude>
    <ClInclude Include="main_36_ThreadFinishHelper.h">
      <Filter>Header Files</Filter>
    </ClInclude>
    <ClInclude Include="[6] Future wrapper\FutureWrapper.h">
      <Filter>Source Files\[6] Future wrapper</Filter>
    </ClInclude>
    <ClInclude Include="[7] Print Variants\main_37_Printer.h">
      <Filter>Source Files\[7] Print Variants</Filter>
    </ClInclude>
    <ClInclude Include="[8] Token singleton\main_42_fileC.h">
      <Filter>Source Files\[8] Token singleton</Filter>
    </ClInclude>
    <ClInclude Include="[8] Token singleton\main_42_fileB.h">
      <Filter>Source Files\[8] Token singleton</Filter>
    </ClInclude>
    <ClInclude Include="[8] Token singleton\main_42_TokenSingleton.h">
      <Filter>Source Files\[8] Token singleton</Filter>
    </ClInclude>
  </ItemGroup>
</Project>