<?xml version="1.0" encoding="utf-8"?>
<Project ToolsVersion="15.0" xmlns="http://schemas.microsoft.com/developer/msbuild/2003">
  <ItemGroup>
    <Filter Include="Source files">
      <UniqueIdentifier>{c2eef3c3-077e-476e-910f-4346e5dd564c}</UniqueIdentifier>
    </Filter>
  </ItemGroup>
  <ItemGroup>
    <ClCompile Include="Helpers.cpp" />
    <ClCompile Include="HTime.cpp" />
    <ClCompile Include="Helpers.cpp">
      <Filter>Source files</Filter>
    </ClCompile>
  </ItemGroup>
  <ItemGroup>
    <ClInclude Include="Helpers.h" />
    <ClInclude Include="HTime.h" />
    <ClInclude Include="Helpers.h">
      <Filter>Source files</Filter>
    </ClInclude>
    <ClInclude Include="Singleton.h">
      <Filter>Source files</Filter>
    </ClInclude>
  </ItemGroup>
</Project>